// !$*UTF8*$!
{
	archiveVersion = 1;
	classes = {
	};
	objectVersion = 55;
	objects = {

/* Begin PBXBuildFile section */
		F0004FA42883252F00AA02A9 /* Localizable.strings in Resources */ = {isa = PBXBuildFile; fileRef = F0004FA02883252F00AA02A9 /* Localizable.strings */; };
		F0004FA52883252F00AA02A9 /* Texts.swift in Sources */ = {isa = PBXBuildFile; fileRef = F0004FA32883252F00AA02A9 /* Texts.swift */; };
		F0004FA92883253300AA02A9 /* Assets.xcassets in Resources */ = {isa = PBXBuildFile; fileRef = F0004FA72883253300AA02A9 /* Assets.xcassets */; };
		F0004FAA2883253300AA02A9 /* Images.swift in Sources */ = {isa = PBXBuildFile; fileRef = F0004FA82883253300AA02A9 /* Images.swift */; };
		F0004FAC2883535000AA02A9 /* HomeAssembly.swift in Sources */ = {isa = PBXBuildFile; fileRef = F0004FAB2883535000AA02A9 /* HomeAssembly.swift */; };
		F0004FAE2883538000AA02A9 /* HomePresenter.swift in Sources */ = {isa = PBXBuildFile; fileRef = F0004FAD2883538000AA02A9 /* HomePresenter.swift */; };
		F0004FB0288353C200AA02A9 /* HomeRouter.swift in Sources */ = {isa = PBXBuildFile; fileRef = F0004FAF288353C200AA02A9 /* HomeRouter.swift */; };
		F0004FB2288354C600AA02A9 /* SettingsPresenter.swift in Sources */ = {isa = PBXBuildFile; fileRef = F0004FB1288354C600AA02A9 /* SettingsPresenter.swift */; };
		F0004FB42883556200AA02A9 /* SettingsAssembly.swift in Sources */ = {isa = PBXBuildFile; fileRef = F0004FB32883556200AA02A9 /* SettingsAssembly.swift */; };
		F0004FB62883556B00AA02A9 /* SettingsRouter.swift in Sources */ = {isa = PBXBuildFile; fileRef = F0004FB52883556B00AA02A9 /* SettingsRouter.swift */; };
		F004A26F2883FB1200D03CB8 /* UIAlertController.swift in Sources */ = {isa = PBXBuildFile; fileRef = F004A26E2883FB1200D03CB8 /* UIAlertController.swift */; };
		F004A28D2884010800D03CB8 /* HistoryPresenter.swift in Sources */ = {isa = PBXBuildFile; fileRef = F004A2892884010800D03CB8 /* HistoryPresenter.swift */; };
		F004A28E2884010800D03CB8 /* HistoryRouter.swift in Sources */ = {isa = PBXBuildFile; fileRef = F004A28A2884010800D03CB8 /* HistoryRouter.swift */; };
		F004A2902884010800D03CB8 /* HistoryAssembly.swift in Sources */ = {isa = PBXBuildFile; fileRef = F004A28C2884010800D03CB8 /* HistoryAssembly.swift */; };
		F004A2942884014100D03CB8 /* AnalyticsPresenter.swift in Sources */ = {isa = PBXBuildFile; fileRef = F004A2912884014100D03CB8 /* AnalyticsPresenter.swift */; };
		F004A2952884014100D03CB8 /* AnalyticsRouter.swift in Sources */ = {isa = PBXBuildFile; fileRef = F004A2922884014100D03CB8 /* AnalyticsRouter.swift */; };
		F004A2962884014100D03CB8 /* AnalyticsAssembly.swift in Sources */ = {isa = PBXBuildFile; fileRef = F004A2932884014100D03CB8 /* AnalyticsAssembly.swift */; };
		F004A29A2884062500D03CB8 /* AddTransactionPresenter.swift in Sources */ = {isa = PBXBuildFile; fileRef = F004A2972884062500D03CB8 /* AddTransactionPresenter.swift */; };
		F004A29B2884062500D03CB8 /* AddTransactionRouter.swift in Sources */ = {isa = PBXBuildFile; fileRef = F004A2982884062500D03CB8 /* AddTransactionRouter.swift */; };
		F004A29C2884062500D03CB8 /* AddTransactionAssembly.swift in Sources */ = {isa = PBXBuildFile; fileRef = F004A2992884062500D03CB8 /* AddTransactionAssembly.swift */; };
		F004E92C287EDA8900ACADEE /* HomeCollectionViewHeader.swift in Sources */ = {isa = PBXBuildFile; fileRef = F004E92B287EDA8900ACADEE /* HomeCollectionViewHeader.swift */; };
		F004E92E287EF22000ACADEE /* HomeCollectionViewFooter.swift in Sources */ = {isa = PBXBuildFile; fileRef = F004E92D287EF22000ACADEE /* HomeCollectionViewFooter.swift */; };
		F004E930287F224800ACADEE /* NotificationName.swift in Sources */ = {isa = PBXBuildFile; fileRef = F004E92F287F224800ACADEE /* NotificationName.swift */; };
		F007E563286B7DC50073C74D /* Budget+CoreDataClass.swift in Sources */ = {isa = PBXBuildFile; fileRef = F007E559286B7DC40073C74D /* Budget+CoreDataClass.swift */; };
		F007E564286B7DC50073C74D /* Budget+CoreDataProperties.swift in Sources */ = {isa = PBXBuildFile; fileRef = F007E55A286B7DC40073C74D /* Budget+CoreDataProperties.swift */; };
		F007E565286B7DC50073C74D /* Goal+CoreDataClass.swift in Sources */ = {isa = PBXBuildFile; fileRef = F007E55B286B7DC40073C74D /* Goal+CoreDataClass.swift */; };
		F007E566286B7DC50073C74D /* Goal+CoreDataProperties.swift in Sources */ = {isa = PBXBuildFile; fileRef = F007E55C286B7DC40073C74D /* Goal+CoreDataProperties.swift */; };
		F007E567286B7DC50073C74D /* Transaction+CoreDataClass.swift in Sources */ = {isa = PBXBuildFile; fileRef = F007E55D286B7DC40073C74D /* Transaction+CoreDataClass.swift */; };
		F007E568286B7DC50073C74D /* Transaction+CoreDataProperties.swift in Sources */ = {isa = PBXBuildFile; fileRef = F007E55E286B7DC50073C74D /* Transaction+CoreDataProperties.swift */; };
		F007E569286B7DC50073C74D /* Category+CoreDataClass.swift in Sources */ = {isa = PBXBuildFile; fileRef = F007E55F286B7DC50073C74D /* Category+CoreDataClass.swift */; };
		F007E56A286B7DC50073C74D /* Category+CoreDataProperties.swift in Sources */ = {isa = PBXBuildFile; fileRef = F007E560286B7DC50073C74D /* Category+CoreDataProperties.swift */; };
		F007E572286B80010073C74D /* CategoryInfo.swift in Sources */ = {isa = PBXBuildFile; fileRef = F007E571286B80000073C74D /* CategoryInfo.swift */; };
		F00FD41828893EEC00889819 /* TransactionSection.swift in Sources */ = {isa = PBXBuildFile; fileRef = F00FD41728893EEC00889819 /* TransactionSection.swift */; };
		F010E9C32871972000AFD1D0 /* TitleLabel.swift in Sources */ = {isa = PBXBuildFile; fileRef = F010E9C22871972000AFD1D0 /* TitleLabel.swift */; };
		F01510BF2872E7AC00B858BC /* SettingsViewController.swift in Sources */ = {isa = PBXBuildFile; fileRef = F01510BE2872E7AC00B858BC /* SettingsViewController.swift */; };
		F01510C12872E87E00B858BC /* ProfileTableViewCell.swift in Sources */ = {isa = PBXBuildFile; fileRef = F01510C02872E87E00B858BC /* ProfileTableViewCell.swift */; };
		F0205C5A287C2A4300104E2F /* AddTransactionViewController.swift in Sources */ = {isa = PBXBuildFile; fileRef = F0205C59287C2A4300104E2F /* AddTransactionViewController.swift */; };
		F02114192880733B00ACE1D7 /* UISegmentedControl.swift in Sources */ = {isa = PBXBuildFile; fileRef = F02114182880733B00ACE1D7 /* UISegmentedControl.swift */; };
		F02C1A482894305700BA359A /* EmptySection.swift in Sources */ = {isa = PBXBuildFile; fileRef = F02C1A472894305700BA359A /* EmptySection.swift */; };
		F02C1A4A2894307800BA359A /* EmptyCollectionViewCell.swift in Sources */ = {isa = PBXBuildFile; fileRef = F02C1A492894307800BA359A /* EmptyCollectionViewCell.swift */; };
		F02C1A4C2894309000BA359A /* ProgressSection.swift in Sources */ = {isa = PBXBuildFile; fileRef = F02C1A4B2894309000BA359A /* ProgressSection.swift */; };
		F02C1A4E289430A700BA359A /* ProgressCollectionViewCell.swift in Sources */ = {isa = PBXBuildFile; fileRef = F02C1A4D289430A700BA359A /* ProgressCollectionViewCell.swift */; };
		F02C1A512894312E00BA359A /* MoreSection.swift in Sources */ = {isa = PBXBuildFile; fileRef = F02C1A502894312E00BA359A /* MoreSection.swift */; };
		F02C1A532894314100BA359A /* MoreCollectionViewCell.swift.swift in Sources */ = {isa = PBXBuildFile; fileRef = F02C1A522894314100BA359A /* MoreCollectionViewCell.swift.swift */; };
		F042C2AE2866EC330002208F /* CoreDataManager.swift in Sources */ = {isa = PBXBuildFile; fileRef = F042C2AD2866EC330002208F /* CoreDataManager.swift */; };
		F042C2BB2866EFAD0002208F /* AppCoordinator.swift in Sources */ = {isa = PBXBuildFile; fileRef = F042C2BA2866EFAD0002208F /* AppCoordinator.swift */; };
		F042C2BD2866F0AA0002208F /* HistoryViewController.swift in Sources */ = {isa = PBXBuildFile; fileRef = F042C2BC2866F0AA0002208F /* HistoryViewController.swift */; };
		F042C2BF2866F0CC0002208F /* AnalyticsViewController.swift in Sources */ = {isa = PBXBuildFile; fileRef = F042C2BE2866F0CC0002208F /* AnalyticsViewController.swift */; };
		F0477390288FEF1A00CD9A12 /* UIColor.swift in Sources */ = {isa = PBXBuildFile; fileRef = F047738B288FEF1A00CD9A12 /* UIColor.swift */; };
		F0477391288FEF1B00CD9A12 /* BulletView.swift in Sources */ = {isa = PBXBuildFile; fileRef = F047738C288FEF1A00CD9A12 /* BulletView.swift */; };
		F0477392288FEF1B00CD9A12 /* Section.swift in Sources */ = {isa = PBXBuildFile; fileRef = F047738D288FEF1A00CD9A12 /* Section.swift */; };
		F0477393288FEF1B00CD9A12 /* CircularProgressView.swift in Sources */ = {isa = PBXBuildFile; fileRef = F047738E288FEF1A00CD9A12 /* CircularProgressView.swift */; };
		F0477394288FEF1B00CD9A12 /* UIView.swift in Sources */ = {isa = PBXBuildFile; fileRef = F047738F288FEF1A00CD9A12 /* UIView.swift */; };
		F057E9E6286788D40083C003 /* TransactionInfo.swift in Sources */ = {isa = PBXBuildFile; fileRef = F057E9E5286788D40083C003 /* TransactionInfo.swift */; };
		F057E9E82867890E0083C003 /* Period.swift in Sources */ = {isa = PBXBuildFile; fileRef = F057E9E72867890E0083C003 /* Period.swift */; };
		F057E9EA28678B180083C003 /* AccountInfo.swift in Sources */ = {isa = PBXBuildFile; fileRef = F057E9E928678B180083C003 /* AccountInfo.swift */; };
		F057E9EC28678B4E0083C003 /* GoalInfo.swift in Sources */ = {isa = PBXBuildFile; fileRef = F057E9EB28678B4E0083C003 /* GoalInfo.swift */; };
		F057E9EE28678B680083C003 /* BudgetInfo.swift in Sources */ = {isa = PBXBuildFile; fileRef = F057E9ED28678B680083C003 /* BudgetInfo.swift */; };
		F05CAD71289304D2002AABD5 /* SceneDelegate.swift in Sources */ = {isa = PBXBuildFile; fileRef = F05CAD70289304D2002AABD5 /* SceneDelegate.swift */; };
		F060110F28928308008774AB /* EmojiPicker in Frameworks */ = {isa = PBXBuildFile; productRef = F060110E28928308008774AB /* EmojiPicker */; };
		F06080F5286EDD3900782D99 /* Date.swift in Sources */ = {isa = PBXBuildFile; fileRef = F06080F4286EDD3900782D99 /* Date.swift */; };
		F0612D58286C67F2009B641A /* HistoryTableViewHeader.swift in Sources */ = {isa = PBXBuildFile; fileRef = F0612D57286C67F2009B641A /* HistoryTableViewHeader.swift */; };
		F0612D5A286C691C009B641A /* HistoryTableViewCell.swift in Sources */ = {isa = PBXBuildFile; fileRef = F0612D59286C691C009B641A /* HistoryTableViewCell.swift */; };
		F065E2402889E25300D34D10 /* NSExpression.swift in Sources */ = {isa = PBXBuildFile; fileRef = F065E23F2889E25200D34D10 /* NSExpression.swift */; };
		F066A77E2888069B00C2F1F4 /* TransactionCollectionViewCell.swift in Sources */ = {isa = PBXBuildFile; fileRef = F066A77D2888069B00C2F1F4 /* TransactionCollectionViewCell.swift */; };
		F07286532876C8B200B93224 /* ChartsCollectionViewCell.swift in Sources */ = {isa = PBXBuildFile; fileRef = F07286522876C8B200B93224 /* ChartsCollectionViewCell.swift */; };
		F073DAE0287C930D00907507 /* Tagged.swift in Sources */ = {isa = PBXBuildFile; fileRef = F073DADF287C930D00907507 /* Tagged.swift */; };
		F07C251A2870E3310000021E /* SettingsTableViewCell.swift in Sources */ = {isa = PBXBuildFile; fileRef = F07C25192870E3310000021E /* SettingsTableViewCell.swift */; };
		F09259A32854F9A900C23B1B /* ExpenseTests.swift in Sources */ = {isa = PBXBuildFile; fileRef = F09259A22854F9A900C23B1B /* ExpenseTests.swift */; };
		F09259B02854F9B400C23B1B /* ExpenseUITests.swift in Sources */ = {isa = PBXBuildFile; fileRef = F09259AF2854F9B400C23B1B /* ExpenseUITests.swift */; };
		F09259B22854F9B400C23B1B /* ExpenseUITestsLaunchTests.swift in Sources */ = {isa = PBXBuildFile; fileRef = F09259B12854F9B400C23B1B /* ExpenseUITestsLaunchTests.swift */; };
		F09586DB28954956003474DD /* UserDefaults.swift in Sources */ = {isa = PBXBuildFile; fileRef = F09586DA28954956003474DD /* UserDefaults.swift */; };
		F09586DD289549F8003474DD /* UserDefault.swift in Sources */ = {isa = PBXBuildFile; fileRef = F09586DC289549F8003474DD /* UserDefault.swift */; };
		F09586DF28954B79003474DD /* Optional.swift in Sources */ = {isa = PBXBuildFile; fileRef = F09586DE28954B79003474DD /* Optional.swift */; };
		F0A4964F288499AF00B8D465 /* CreateAccountPresenter.swift in Sources */ = {isa = PBXBuildFile; fileRef = F0A4964B288499AE00B8D465 /* CreateAccountPresenter.swift */; };
		F0A49650288499AF00B8D465 /* CreateAccountRouter.swift in Sources */ = {isa = PBXBuildFile; fileRef = F0A4964C288499AE00B8D465 /* CreateAccountRouter.swift */; };
		F0A49651288499AF00B8D465 /* CreateAccountViewController.swift in Sources */ = {isa = PBXBuildFile; fileRef = F0A4964D288499AE00B8D465 /* CreateAccountViewController.swift */; };
		F0A49652288499AF00B8D465 /* CreateAccountAssembly.swift in Sources */ = {isa = PBXBuildFile; fileRef = F0A4964E288499AE00B8D465 /* CreateAccountAssembly.swift */; };
		F0A4965F288499EA00B8D465 /* TransactionDetailsPresenter.swift in Sources */ = {isa = PBXBuildFile; fileRef = F0A4965B288499EA00B8D465 /* TransactionDetailsPresenter.swift */; };
		F0A49660288499EA00B8D465 /* TransactionDetailsRouter.swift in Sources */ = {isa = PBXBuildFile; fileRef = F0A4965C288499EA00B8D465 /* TransactionDetailsRouter.swift */; };
		F0A49661288499EA00B8D465 /* TransactionDetailsViewController.swift in Sources */ = {isa = PBXBuildFile; fileRef = F0A4965D288499EA00B8D465 /* TransactionDetailsViewController.swift */; };
		F0A49662288499EA00B8D465 /* TransactionDetailsAssembly.swift in Sources */ = {isa = PBXBuildFile; fileRef = F0A4965E288499EA00B8D465 /* TransactionDetailsAssembly.swift */; };
		F0A9D64327D2AD3E00E63CD2 /* AppDelegate.swift in Sources */ = {isa = PBXBuildFile; fileRef = F0A9D64227D2AD3E00E63CD2 /* AppDelegate.swift */; };
		F0A9D64D27D2AD3E00E63CD2 /* Expense.xcdatamodeld in Sources */ = {isa = PBXBuildFile; fileRef = F0A9D64B27D2AD3E00E63CD2 /* Expense.xcdatamodeld */; };
		F0A9D65227D2AD4200E63CD2 /* LaunchScreen.storyboard in Resources */ = {isa = PBXBuildFile; fileRef = F0A9D65027D2AD4100E63CD2 /* LaunchScreen.storyboard */; };
		F0B270EE287D72BB00AC6DAE /* AccountCollectionViewCell.swift in Sources */ = {isa = PBXBuildFile; fileRef = F0B270ED287D72BB00AC6DAE /* AccountCollectionViewCell.swift */; };
		F0B270F0287D780300AC6DAE /* SubtitleLabel.swift in Sources */ = {isa = PBXBuildFile; fileRef = F0B270EF287D780300AC6DAE /* SubtitleLabel.swift */; };
		F0B6ABF2286FB07E00CB88C1 /* UIButton.swift in Sources */ = {isa = PBXBuildFile; fileRef = F0B6ABF1286FB07E00CB88C1 /* UIButton.swift */; };
		F0C819352885E32100434900 /* Double.swift in Sources */ = {isa = PBXBuildFile; fileRef = F0C819342885E32000434900 /* Double.swift */; };
		F0C819382885F2FB00434900 /* Account+CoreDataClass.swift in Sources */ = {isa = PBXBuildFile; fileRef = F0C819362885F2FB00434900 /* Account+CoreDataClass.swift */; };
		F0C819392885F2FB00434900 /* Account+CoreDataProperties.swift in Sources */ = {isa = PBXBuildFile; fileRef = F0C819372885F2FB00434900 /* Account+CoreDataProperties.swift */; };
		F0E35A03287E02350070B3EF /* AccountSection.swift in Sources */ = {isa = PBXBuildFile; fileRef = F0E35A02287E02350070B3EF /* AccountSection.swift */; };
		F0E35A16287E29EC0070B3EF /* Currency.swift in Sources */ = {isa = PBXBuildFile; fileRef = F0E35A15287E29EC0070B3EF /* Currency.swift */; };
		F0E89CC1285F11A800036575 /* HomeViewController.swift in Sources */ = {isa = PBXBuildFile; fileRef = F0E89CC0285F11A800036575 /* HomeViewController.swift */; };
		F0F16EBC2889AB4400D530DA /* NSAttributedString.swift in Sources */ = {isa = PBXBuildFile; fileRef = F0F16EBB2889AB4400D530DA /* NSAttributedString.swift */; };
		F0F16EC12889B67F00D530DA /* OnboardingPresenter.swift in Sources */ = {isa = PBXBuildFile; fileRef = F0F16EBD2889B67F00D530DA /* OnboardingPresenter.swift */; };
		F0F16EC22889B67F00D530DA /* OnboardingRouter.swift in Sources */ = {isa = PBXBuildFile; fileRef = F0F16EBE2889B67F00D530DA /* OnboardingRouter.swift */; };
		F0F16EC32889B67F00D530DA /* OnboardingViewController.swift in Sources */ = {isa = PBXBuildFile; fileRef = F0F16EBF2889B67F00D530DA /* OnboardingViewController.swift */; };
		F0F16EC42889B67F00D530DA /* OnboardingAssembly.swift in Sources */ = {isa = PBXBuildFile; fileRef = F0F16EC02889B67F00D530DA /* OnboardingAssembly.swift */; };
		F0F70A252864826D00656370 /* String.swift in Sources */ = {isa = PBXBuildFile; fileRef = F0F70A242864826D00656370 /* String.swift */; };
/* End PBXBuildFile section */

/* Begin PBXContainerItemProxy section */
		F09259A42854F9A900C23B1B /* PBXContainerItemProxy */ = {
			isa = PBXContainerItemProxy;
			containerPortal = F0A9D63727D2AD3E00E63CD2 /* Project object */;
			proxyType = 1;
			remoteGlobalIDString = F0A9D63E27D2AD3E00E63CD2;
			remoteInfo = Expense;
		};
		F09259B32854F9B400C23B1B /* PBXContainerItemProxy */ = {
			isa = PBXContainerItemProxy;
			containerPortal = F0A9D63727D2AD3E00E63CD2 /* Project object */;
			proxyType = 1;
			remoteGlobalIDString = F0A9D63E27D2AD3E00E63CD2;
			remoteInfo = Expense;
		};
/* End PBXContainerItemProxy section */

/* Begin PBXFileReference section */
		F0004FA12883252F00AA02A9 /* en */ = {isa = PBXFileReference; lastKnownFileType = text.plist.strings; name = en; path = en.lproj/Localizable.strings; sourceTree = "<group>"; };
		F0004FA22883252F00AA02A9 /* ru */ = {isa = PBXFileReference; lastKnownFileType = text.plist.strings; name = ru; path = ru.lproj/Localizable.strings; sourceTree = "<group>"; };
		F0004FA32883252F00AA02A9 /* Texts.swift */ = {isa = PBXFileReference; fileEncoding = 4; lastKnownFileType = sourcecode.swift; path = Texts.swift; sourceTree = "<group>"; };
		F0004FA72883253300AA02A9 /* Assets.xcassets */ = {isa = PBXFileReference; lastKnownFileType = folder.assetcatalog; path = Assets.xcassets; sourceTree = "<group>"; };
		F0004FA82883253300AA02A9 /* Images.swift */ = {isa = PBXFileReference; fileEncoding = 4; lastKnownFileType = sourcecode.swift; path = Images.swift; sourceTree = "<group>"; };
		F0004FAB2883535000AA02A9 /* HomeAssembly.swift */ = {isa = PBXFileReference; lastKnownFileType = sourcecode.swift; path = HomeAssembly.swift; sourceTree = "<group>"; };
		F0004FAD2883538000AA02A9 /* HomePresenter.swift */ = {isa = PBXFileReference; lastKnownFileType = sourcecode.swift; path = HomePresenter.swift; sourceTree = "<group>"; };
		F0004FAF288353C200AA02A9 /* HomeRouter.swift */ = {isa = PBXFileReference; lastKnownFileType = sourcecode.swift; path = HomeRouter.swift; sourceTree = "<group>"; };
		F0004FB1288354C600AA02A9 /* SettingsPresenter.swift */ = {isa = PBXFileReference; lastKnownFileType = sourcecode.swift; path = SettingsPresenter.swift; sourceTree = "<group>"; };
		F0004FB32883556200AA02A9 /* SettingsAssembly.swift */ = {isa = PBXFileReference; lastKnownFileType = sourcecode.swift; path = SettingsAssembly.swift; sourceTree = "<group>"; };
		F0004FB52883556B00AA02A9 /* SettingsRouter.swift */ = {isa = PBXFileReference; lastKnownFileType = sourcecode.swift; path = SettingsRouter.swift; sourceTree = "<group>"; };
		F004A26E2883FB1200D03CB8 /* UIAlertController.swift */ = {isa = PBXFileReference; lastKnownFileType = sourcecode.swift; path = UIAlertController.swift; sourceTree = "<group>"; };
		F004A2892884010800D03CB8 /* HistoryPresenter.swift */ = {isa = PBXFileReference; lastKnownFileType = sourcecode.swift; path = HistoryPresenter.swift; sourceTree = "<group>"; };
		F004A28A2884010800D03CB8 /* HistoryRouter.swift */ = {isa = PBXFileReference; lastKnownFileType = sourcecode.swift; path = HistoryRouter.swift; sourceTree = "<group>"; };
		F004A28C2884010800D03CB8 /* HistoryAssembly.swift */ = {isa = PBXFileReference; lastKnownFileType = sourcecode.swift; path = HistoryAssembly.swift; sourceTree = "<group>"; };
		F004A2912884014100D03CB8 /* AnalyticsPresenter.swift */ = {isa = PBXFileReference; lastKnownFileType = sourcecode.swift; path = AnalyticsPresenter.swift; sourceTree = "<group>"; };
		F004A2922884014100D03CB8 /* AnalyticsRouter.swift */ = {isa = PBXFileReference; lastKnownFileType = sourcecode.swift; path = AnalyticsRouter.swift; sourceTree = "<group>"; };
		F004A2932884014100D03CB8 /* AnalyticsAssembly.swift */ = {isa = PBXFileReference; lastKnownFileType = sourcecode.swift; path = AnalyticsAssembly.swift; sourceTree = "<group>"; };
		F004A2972884062500D03CB8 /* AddTransactionPresenter.swift */ = {isa = PBXFileReference; lastKnownFileType = sourcecode.swift; path = AddTransactionPresenter.swift; sourceTree = "<group>"; };
		F004A2982884062500D03CB8 /* AddTransactionRouter.swift */ = {isa = PBXFileReference; lastKnownFileType = sourcecode.swift; path = AddTransactionRouter.swift; sourceTree = "<group>"; };
		F004A2992884062500D03CB8 /* AddTransactionAssembly.swift */ = {isa = PBXFileReference; lastKnownFileType = sourcecode.swift; path = AddTransactionAssembly.swift; sourceTree = "<group>"; };
		F004E92B287EDA8900ACADEE /* HomeCollectionViewHeader.swift */ = {isa = PBXFileReference; lastKnownFileType = sourcecode.swift; path = HomeCollectionViewHeader.swift; sourceTree = "<group>"; };
		F004E92D287EF22000ACADEE /* HomeCollectionViewFooter.swift */ = {isa = PBXFileReference; lastKnownFileType = sourcecode.swift; path = HomeCollectionViewFooter.swift; sourceTree = "<group>"; };
		F004E92F287F224800ACADEE /* NotificationName.swift */ = {isa = PBXFileReference; lastKnownFileType = sourcecode.swift; path = NotificationName.swift; sourceTree = "<group>"; };
		F007E559286B7DC40073C74D /* Budget+CoreDataClass.swift */ = {isa = PBXFileReference; lastKnownFileType = sourcecode.swift; path = "Budget+CoreDataClass.swift"; sourceTree = "<group>"; };
		F007E55A286B7DC40073C74D /* Budget+CoreDataProperties.swift */ = {isa = PBXFileReference; lastKnownFileType = sourcecode.swift; path = "Budget+CoreDataProperties.swift"; sourceTree = "<group>"; };
		F007E55B286B7DC40073C74D /* Goal+CoreDataClass.swift */ = {isa = PBXFileReference; lastKnownFileType = sourcecode.swift; path = "Goal+CoreDataClass.swift"; sourceTree = "<group>"; };
		F007E55C286B7DC40073C74D /* Goal+CoreDataProperties.swift */ = {isa = PBXFileReference; lastKnownFileType = sourcecode.swift; path = "Goal+CoreDataProperties.swift"; sourceTree = "<group>"; };
		F007E55D286B7DC40073C74D /* Transaction+CoreDataClass.swift */ = {isa = PBXFileReference; lastKnownFileType = sourcecode.swift; path = "Transaction+CoreDataClass.swift"; sourceTree = "<group>"; };
		F007E55E286B7DC50073C74D /* Transaction+CoreDataProperties.swift */ = {isa = PBXFileReference; lastKnownFileType = sourcecode.swift; path = "Transaction+CoreDataProperties.swift"; sourceTree = "<group>"; };
		F007E55F286B7DC50073C74D /* Category+CoreDataClass.swift */ = {isa = PBXFileReference; lastKnownFileType = sourcecode.swift; path = "Category+CoreDataClass.swift"; sourceTree = "<group>"; };
		F007E560286B7DC50073C74D /* Category+CoreDataProperties.swift */ = {isa = PBXFileReference; lastKnownFileType = sourcecode.swift; path = "Category+CoreDataProperties.swift"; sourceTree = "<group>"; };
		F007E571286B80000073C74D /* CategoryInfo.swift */ = {isa = PBXFileReference; lastKnownFileType = sourcecode.swift; path = CategoryInfo.swift; sourceTree = "<group>"; };
		F00FD41728893EEC00889819 /* TransactionSection.swift */ = {isa = PBXFileReference; lastKnownFileType = sourcecode.swift; path = TransactionSection.swift; sourceTree = "<group>"; };
		F010E9C22871972000AFD1D0 /* TitleLabel.swift */ = {isa = PBXFileReference; lastKnownFileType = sourcecode.swift; path = TitleLabel.swift; sourceTree = "<group>"; };
		F01510BE2872E7AC00B858BC /* SettingsViewController.swift */ = {isa = PBXFileReference; lastKnownFileType = sourcecode.swift; path = SettingsViewController.swift; sourceTree = "<group>"; };
		F01510C02872E87E00B858BC /* ProfileTableViewCell.swift */ = {isa = PBXFileReference; lastKnownFileType = sourcecode.swift; path = ProfileTableViewCell.swift; sourceTree = "<group>"; };
		F0205C59287C2A4300104E2F /* AddTransactionViewController.swift */ = {isa = PBXFileReference; lastKnownFileType = sourcecode.swift; path = AddTransactionViewController.swift; sourceTree = "<group>"; };
		F02114182880733B00ACE1D7 /* UISegmentedControl.swift */ = {isa = PBXFileReference; lastKnownFileType = sourcecode.swift; path = UISegmentedControl.swift; sourceTree = "<group>"; };
		F02C1A472894305700BA359A /* EmptySection.swift */ = {isa = PBXFileReference; lastKnownFileType = sourcecode.swift; path = EmptySection.swift; sourceTree = "<group>"; };
		F02C1A492894307800BA359A /* EmptyCollectionViewCell.swift */ = {isa = PBXFileReference; lastKnownFileType = sourcecode.swift; path = EmptyCollectionViewCell.swift; sourceTree = "<group>"; };
		F02C1A4B2894309000BA359A /* ProgressSection.swift */ = {isa = PBXFileReference; lastKnownFileType = sourcecode.swift; path = ProgressSection.swift; sourceTree = "<group>"; };
		F02C1A4D289430A700BA359A /* ProgressCollectionViewCell.swift */ = {isa = PBXFileReference; lastKnownFileType = sourcecode.swift; path = ProgressCollectionViewCell.swift; sourceTree = "<group>"; };
		F02C1A502894312E00BA359A /* MoreSection.swift */ = {isa = PBXFileReference; lastKnownFileType = sourcecode.swift; path = MoreSection.swift; sourceTree = "<group>"; };
		F02C1A522894314100BA359A /* MoreCollectionViewCell.swift.swift */ = {isa = PBXFileReference; lastKnownFileType = sourcecode.swift; path = MoreCollectionViewCell.swift.swift; sourceTree = "<group>"; };
		F042C2AD2866EC330002208F /* CoreDataManager.swift */ = {isa = PBXFileReference; lastKnownFileType = sourcecode.swift; path = CoreDataManager.swift; sourceTree = "<group>"; };
		F042C2B12866ED390002208F /* ru */ = {isa = PBXFileReference; lastKnownFileType = text.plist.strings; name = ru; path = ru.lproj/LaunchScreen.strings; sourceTree = "<group>"; };
		F042C2BA2866EFAD0002208F /* AppCoordinator.swift */ = {isa = PBXFileReference; lastKnownFileType = sourcecode.swift; path = AppCoordinator.swift; sourceTree = "<group>"; };
		F042C2BC2866F0AA0002208F /* HistoryViewController.swift */ = {isa = PBXFileReference; lastKnownFileType = sourcecode.swift; path = HistoryViewController.swift; sourceTree = "<group>"; };
		F042C2BE2866F0CC0002208F /* AnalyticsViewController.swift */ = {isa = PBXFileReference; lastKnownFileType = sourcecode.swift; path = AnalyticsViewController.swift; sourceTree = "<group>"; };
		F047738B288FEF1A00CD9A12 /* UIColor.swift */ = {isa = PBXFileReference; fileEncoding = 4; lastKnownFileType = sourcecode.swift; path = UIColor.swift; sourceTree = "<group>"; };
		F047738C288FEF1A00CD9A12 /* BulletView.swift */ = {isa = PBXFileReference; fileEncoding = 4; lastKnownFileType = sourcecode.swift; path = BulletView.swift; sourceTree = "<group>"; };
		F047738D288FEF1A00CD9A12 /* Section.swift */ = {isa = PBXFileReference; fileEncoding = 4; lastKnownFileType = sourcecode.swift; path = Section.swift; sourceTree = "<group>"; };
		F047738E288FEF1A00CD9A12 /* CircularProgressView.swift */ = {isa = PBXFileReference; fileEncoding = 4; lastKnownFileType = sourcecode.swift; path = CircularProgressView.swift; sourceTree = "<group>"; };
		F047738F288FEF1A00CD9A12 /* UIView.swift */ = {isa = PBXFileReference; fileEncoding = 4; lastKnownFileType = sourcecode.swift; path = UIView.swift; sourceTree = "<group>"; };
		F057E9E5286788D40083C003 /* TransactionInfo.swift */ = {isa = PBXFileReference; lastKnownFileType = sourcecode.swift; path = TransactionInfo.swift; sourceTree = "<group>"; };
		F057E9E72867890E0083C003 /* Period.swift */ = {isa = PBXFileReference; lastKnownFileType = sourcecode.swift; path = Period.swift; sourceTree = "<group>"; };
		F057E9E928678B180083C003 /* AccountInfo.swift */ = {isa = PBXFileReference; lastKnownFileType = sourcecode.swift; path = AccountInfo.swift; sourceTree = "<group>"; };
		F057E9EB28678B4E0083C003 /* GoalInfo.swift */ = {isa = PBXFileReference; lastKnownFileType = sourcecode.swift; path = GoalInfo.swift; sourceTree = "<group>"; };
		F057E9ED28678B680083C003 /* BudgetInfo.swift */ = {isa = PBXFileReference; lastKnownFileType = sourcecode.swift; path = BudgetInfo.swift; sourceTree = "<group>"; };
		F05CAD70289304D2002AABD5 /* SceneDelegate.swift */ = {isa = PBXFileReference; lastKnownFileType = sourcecode.swift; path = SceneDelegate.swift; sourceTree = "<group>"; };
		F05CAD7628930619002AABD5 /* Info.plist */ = {isa = PBXFileReference; fileEncoding = 4; lastKnownFileType = text.plist.xml; path = Info.plist; sourceTree = "<group>"; };
		F06080F4286EDD3900782D99 /* Date.swift */ = {isa = PBXFileReference; lastKnownFileType = sourcecode.swift; path = Date.swift; sourceTree = "<group>"; };
		F0612D57286C67F2009B641A /* HistoryTableViewHeader.swift */ = {isa = PBXFileReference; lastKnownFileType = sourcecode.swift; path = HistoryTableViewHeader.swift; sourceTree = "<group>"; };
		F0612D59286C691C009B641A /* HistoryTableViewCell.swift */ = {isa = PBXFileReference; lastKnownFileType = sourcecode.swift; path = HistoryTableViewCell.swift; sourceTree = "<group>"; };
		F065E23F2889E25200D34D10 /* NSExpression.swift */ = {isa = PBXFileReference; lastKnownFileType = sourcecode.swift; path = NSExpression.swift; sourceTree = "<group>"; };
		F066A77D2888069B00C2F1F4 /* TransactionCollectionViewCell.swift */ = {isa = PBXFileReference; lastKnownFileType = sourcecode.swift; path = TransactionCollectionViewCell.swift; sourceTree = "<group>"; };
		F07286522876C8B200B93224 /* ChartsCollectionViewCell.swift */ = {isa = PBXFileReference; lastKnownFileType = sourcecode.swift; path = ChartsCollectionViewCell.swift; sourceTree = "<group>"; };
		F073DADF287C930D00907507 /* Tagged.swift */ = {isa = PBXFileReference; lastKnownFileType = sourcecode.swift; path = Tagged.swift; sourceTree = "<group>"; };
		F07C25192870E3310000021E /* SettingsTableViewCell.swift */ = {isa = PBXFileReference; lastKnownFileType = sourcecode.swift; path = SettingsTableViewCell.swift; sourceTree = "<group>"; };
		F09259A02854F9A900C23B1B /* ExpenseTests.xctest */ = {isa = PBXFileReference; explicitFileType = wrapper.cfbundle; includeInIndex = 0; path = ExpenseTests.xctest; sourceTree = BUILT_PRODUCTS_DIR; };
		F09259A22854F9A900C23B1B /* ExpenseTests.swift */ = {isa = PBXFileReference; lastKnownFileType = sourcecode.swift; path = ExpenseTests.swift; sourceTree = "<group>"; };
		F09259AD2854F9B400C23B1B /* ExpenseUITests.xctest */ = {isa = PBXFileReference; explicitFileType = wrapper.cfbundle; includeInIndex = 0; path = ExpenseUITests.xctest; sourceTree = BUILT_PRODUCTS_DIR; };
		F09259AF2854F9B400C23B1B /* ExpenseUITests.swift */ = {isa = PBXFileReference; lastKnownFileType = sourcecode.swift; path = ExpenseUITests.swift; sourceTree = "<group>"; };
		F09259B12854F9B400C23B1B /* ExpenseUITestsLaunchTests.swift */ = {isa = PBXFileReference; lastKnownFileType = sourcecode.swift; path = ExpenseUITestsLaunchTests.swift; sourceTree = "<group>"; };
		F09586DA28954956003474DD /* UserDefaults.swift */ = {isa = PBXFileReference; lastKnownFileType = sourcecode.swift; path = UserDefaults.swift; sourceTree = "<group>"; };
		F09586DC289549F8003474DD /* UserDefault.swift */ = {isa = PBXFileReference; lastKnownFileType = sourcecode.swift; path = UserDefault.swift; sourceTree = "<group>"; };
		F09586DE28954B79003474DD /* Optional.swift */ = {isa = PBXFileReference; lastKnownFileType = sourcecode.swift; path = Optional.swift; sourceTree = "<group>"; };
		F0A4963628846F7900B8D465 /* Expense.docc */ = {isa = PBXFileReference; lastKnownFileType = folder.documentationcatalog; path = Expense.docc; sourceTree = "<group>"; };
		F0A4964B288499AE00B8D465 /* CreateAccountPresenter.swift */ = {isa = PBXFileReference; lastKnownFileType = sourcecode.swift; path = CreateAccountPresenter.swift; sourceTree = "<group>"; };
		F0A4964C288499AE00B8D465 /* CreateAccountRouter.swift */ = {isa = PBXFileReference; lastKnownFileType = sourcecode.swift; path = CreateAccountRouter.swift; sourceTree = "<group>"; };
		F0A4964D288499AE00B8D465 /* CreateAccountViewController.swift */ = {isa = PBXFileReference; lastKnownFileType = sourcecode.swift; path = CreateAccountViewController.swift; sourceTree = "<group>"; };
		F0A4964E288499AE00B8D465 /* CreateAccountAssembly.swift */ = {isa = PBXFileReference; lastKnownFileType = sourcecode.swift; path = CreateAccountAssembly.swift; sourceTree = "<group>"; };
		F0A4965B288499EA00B8D465 /* TransactionDetailsPresenter.swift */ = {isa = PBXFileReference; lastKnownFileType = sourcecode.swift; path = TransactionDetailsPresenter.swift; sourceTree = "<group>"; };
		F0A4965C288499EA00B8D465 /* TransactionDetailsRouter.swift */ = {isa = PBXFileReference; lastKnownFileType = sourcecode.swift; path = TransactionDetailsRouter.swift; sourceTree = "<group>"; };
		F0A4965D288499EA00B8D465 /* TransactionDetailsViewController.swift */ = {isa = PBXFileReference; lastKnownFileType = sourcecode.swift; path = TransactionDetailsViewController.swift; sourceTree = "<group>"; };
		F0A4965E288499EA00B8D465 /* TransactionDetailsAssembly.swift */ = {isa = PBXFileReference; lastKnownFileType = sourcecode.swift; path = TransactionDetailsAssembly.swift; sourceTree = "<group>"; };
		F0A9D63F27D2AD3E00E63CD2 /* Expense.app */ = {isa = PBXFileReference; explicitFileType = wrapper.application; includeInIndex = 0; path = Expense.app; sourceTree = BUILT_PRODUCTS_DIR; };
		F0A9D64227D2AD3E00E63CD2 /* AppDelegate.swift */ = {isa = PBXFileReference; lastKnownFileType = sourcecode.swift; path = AppDelegate.swift; sourceTree = "<group>"; };
		F0A9D64C27D2AD3E00E63CD2 /* Expense.xcdatamodel */ = {isa = PBXFileReference; lastKnownFileType = wrapper.xcdatamodel; path = Expense.xcdatamodel; sourceTree = "<group>"; };
		F0A9D65127D2AD4100E63CD2 /* Base */ = {isa = PBXFileReference; lastKnownFileType = file.storyboard; name = Base; path = Base.lproj/LaunchScreen.storyboard; sourceTree = "<group>"; };
		F0AF60CE2882A6F20019AF26 /* EmojiPicker */ = {isa = PBXFileReference; lastKnownFileType = wrapper; path = EmojiPicker; sourceTree = "<group>"; };
		F0B270ED287D72BB00AC6DAE /* AccountCollectionViewCell.swift */ = {isa = PBXFileReference; lastKnownFileType = sourcecode.swift; path = AccountCollectionViewCell.swift; sourceTree = "<group>"; };
		F0B270EF287D780300AC6DAE /* SubtitleLabel.swift */ = {isa = PBXFileReference; lastKnownFileType = sourcecode.swift; path = SubtitleLabel.swift; sourceTree = "<group>"; };
		F0B6ABF1286FB07E00CB88C1 /* UIButton.swift */ = {isa = PBXFileReference; lastKnownFileType = sourcecode.swift; path = UIButton.swift; sourceTree = "<group>"; };
		F0C819342885E32000434900 /* Double.swift */ = {isa = PBXFileReference; lastKnownFileType = sourcecode.swift; path = Double.swift; sourceTree = "<group>"; };
		F0C819362885F2FB00434900 /* Account+CoreDataClass.swift */ = {isa = PBXFileReference; lastKnownFileType = sourcecode.swift; path = "Account+CoreDataClass.swift"; sourceTree = "<group>"; };
		F0C819372885F2FB00434900 /* Account+CoreDataProperties.swift */ = {isa = PBXFileReference; lastKnownFileType = sourcecode.swift; path = "Account+CoreDataProperties.swift"; sourceTree = "<group>"; };
		F0E35A02287E02350070B3EF /* AccountSection.swift */ = {isa = PBXFileReference; lastKnownFileType = sourcecode.swift; path = AccountSection.swift; sourceTree = "<group>"; };
		F0E35A15287E29EC0070B3EF /* Currency.swift */ = {isa = PBXFileReference; lastKnownFileType = sourcecode.swift; path = Currency.swift; sourceTree = "<group>"; };
		F0E89CC0285F11A800036575 /* HomeViewController.swift */ = {isa = PBXFileReference; lastKnownFileType = sourcecode.swift; path = HomeViewController.swift; sourceTree = "<group>"; };
		F0F16EBB2889AB4400D530DA /* NSAttributedString.swift */ = {isa = PBXFileReference; lastKnownFileType = sourcecode.swift; path = NSAttributedString.swift; sourceTree = "<group>"; };
		F0F16EBD2889B67F00D530DA /* OnboardingPresenter.swift */ = {isa = PBXFileReference; lastKnownFileType = sourcecode.swift; path = OnboardingPresenter.swift; sourceTree = "<group>"; };
		F0F16EBE2889B67F00D530DA /* OnboardingRouter.swift */ = {isa = PBXFileReference; lastKnownFileType = sourcecode.swift; path = OnboardingRouter.swift; sourceTree = "<group>"; };
		F0F16EBF2889B67F00D530DA /* OnboardingViewController.swift */ = {isa = PBXFileReference; lastKnownFileType = sourcecode.swift; path = OnboardingViewController.swift; sourceTree = "<group>"; };
		F0F16EC02889B67F00D530DA /* OnboardingAssembly.swift */ = {isa = PBXFileReference; lastKnownFileType = sourcecode.swift; path = OnboardingAssembly.swift; sourceTree = "<group>"; };
		F0F70A242864826D00656370 /* String.swift */ = {isa = PBXFileReference; lastKnownFileType = sourcecode.swift; path = String.swift; sourceTree = "<group>"; };
		F0FA87172854FA05005964EA /* README.md */ = {isa = PBXFileReference; lastKnownFileType = net.daringfireball.markdown; path = README.md; sourceTree = "<group>"; };
/* End PBXFileReference section */

/* Begin PBXFrameworksBuildPhase section */
		F092599D2854F9A900C23B1B /* Frameworks */ = {
			isa = PBXFrameworksBuildPhase;
			buildActionMask = 2147483647;
			files = (
			);
			runOnlyForDeploymentPostprocessing = 0;
		};
		F09259AA2854F9B400C23B1B /* Frameworks */ = {
			isa = PBXFrameworksBuildPhase;
			buildActionMask = 2147483647;
			files = (
			);
			runOnlyForDeploymentPostprocessing = 0;
		};
		F0A9D63C27D2AD3E00E63CD2 /* Frameworks */ = {
			isa = PBXFrameworksBuildPhase;
			buildActionMask = 2147483647;
			files = (
				F060110F28928308008774AB /* EmojiPicker in Frameworks */,
			);
			runOnlyForDeploymentPostprocessing = 0;
		};
/* End PBXFrameworksBuildPhase section */

/* Begin PBXGroup section */
		F0004F8D2883244C00AA02A9 /* Frameworks */ = {
			isa = PBXGroup;
			children = (
			);
			name = Frameworks;
			sourceTree = "<group>";
		};
		F0004F9F2883252F00AA02A9 /* Localization */ = {
			isa = PBXGroup;
			children = (
				F0004FA02883252F00AA02A9 /* Localizable.strings */,
				F0004FA32883252F00AA02A9 /* Texts.swift */,
			);
			path = Localization;
			sourceTree = "<group>";
		};
		F0004FA62883253300AA02A9 /* Images */ = {
			isa = PBXGroup;
			children = (
				F0004FA72883253300AA02A9 /* Assets.xcassets */,
				F0004FA82883253300AA02A9 /* Images.swift */,
			);
			path = Images;
			sourceTree = "<group>";
		};
		F007E558286B7DAD0073C74D /* CoreData */ = {
			isa = PBXGroup;
			children = (
				F0C819362885F2FB00434900 /* Account+CoreDataClass.swift */,
				F0C819372885F2FB00434900 /* Account+CoreDataProperties.swift */,
				F007E559286B7DC40073C74D /* Budget+CoreDataClass.swift */,
				F007E55A286B7DC40073C74D /* Budget+CoreDataProperties.swift */,
				F007E55B286B7DC40073C74D /* Goal+CoreDataClass.swift */,
				F007E55C286B7DC40073C74D /* Goal+CoreDataProperties.swift */,
				F007E55D286B7DC40073C74D /* Transaction+CoreDataClass.swift */,
				F007E55E286B7DC50073C74D /* Transaction+CoreDataProperties.swift */,
				F007E55F286B7DC50073C74D /* Category+CoreDataClass.swift */,
				F007E560286B7DC50073C74D /* Category+CoreDataProperties.swift */,
			);
			path = CoreData;
			sourceTree = "<group>";
		};
		F00FD41628893ED300889819 /* Transaction */ = {
			isa = PBXGroup;
			children = (
				F00FD41728893EEC00889819 /* TransactionSection.swift */,
				F066A77D2888069B00C2F1F4 /* TransactionCollectionViewCell.swift */,
			);
			path = Transaction;
			sourceTree = "<group>";
		};
		F01510C22872EF5E00B858BC /* Submodules */ = {
			isa = PBXGroup;
			children = (
			);
			path = Submodules;
			sourceTree = "<group>";
		};
		F0205C58287C2A3100104E2F /* AddTransaction */ = {
			isa = PBXGroup;
			children = (
				F004A2972884062500D03CB8 /* AddTransactionPresenter.swift */,
				F004A2982884062500D03CB8 /* AddTransactionRouter.swift */,
				F0205C59287C2A4300104E2F /* AddTransactionViewController.swift */,
				F004A2992884062500D03CB8 /* AddTransactionAssembly.swift */,
			);
			path = AddTransaction;
			sourceTree = "<group>";
		};
		F02BC8F7286A5F15009D2415 /* Data */ = {
			isa = PBXGroup;
			children = (
				F02BC8F8286A5F46009D2415 /* CoreData */,
				F02BC8F9286A5F4B009D2415 /* UserDefaults */,
			);
			path = Data;
			sourceTree = "<group>";
		};
		F02BC8F8286A5F46009D2415 /* CoreData */ = {
			isa = PBXGroup;
			children = (
				F042C2AD2866EC330002208F /* CoreDataManager.swift */,
				F0A9D64B27D2AD3E00E63CD2 /* Expense.xcdatamodeld */,
			);
			path = CoreData;
			sourceTree = "<group>";
		};
		F02BC8F9286A5F4B009D2415 /* UserDefaults */ = {
			isa = PBXGroup;
			children = (
				F09586DA28954956003474DD /* UserDefaults.swift */,
				F09586DC289549F8003474DD /* UserDefault.swift */,
			);
			path = UserDefaults;
			sourceTree = "<group>";
		};
		F02C1A452894303E00BA359A /* Empty */ = {
			isa = PBXGroup;
			children = (
				F02C1A472894305700BA359A /* EmptySection.swift */,
				F02C1A492894307800BA359A /* EmptyCollectionViewCell.swift */,
			);
			path = Empty;
			sourceTree = "<group>";
		};
		F02C1A462894304400BA359A /* Progress */ = {
			isa = PBXGroup;
			children = (
				F02C1A4B2894309000BA359A /* ProgressSection.swift */,
				F02C1A4D289430A700BA359A /* ProgressCollectionViewCell.swift */,
			);
			path = Progress;
			sourceTree = "<group>";
		};
		F02C1A4F2894311E00BA359A /* More */ = {
			isa = PBXGroup;
			children = (
				F02C1A502894312E00BA359A /* MoreSection.swift */,
				F02C1A522894314100BA359A /* MoreCollectionViewCell.swift.swift */,
			);
			path = More;
			sourceTree = "<group>";
		};
		F0479DB4287CC95A00011374 /* TransactionDetails */ = {
			isa = PBXGroup;
			children = (
				F0A4965B288499EA00B8D465 /* TransactionDetailsPresenter.swift */,
				F0A4965C288499EA00B8D465 /* TransactionDetailsRouter.swift */,
				F0A4965D288499EA00B8D465 /* TransactionDetailsViewController.swift */,
				F0A4965E288499EA00B8D465 /* TransactionDetailsAssembly.swift */,
			);
			path = TransactionDetails;
			sourceTree = "<group>";
		};
		F0612D50286C6463009B641A /* Foundation */ = {
			isa = PBXGroup;
			children = (
				F06080F4286EDD3900782D99 /* Date.swift */,
				F0F70A242864826D00656370 /* String.swift */,
				F0C819342885E32000434900 /* Double.swift */,
				F073DADF287C930D00907507 /* Tagged.swift */,
				F004E92F287F224800ACADEE /* NotificationName.swift */,
				F0F16EBB2889AB4400D530DA /* NSAttributedString.swift */,
				F065E23F2889E25200D34D10 /* NSExpression.swift */,
				F09586DE28954B79003474DD /* Optional.swift */,
			);
			path = Foundation;
			sourceTree = "<group>";
		};
		F0612D51286C6469009B641A /* UIKit */ = {
			isa = PBXGroup;
			children = (
				F047738C288FEF1A00CD9A12 /* BulletView.swift */,
				F047738E288FEF1A00CD9A12 /* CircularProgressView.swift */,
				F047738D288FEF1A00CD9A12 /* Section.swift */,
				F047738B288FEF1A00CD9A12 /* UIColor.swift */,
				F047738F288FEF1A00CD9A12 /* UIView.swift */,
				F0B6ABF1286FB07E00CB88C1 /* UIButton.swift */,
				F010E9C22871972000AFD1D0 /* TitleLabel.swift */,
				F0B270EF287D780300AC6DAE /* SubtitleLabel.swift */,
				F07286522876C8B200B93224 /* ChartsCollectionViewCell.swift */,
				F02114182880733B00ACE1D7 /* UISegmentedControl.swift */,
				F004A26E2883FB1200D03CB8 /* UIAlertController.swift */,
			);
			path = UIKit;
			sourceTree = "<group>";
		};
		F0612D53286C648A009B641A /* UseCases */ = {
			isa = PBXGroup;
			children = (
			);
			path = UseCases;
			sourceTree = "<group>";
		};
		F0612D54286C649A009B641A /* Domain */ = {
			isa = PBXGroup;
			children = (
				F0A452D528670F81005B5450 /* Entities */,
				F0612D53286C648A009B641A /* UseCases */,
			);
			path = Domain;
			sourceTree = "<group>";
		};
		F0612D56286C67A9009B641A /* Views */ = {
			isa = PBXGroup;
			children = (
				F042C2BC2866F0AA0002208F /* HistoryViewController.swift */,
				F0612D57286C67F2009B641A /* HistoryTableViewHeader.swift */,
				F0612D59286C691C009B641A /* HistoryTableViewCell.swift */,
			);
			path = Views;
			sourceTree = "<group>";
		};
		F07C25142870E1500000021E /* Views */ = {
			isa = PBXGroup;
			children = (
				F0E89CC0285F11A800036575 /* HomeViewController.swift */,
				F0E35A11287E18ED0070B3EF /* Account */,
				F02C1A462894304400BA359A /* Progress */,
				F02C1A452894303E00BA359A /* Empty */,
				F02C1A4F2894311E00BA359A /* More */,
				F00FD41628893ED300889819 /* Transaction */,
				F004E92B287EDA8900ACADEE /* HomeCollectionViewHeader.swift */,
				F004E92D287EF22000ACADEE /* HomeCollectionViewFooter.swift */,
			);
			path = Views;
			sourceTree = "<group>";
		};
		F07C25172870E3050000021E /* Settings */ = {
			isa = PBXGroup;
			children = (
				F0004FB32883556200AA02A9 /* SettingsAssembly.swift */,
				F0004FB52883556B00AA02A9 /* SettingsRouter.swift */,
				F0004FB1288354C600AA02A9 /* SettingsPresenter.swift */,
				F07C25182870E3170000021E /* Views */,
				F01510C22872EF5E00B858BC /* Submodules */,
			);
			path = Settings;
			sourceTree = "<group>";
		};
		F07C25182870E3170000021E /* Views */ = {
			isa = PBXGroup;
			children = (
				F01510BE2872E7AC00B858BC /* SettingsViewController.swift */,
				F07C25192870E3310000021E /* SettingsTableViewCell.swift */,
				F01510C02872E87E00B858BC /* ProfileTableViewCell.swift */,
			);
			path = Views;
			sourceTree = "<group>";
		};
		F09259A12854F9A900C23B1B /* ExpenseTests */ = {
			isa = PBXGroup;
			children = (
				F09259A22854F9A900C23B1B /* ExpenseTests.swift */,
			);
			path = ExpenseTests;
			sourceTree = "<group>";
		};
		F09259AE2854F9B400C23B1B /* ExpenseUITests */ = {
			isa = PBXGroup;
			children = (
				F09259AF2854F9B400C23B1B /* ExpenseUITests.swift */,
				F09259B12854F9B400C23B1B /* ExpenseUITestsLaunchTests.swift */,
			);
			path = ExpenseUITests;
			sourceTree = "<group>";
		};
		F0A452D528670F81005B5450 /* Entities */ = {
			isa = PBXGroup;
			children = (
				F007E558286B7DAD0073C74D /* CoreData */,
				F057E9E72867890E0083C003 /* Period.swift */,
				F0E35A15287E29EC0070B3EF /* Currency.swift */,
				F057E9E928678B180083C003 /* AccountInfo.swift */,
				F007E571286B80000073C74D /* CategoryInfo.swift */,
				F057E9E5286788D40083C003 /* TransactionInfo.swift */,
				F057E9EB28678B4E0083C003 /* GoalInfo.swift */,
				F057E9ED28678B680083C003 /* BudgetInfo.swift */,
			);
			path = Entities;
			sourceTree = "<group>";
		};
		F0A4964A2884999A00B8D465 /* CreateAccount */ = {
			isa = PBXGroup;
			children = (
				F0A4964B288499AE00B8D465 /* CreateAccountPresenter.swift */,
				F0A4964C288499AE00B8D465 /* CreateAccountRouter.swift */,
				F0A4964D288499AE00B8D465 /* CreateAccountViewController.swift */,
				F0A4964E288499AE00B8D465 /* CreateAccountAssembly.swift */,
			);
			path = CreateAccount;
			sourceTree = "<group>";
		};
		F0A9D63627D2AD3E00E63CD2 = {
			isa = PBXGroup;
			children = (
				F0FA87172854FA05005964EA /* README.md */,
				F0A4963628846F7900B8D465 /* Expense.docc */,
				F0AF60CE2882A6F20019AF26 /* EmojiPicker */,
				F0A9D64127D2AD3E00E63CD2 /* Expense */,
				F09259A12854F9A900C23B1B /* ExpenseTests */,
				F09259AE2854F9B400C23B1B /* ExpenseUITests */,
				F0A9D64027D2AD3E00E63CD2 /* Products */,
				F0004F8D2883244C00AA02A9 /* Frameworks */,
			);
			sourceTree = "<group>";
		};
		F0A9D64027D2AD3E00E63CD2 /* Products */ = {
			isa = PBXGroup;
			children = (
				F0A9D63F27D2AD3E00E63CD2 /* Expense.app */,
				F09259A02854F9A900C23B1B /* ExpenseTests.xctest */,
				F09259AD2854F9B400C23B1B /* ExpenseUITests.xctest */,
			);
			name = Products;
			sourceTree = "<group>";
		};
		F0A9D64127D2AD3E00E63CD2 /* Expense */ = {
			isa = PBXGroup;
			children = (
				F0A9D65A27D2ADFE00E63CD2 /* Application */,
				F0F70A232864825E00656370 /* Common */,
				F02BC8F7286A5F15009D2415 /* Data */,
				F0612D54286C649A009B641A /* Domain */,
				F0E89CBD285F116700036575 /* Scenes */,
				F0A9D65927D2AD7D00E63CD2 /* Resources */,
			);
			path = Expense;
			sourceTree = "<group>";
		};
		F0A9D65927D2AD7D00E63CD2 /* Resources */ = {
			isa = PBXGroup;
			children = (
				F0004FA62883253300AA02A9 /* Images */,
				F0004F9F2883252F00AA02A9 /* Localization */,
				F0A9D65027D2AD4100E63CD2 /* LaunchScreen.storyboard */,
				F05CAD7628930619002AABD5 /* Info.plist */,
			);
			path = Resources;
			sourceTree = "<group>";
		};
		F0A9D65A27D2ADFE00E63CD2 /* Application */ = {
			isa = PBXGroup;
			children = (
				F0A9D64227D2AD3E00E63CD2 /* AppDelegate.swift */,
				F05CAD70289304D2002AABD5 /* SceneDelegate.swift */,
				F042C2BA2866EFAD0002208F /* AppCoordinator.swift */,
			);
			path = Application;
			sourceTree = "<group>";
		};
		F0E35A11287E18ED0070B3EF /* Account */ = {
			isa = PBXGroup;
			children = (
				F0E35A02287E02350070B3EF /* AccountSection.swift */,
				F0B270ED287D72BB00AC6DAE /* AccountCollectionViewCell.swift */,
			);
			path = Account;
			sourceTree = "<group>";
		};
		F0E89CBC285F115700036575 /* Home */ = {
			isa = PBXGroup;
			children = (
				F0004FAD2883538000AA02A9 /* HomePresenter.swift */,
				F0004FAF288353C200AA02A9 /* HomeRouter.swift */,
				F0004FAB2883535000AA02A9 /* HomeAssembly.swift */,
				F07C25142870E1500000021E /* Views */,
			);
			path = Home;
			sourceTree = "<group>";
		};
		F0E89CBD285F116700036575 /* Scenes */ = {
			isa = PBXGroup;
			children = (
				F0E89CBC285F115700036575 /* Home */,
				F0A4964A2884999A00B8D465 /* CreateAccount */,
				F0205C58287C2A3100104E2F /* AddTransaction */,
				F0E89CBE285F117300036575 /* History */,
				F0479DB4287CC95A00011374 /* TransactionDetails */,
				F0E89CBF285F118400036575 /* Analytics */,
				F07C25172870E3050000021E /* Settings */,
				F0F16EC52889B68400D530DA /* Onboarding */,
			);
			path = Scenes;
			sourceTree = "<group>";
		};
		F0E89CBE285F117300036575 /* History */ = {
			isa = PBXGroup;
			children = (
				F004A2892884010800D03CB8 /* HistoryPresenter.swift */,
				F004A28A2884010800D03CB8 /* HistoryRouter.swift */,
				F004A28C2884010800D03CB8 /* HistoryAssembly.swift */,
				F0612D56286C67A9009B641A /* Views */,
			);
			path = History;
			sourceTree = "<group>";
		};
		F0E89CBF285F118400036575 /* Analytics */ = {
			isa = PBXGroup;
			children = (
				F004A2912884014100D03CB8 /* AnalyticsPresenter.swift */,
				F004A2922884014100D03CB8 /* AnalyticsRouter.swift */,
				F042C2BE2866F0CC0002208F /* AnalyticsViewController.swift */,
				F004A2932884014100D03CB8 /* AnalyticsAssembly.swift */,
			);
			path = Analytics;
			sourceTree = "<group>";
		};
		F0F16EC52889B68400D530DA /* Onboarding */ = {
			isa = PBXGroup;
			children = (
				F0F16EBD2889B67F00D530DA /* OnboardingPresenter.swift */,
				F0F16EBE2889B67F00D530DA /* OnboardingRouter.swift */,
				F0F16EBF2889B67F00D530DA /* OnboardingViewController.swift */,
				F0F16EC02889B67F00D530DA /* OnboardingAssembly.swift */,
			);
			path = Onboarding;
			sourceTree = "<group>";
		};
		F0F70A232864825E00656370 /* Common */ = {
			isa = PBXGroup;
			children = (
				F0612D50286C6463009B641A /* Foundation */,
				F0612D51286C6469009B641A /* UIKit */,
			);
			path = Common;
			sourceTree = "<group>";
		};
/* End PBXGroup section */

/* Begin PBXNativeTarget section */
		F092599F2854F9A900C23B1B /* ExpenseTests */ = {
			isa = PBXNativeTarget;
			buildConfigurationList = F09259A82854F9A900C23B1B /* Build configuration list for PBXNativeTarget "ExpenseTests" */;
			buildPhases = (
				F092599C2854F9A900C23B1B /* Sources */,
				F092599D2854F9A900C23B1B /* Frameworks */,
				F092599E2854F9A900C23B1B /* Resources */,
			);
			buildRules = (
			);
			dependencies = (
				F09259A52854F9A900C23B1B /* PBXTargetDependency */,
			);
			name = ExpenseTests;
			productName = ExpenseTests;
			productReference = F09259A02854F9A900C23B1B /* ExpenseTests.xctest */;
			productType = "com.apple.product-type.bundle.unit-test";
		};
		F09259AC2854F9B400C23B1B /* ExpenseUITests */ = {
			isa = PBXNativeTarget;
			buildConfigurationList = F09259B52854F9B400C23B1B /* Build configuration list for PBXNativeTarget "ExpenseUITests" */;
			buildPhases = (
				F09259A92854F9B400C23B1B /* Sources */,
				F09259AA2854F9B400C23B1B /* Frameworks */,
				F09259AB2854F9B400C23B1B /* Resources */,
			);
			buildRules = (
			);
			dependencies = (
				F09259B42854F9B400C23B1B /* PBXTargetDependency */,
			);
			name = ExpenseUITests;
			productName = ExpenseUITests;
			productReference = F09259AD2854F9B400C23B1B /* ExpenseUITests.xctest */;
			productType = "com.apple.product-type.bundle.ui-testing";
		};
		F0A9D63E27D2AD3E00E63CD2 /* Expense */ = {
			isa = PBXNativeTarget;
			buildConfigurationList = F0A9D65627D2AD4200E63CD2 /* Build configuration list for PBXNativeTarget "Expense" */;
			buildPhases = (
				F0A9D63B27D2AD3E00E63CD2 /* Sources */,
				F0A9D63C27D2AD3E00E63CD2 /* Frameworks */,
				F0A9D63D27D2AD3E00E63CD2 /* Resources */,
			);
			buildRules = (
			);
			dependencies = (
			);
			name = Expense;
			packageProductDependencies = (
				F060110E28928308008774AB /* EmojiPicker */,
			);
			productName = Expense;
			productReference = F0A9D63F27D2AD3E00E63CD2 /* Expense.app */;
			productType = "com.apple.product-type.application";
		};
/* End PBXNativeTarget section */

/* Begin PBXProject section */
		F0A9D63727D2AD3E00E63CD2 /* Project object */ = {
			isa = PBXProject;
			attributes = {
				BuildIndependentTargetsInParallel = 1;
				LastSwiftUpdateCheck = 1340;
				LastUpgradeCheck = 1320;
				TargetAttributes = {
					F092599F2854F9A900C23B1B = {
						CreatedOnToolsVersion = 13.4.1;
						TestTargetID = F0A9D63E27D2AD3E00E63CD2;
					};
					F09259AC2854F9B400C23B1B = {
						CreatedOnToolsVersion = 13.4.1;
						TestTargetID = F0A9D63E27D2AD3E00E63CD2;
					};
					F0A9D63E27D2AD3E00E63CD2 = {
						CreatedOnToolsVersion = 13.2.1;
					};
				};
			};
			buildConfigurationList = F0A9D63A27D2AD3E00E63CD2 /* Build configuration list for PBXProject "Expense" */;
			compatibilityVersion = "Xcode 13.0";
			developmentRegion = en;
			hasScannedForEncodings = 0;
			knownRegions = (
				en,
				Base,
				ru,
			);
			mainGroup = F0A9D63627D2AD3E00E63CD2;
			productRefGroup = F0A9D64027D2AD3E00E63CD2 /* Products */;
			projectDirPath = "";
			projectRoot = "";
			targets = (
				F0A9D63E27D2AD3E00E63CD2 /* Expense */,
				F092599F2854F9A900C23B1B /* ExpenseTests */,
				F09259AC2854F9B400C23B1B /* ExpenseUITests */,
			);
		};
/* End PBXProject section */

/* Begin PBXResourcesBuildPhase section */
		F092599E2854F9A900C23B1B /* Resources */ = {
			isa = PBXResourcesBuildPhase;
			buildActionMask = 2147483647;
			files = (
			);
			runOnlyForDeploymentPostprocessing = 0;
		};
		F09259AB2854F9B400C23B1B /* Resources */ = {
			isa = PBXResourcesBuildPhase;
			buildActionMask = 2147483647;
			files = (
			);
			runOnlyForDeploymentPostprocessing = 0;
		};
		F0A9D63D27D2AD3E00E63CD2 /* Resources */ = {
			isa = PBXResourcesBuildPhase;
			buildActionMask = 2147483647;
			files = (
				F0A9D65227D2AD4200E63CD2 /* LaunchScreen.storyboard in Resources */,
				F0004FA92883253300AA02A9 /* Assets.xcassets in Resources */,
				F0004FA42883252F00AA02A9 /* Localizable.strings in Resources */,
			);
			runOnlyForDeploymentPostprocessing = 0;
		};
/* End PBXResourcesBuildPhase section */

/* Begin PBXSourcesBuildPhase section */
		F092599C2854F9A900C23B1B /* Sources */ = {
			isa = PBXSourcesBuildPhase;
			buildActionMask = 2147483647;
			files = (
				F09259A32854F9A900C23B1B /* ExpenseTests.swift in Sources */,
			);
			runOnlyForDeploymentPostprocessing = 0;
		};
		F09259A92854F9B400C23B1B /* Sources */ = {
			isa = PBXSourcesBuildPhase;
			buildActionMask = 2147483647;
			files = (
				F09259B02854F9B400C23B1B /* ExpenseUITests.swift in Sources */,
				F09259B22854F9B400C23B1B /* ExpenseUITestsLaunchTests.swift in Sources */,
			);
			runOnlyForDeploymentPostprocessing = 0;
		};
		F0A9D63B27D2AD3E00E63CD2 /* Sources */ = {
			isa = PBXSourcesBuildPhase;
			buildActionMask = 2147483647;
			files = (
				F0A49650288499AF00B8D465 /* CreateAccountRouter.swift in Sources */,
				F004A28E2884010800D03CB8 /* HistoryRouter.swift in Sources */,
				F066A77E2888069B00C2F1F4 /* TransactionCollectionViewCell.swift in Sources */,
				F0205C5A287C2A4300104E2F /* AddTransactionViewController.swift in Sources */,
				F007E569286B7DC50073C74D /* Category+CoreDataClass.swift in Sources */,
				F02114192880733B00ACE1D7 /* UISegmentedControl.swift in Sources */,
				F057E9E6286788D40083C003 /* TransactionInfo.swift in Sources */,
				F007E567286B7DC50073C74D /* Transaction+CoreDataClass.swift in Sources */,
				F0F70A252864826D00656370 /* String.swift in Sources */,
				F004A28D2884010800D03CB8 /* HistoryPresenter.swift in Sources */,
				F07C251A2870E3310000021E /* SettingsTableViewCell.swift in Sources */,
				F09586DD289549F8003474DD /* UserDefault.swift in Sources */,
				F02C1A4C2894309000BA359A /* ProgressSection.swift in Sources */,
				F0A49651288499AF00B8D465 /* CreateAccountViewController.swift in Sources */,
				F004A26F2883FB1200D03CB8 /* UIAlertController.swift in Sources */,
				F0004FB62883556B00AA02A9 /* SettingsRouter.swift in Sources */,
				F0612D5A286C691C009B641A /* HistoryTableViewCell.swift in Sources */,
				F0477391288FEF1B00CD9A12 /* BulletView.swift in Sources */,
				F02C1A512894312E00BA359A /* MoreSection.swift in Sources */,
				F0612D58286C67F2009B641A /* HistoryTableViewHeader.swift in Sources */,
				F004E92E287EF22000ACADEE /* HomeCollectionViewFooter.swift in Sources */,
				F0F16EC12889B67F00D530DA /* OnboardingPresenter.swift in Sources */,
				F0477390288FEF1A00CD9A12 /* UIColor.swift in Sources */,
				F0004FA52883252F00AA02A9 /* Texts.swift in Sources */,
				F0C819392885F2FB00434900 /* Account+CoreDataProperties.swift in Sources */,
				F007E563286B7DC50073C74D /* Budget+CoreDataClass.swift in Sources */,
				F007E566286B7DC50073C74D /* Goal+CoreDataProperties.swift in Sources */,
				F010E9C32871972000AFD1D0 /* TitleLabel.swift in Sources */,
				F004A2942884014100D03CB8 /* AnalyticsPresenter.swift in Sources */,
				F004A29C2884062500D03CB8 /* AddTransactionAssembly.swift in Sources */,
				F057E9EA28678B180083C003 /* AccountInfo.swift in Sources */,
				F0004FAC2883535000AA02A9 /* HomeAssembly.swift in Sources */,
				F0E35A16287E29EC0070B3EF /* Currency.swift in Sources */,
				F0A49662288499EA00B8D465 /* TransactionDetailsAssembly.swift in Sources */,
				F0F16EC32889B67F00D530DA /* OnboardingViewController.swift in Sources */,
				F0B270F0287D780300AC6DAE /* SubtitleLabel.swift in Sources */,
				F05CAD71289304D2002AABD5 /* SceneDelegate.swift in Sources */,
				F0B270EE287D72BB00AC6DAE /* AccountCollectionViewCell.swift in Sources */,
				F057E9EC28678B4E0083C003 /* GoalInfo.swift in Sources */,
				F004E930287F224800ACADEE /* NotificationName.swift in Sources */,
				F07286532876C8B200B93224 /* ChartsCollectionViewCell.swift in Sources */,
				F0E35A03287E02350070B3EF /* AccountSection.swift in Sources */,
				F0F16EBC2889AB4400D530DA /* NSAttributedString.swift in Sources */,
				F065E2402889E25300D34D10 /* NSExpression.swift in Sources */,
				F004A29A2884062500D03CB8 /* AddTransactionPresenter.swift in Sources */,
				F02C1A482894305700BA359A /* EmptySection.swift in Sources */,
				F004A29B2884062500D03CB8 /* AddTransactionRouter.swift in Sources */,
				F0A9D64D27D2AD3E00E63CD2 /* Expense.xcdatamodeld in Sources */,
				F057E9E82867890E0083C003 /* Period.swift in Sources */,
				F004A2952884014100D03CB8 /* AnalyticsRouter.swift in Sources */,
				F0004FB2288354C600AA02A9 /* SettingsPresenter.swift in Sources */,
				F0F16EC22889B67F00D530DA /* OnboardingRouter.swift in Sources */,
				F004E92C287EDA8900ACADEE /* HomeCollectionViewHeader.swift in Sources */,
				F09586DF28954B79003474DD /* Optional.swift in Sources */,
				F073DAE0287C930D00907507 /* Tagged.swift in Sources */,
				F01510BF2872E7AC00B858BC /* SettingsViewController.swift in Sources */,
				F007E565286B7DC50073C74D /* Goal+CoreDataClass.swift in Sources */,
				F0477392288FEF1B00CD9A12 /* Section.swift in Sources */,
				F004A2902884010800D03CB8 /* HistoryAssembly.swift in Sources */,
				F042C2BD2866F0AA0002208F /* HistoryViewController.swift in Sources */,
				F004A2962884014100D03CB8 /* AnalyticsAssembly.swift in Sources */,
				F09586DB28954956003474DD /* UserDefaults.swift in Sources */,
				F057E9EE28678B680083C003 /* BudgetInfo.swift in Sources */,
				F0A9D64327D2AD3E00E63CD2 /* AppDelegate.swift in Sources */,
				F0004FB0288353C200AA02A9 /* HomeRouter.swift in Sources */,
				F007E572286B80010073C74D /* CategoryInfo.swift in Sources */,
				F0B6ABF2286FB07E00CB88C1 /* UIButton.swift in Sources */,
				F007E56A286B7DC50073C74D /* Category+CoreDataProperties.swift in Sources */,
				F042C2BF2866F0CC0002208F /* AnalyticsViewController.swift in Sources */,
				F0004FAA2883253300AA02A9 /* Images.swift in Sources */,
				F0A4964F288499AF00B8D465 /* CreateAccountPresenter.swift in Sources */,
				F007E564286B7DC50073C74D /* Budget+CoreDataProperties.swift in Sources */,
				F0A49652288499AF00B8D465 /* CreateAccountAssembly.swift in Sources */,
				F042C2BB2866EFAD0002208F /* AppCoordinator.swift in Sources */,
				F06080F5286EDD3900782D99 /* Date.swift in Sources */,
				F0A4965F288499EA00B8D465 /* TransactionDetailsPresenter.swift in Sources */,
				F0C819352885E32100434900 /* Double.swift in Sources */,
				F007E568286B7DC50073C74D /* Transaction+CoreDataProperties.swift in Sources */,
				F0477394288FEF1B00CD9A12 /* UIView.swift in Sources */,
				F0004FB42883556200AA02A9 /* SettingsAssembly.swift in Sources */,
				F0C819382885F2FB00434900 /* Account+CoreDataClass.swift in Sources */,
				F02C1A4A2894307800BA359A /* EmptyCollectionViewCell.swift in Sources */,
				F0477393288FEF1B00CD9A12 /* CircularProgressView.swift in Sources */,
				F0A49661288499EA00B8D465 /* TransactionDetailsViewController.swift in Sources */,
				F042C2AE2866EC330002208F /* CoreDataManager.swift in Sources */,
				F01510C12872E87E00B858BC /* ProfileTableViewCell.swift in Sources */,
				F0A49660288499EA00B8D465 /* TransactionDetailsRouter.swift in Sources */,
				F0E89CC1285F11A800036575 /* HomeViewController.swift in Sources */,
				F02C1A4E289430A700BA359A /* ProgressCollectionViewCell.swift in Sources */,
				F00FD41828893EEC00889819 /* TransactionSection.swift in Sources */,
				F0F16EC42889B67F00D530DA /* OnboardingAssembly.swift in Sources */,
				F02C1A532894314100BA359A /* MoreCollectionViewCell.swift.swift in Sources */,
				F0004FAE2883538000AA02A9 /* HomePresenter.swift in Sources */,
			);
			runOnlyForDeploymentPostprocessing = 0;
		};
/* End PBXSourcesBuildPhase section */

/* Begin PBXTargetDependency section */
		F09259A52854F9A900C23B1B /* PBXTargetDependency */ = {
			isa = PBXTargetDependency;
			target = F0A9D63E27D2AD3E00E63CD2 /* Expense */;
			targetProxy = F09259A42854F9A900C23B1B /* PBXContainerItemProxy */;
		};
		F09259B42854F9B400C23B1B /* PBXTargetDependency */ = {
			isa = PBXTargetDependency;
			target = F0A9D63E27D2AD3E00E63CD2 /* Expense */;
			targetProxy = F09259B32854F9B400C23B1B /* PBXContainerItemProxy */;
		};
/* End PBXTargetDependency section */

/* Begin PBXVariantGroup section */
		F0004FA02883252F00AA02A9 /* Localizable.strings */ = {
			isa = PBXVariantGroup;
			children = (
				F0004FA12883252F00AA02A9 /* en */,
				F0004FA22883252F00AA02A9 /* ru */,
			);
			name = Localizable.strings;
			sourceTree = "<group>";
		};
		F0A9D65027D2AD4100E63CD2 /* LaunchScreen.storyboard */ = {
			isa = PBXVariantGroup;
			children = (
				F0A9D65127D2AD4100E63CD2 /* Base */,
				F042C2B12866ED390002208F /* ru */,
			);
			name = LaunchScreen.storyboard;
			sourceTree = "<group>";
		};
/* End PBXVariantGroup section */

/* Begin XCBuildConfiguration section */
		F09259A62854F9A900C23B1B /* Debug */ = {
			isa = XCBuildConfiguration;
			buildSettings = {
				BUNDLE_LOADER = "$(TEST_HOST)";
				CODE_SIGN_STYLE = Automatic;
				CURRENT_PROJECT_VERSION = 1;
				DEVELOPMENT_TEAM = H8V3Y2JKY7;
				GENERATE_INFOPLIST_FILE = YES;
				IPHONEOS_DEPLOYMENT_TARGET = 15.5;
				MARKETING_VERSION = 1.0;
				PRODUCT_BUNDLE_IDENTIFIER = com.egbad.ExpenseTests;
				PRODUCT_NAME = "$(TARGET_NAME)";
				SWIFT_EMIT_LOC_STRINGS = NO;
				SWIFT_VERSION = 5.0;
				TARGETED_DEVICE_FAMILY = "1,2";
				TEST_HOST = "$(BUILT_PRODUCTS_DIR)/Expense.app/Expense";
			};
			name = Debug;
		};
		F09259A72854F9A900C23B1B /* Release */ = {
			isa = XCBuildConfiguration;
			buildSettings = {
				BUNDLE_LOADER = "$(TEST_HOST)";
				CODE_SIGN_STYLE = Automatic;
				CURRENT_PROJECT_VERSION = 1;
				DEVELOPMENT_TEAM = H8V3Y2JKY7;
				GENERATE_INFOPLIST_FILE = YES;
				IPHONEOS_DEPLOYMENT_TARGET = 15.5;
				MARKETING_VERSION = 1.0;
				PRODUCT_BUNDLE_IDENTIFIER = com.egbad.ExpenseTests;
				PRODUCT_NAME = "$(TARGET_NAME)";
				SWIFT_EMIT_LOC_STRINGS = NO;
				SWIFT_VERSION = 5.0;
				TARGETED_DEVICE_FAMILY = "1,2";
				TEST_HOST = "$(BUILT_PRODUCTS_DIR)/Expense.app/Expense";
			};
			name = Release;
		};
		F09259B62854F9B400C23B1B /* Debug */ = {
			isa = XCBuildConfiguration;
			buildSettings = {
				CODE_SIGN_STYLE = Automatic;
				CURRENT_PROJECT_VERSION = 1;
				DEVELOPMENT_TEAM = H8V3Y2JKY7;
				GENERATE_INFOPLIST_FILE = YES;
				IPHONEOS_DEPLOYMENT_TARGET = 15.5;
				MARKETING_VERSION = 1.0;
				PRODUCT_BUNDLE_IDENTIFIER = com.egbad.ExpenseUITests;
				PRODUCT_NAME = "$(TARGET_NAME)";
				SWIFT_EMIT_LOC_STRINGS = NO;
				SWIFT_VERSION = 5.0;
				TARGETED_DEVICE_FAMILY = "1,2";
				TEST_TARGET_NAME = Expense;
			};
			name = Debug;
		};
		F09259B72854F9B400C23B1B /* Release */ = {
			isa = XCBuildConfiguration;
			buildSettings = {
				CODE_SIGN_STYLE = Automatic;
				CURRENT_PROJECT_VERSION = 1;
				DEVELOPMENT_TEAM = H8V3Y2JKY7;
				GENERATE_INFOPLIST_FILE = YES;
				IPHONEOS_DEPLOYMENT_TARGET = 15.5;
				MARKETING_VERSION = 1.0;
				PRODUCT_BUNDLE_IDENTIFIER = com.egbad.ExpenseUITests;
				PRODUCT_NAME = "$(TARGET_NAME)";
				SWIFT_EMIT_LOC_STRINGS = NO;
				SWIFT_VERSION = 5.0;
				TARGETED_DEVICE_FAMILY = "1,2";
				TEST_TARGET_NAME = Expense;
			};
			name = Release;
		};
		F0A9D65427D2AD4200E63CD2 /* Debug */ = {
			isa = XCBuildConfiguration;
			buildSettings = {
				ALWAYS_SEARCH_USER_PATHS = NO;
				CLANG_ANALYZER_LOCALIZABILITY_NONLOCALIZED = YES;
				CLANG_ANALYZER_NONNULL = YES;
				CLANG_ANALYZER_NUMBER_OBJECT_CONVERSION = YES_AGGRESSIVE;
				CLANG_CXX_LANGUAGE_STANDARD = "gnu++17";
				CLANG_CXX_LIBRARY = "libc++";
				CLANG_ENABLE_MODULES = YES;
				CLANG_ENABLE_OBJC_ARC = YES;
				CLANG_ENABLE_OBJC_WEAK = YES;
				CLANG_WARN_BLOCK_CAPTURE_AUTORELEASING = YES;
				CLANG_WARN_BOOL_CONVERSION = YES;
				CLANG_WARN_COMMA = YES;
				CLANG_WARN_CONSTANT_CONVERSION = YES;
				CLANG_WARN_DEPRECATED_OBJC_IMPLEMENTATIONS = YES;
				CLANG_WARN_DIRECT_OBJC_ISA_USAGE = YES_ERROR;
				CLANG_WARN_DOCUMENTATION_COMMENTS = YES;
				CLANG_WARN_EMPTY_BODY = YES;
				CLANG_WARN_ENUM_CONVERSION = YES;
				CLANG_WARN_INFINITE_RECURSION = YES;
				CLANG_WARN_INT_CONVERSION = YES;
				CLANG_WARN_NON_LITERAL_NULL_CONVERSION = YES;
				CLANG_WARN_OBJC_IMPLICIT_RETAIN_SELF = YES;
				CLANG_WARN_OBJC_LITERAL_CONVERSION = YES;
				CLANG_WARN_OBJC_ROOT_CLASS = YES_ERROR;
				CLANG_WARN_QUOTED_INCLUDE_IN_FRAMEWORK_HEADER = YES;
				CLANG_WARN_RANGE_LOOP_ANALYSIS = YES;
				CLANG_WARN_STRICT_PROTOTYPES = YES;
				CLANG_WARN_SUSPICIOUS_MOVE = YES;
				CLANG_WARN_UNGUARDED_AVAILABILITY = YES_AGGRESSIVE;
				CLANG_WARN_UNREACHABLE_CODE = YES;
				CLANG_WARN__DUPLICATE_METHOD_MATCH = YES;
				COPY_PHASE_STRIP = NO;
				DEBUG_INFORMATION_FORMAT = dwarf;
				ENABLE_STRICT_OBJC_MSGSEND = YES;
				ENABLE_TESTABILITY = YES;
				GCC_C_LANGUAGE_STANDARD = gnu11;
				GCC_DYNAMIC_NO_PIC = NO;
				GCC_NO_COMMON_BLOCKS = YES;
				GCC_OPTIMIZATION_LEVEL = 0;
				GCC_PREPROCESSOR_DEFINITIONS = (
					"DEBUG=1",
					"$(inherited)",
				);
				GCC_WARN_64_TO_32_BIT_CONVERSION = YES;
				GCC_WARN_ABOUT_RETURN_TYPE = YES_ERROR;
				GCC_WARN_UNDECLARED_SELECTOR = YES;
				GCC_WARN_UNINITIALIZED_AUTOS = YES_AGGRESSIVE;
				GCC_WARN_UNUSED_FUNCTION = YES;
				GCC_WARN_UNUSED_VARIABLE = YES;
				IPHONEOS_DEPLOYMENT_TARGET = 13.0;
				MTL_ENABLE_DEBUG_INFO = INCLUDE_SOURCE;
				MTL_FAST_MATH = YES;
				ONLY_ACTIVE_ARCH = YES;
				SDKROOT = iphoneos;
				SWIFT_ACTIVE_COMPILATION_CONDITIONS = DEBUG;
				SWIFT_OPTIMIZATION_LEVEL = "-Onone";
			};
			name = Debug;
		};
		F0A9D65527D2AD4200E63CD2 /* Release */ = {
			isa = XCBuildConfiguration;
			buildSettings = {
				ALWAYS_SEARCH_USER_PATHS = NO;
				CLANG_ANALYZER_LOCALIZABILITY_NONLOCALIZED = YES;
				CLANG_ANALYZER_NONNULL = YES;
				CLANG_ANALYZER_NUMBER_OBJECT_CONVERSION = YES_AGGRESSIVE;
				CLANG_CXX_LANGUAGE_STANDARD = "gnu++17";
				CLANG_CXX_LIBRARY = "libc++";
				CLANG_ENABLE_MODULES = YES;
				CLANG_ENABLE_OBJC_ARC = YES;
				CLANG_ENABLE_OBJC_WEAK = YES;
				CLANG_WARN_BLOCK_CAPTURE_AUTORELEASING = YES;
				CLANG_WARN_BOOL_CONVERSION = YES;
				CLANG_WARN_COMMA = YES;
				CLANG_WARN_CONSTANT_CONVERSION = YES;
				CLANG_WARN_DEPRECATED_OBJC_IMPLEMENTATIONS = YES;
				CLANG_WARN_DIRECT_OBJC_ISA_USAGE = YES_ERROR;
				CLANG_WARN_DOCUMENTATION_COMMENTS = YES;
				CLANG_WARN_EMPTY_BODY = YES;
				CLANG_WARN_ENUM_CONVERSION = YES;
				CLANG_WARN_INFINITE_RECURSION = YES;
				CLANG_WARN_INT_CONVERSION = YES;
				CLANG_WARN_NON_LITERAL_NULL_CONVERSION = YES;
				CLANG_WARN_OBJC_IMPLICIT_RETAIN_SELF = YES;
				CLANG_WARN_OBJC_LITERAL_CONVERSION = YES;
				CLANG_WARN_OBJC_ROOT_CLASS = YES_ERROR;
				CLANG_WARN_QUOTED_INCLUDE_IN_FRAMEWORK_HEADER = YES;
				CLANG_WARN_RANGE_LOOP_ANALYSIS = YES;
				CLANG_WARN_STRICT_PROTOTYPES = YES;
				CLANG_WARN_SUSPICIOUS_MOVE = YES;
				CLANG_WARN_UNGUARDED_AVAILABILITY = YES_AGGRESSIVE;
				CLANG_WARN_UNREACHABLE_CODE = YES;
				CLANG_WARN__DUPLICATE_METHOD_MATCH = YES;
				COPY_PHASE_STRIP = NO;
				DEBUG_INFORMATION_FORMAT = "dwarf-with-dsym";
				ENABLE_NS_ASSERTIONS = NO;
				ENABLE_STRICT_OBJC_MSGSEND = YES;
				GCC_C_LANGUAGE_STANDARD = gnu11;
				GCC_NO_COMMON_BLOCKS = YES;
				GCC_WARN_64_TO_32_BIT_CONVERSION = YES;
				GCC_WARN_ABOUT_RETURN_TYPE = YES_ERROR;
				GCC_WARN_UNDECLARED_SELECTOR = YES;
				GCC_WARN_UNINITIALIZED_AUTOS = YES_AGGRESSIVE;
				GCC_WARN_UNUSED_FUNCTION = YES;
				GCC_WARN_UNUSED_VARIABLE = YES;
				IPHONEOS_DEPLOYMENT_TARGET = 13.0;
				MTL_ENABLE_DEBUG_INFO = NO;
				MTL_FAST_MATH = YES;
				SDKROOT = iphoneos;
				SWIFT_COMPILATION_MODE = wholemodule;
				SWIFT_OPTIMIZATION_LEVEL = "-O";
				VALIDATE_PRODUCT = YES;
			};
			name = Release;
		};
		F0A9D65727D2AD4200E63CD2 /* Debug */ = {
			isa = XCBuildConfiguration;
			buildSettings = {
				ASSETCATALOG_COMPILER_APPICON_NAME = AppIcon;
				ASSETCATALOG_COMPILER_GLOBAL_ACCENT_COLOR_NAME = AccentColor;
				CODE_SIGN_STYLE = Automatic;
				CURRENT_PROJECT_VERSION = 1;
				DEVELOPMENT_TEAM = H8V3Y2JKY7;
				GENERATE_INFOPLIST_FILE = YES;
				INFOPLIST_FILE = Expense/Resources/Info.plist;
				INFOPLIST_KEY_UIApplicationSupportsIndirectInputEvents = YES;
				INFOPLIST_KEY_UILaunchStoryboardName = LaunchScreen;
				INFOPLIST_KEY_UISupportedInterfaceOrientations = "UIInterfaceOrientationPortrait UIInterfaceOrientationPortraitUpsideDown";
				INFOPLIST_KEY_UISupportedInterfaceOrientations_iPad = "UIInterfaceOrientationPortrait UIInterfaceOrientationPortraitUpsideDown UIInterfaceOrientationLandscapeLeft UIInterfaceOrientationLandscapeRight";
				INFOPLIST_KEY_UISupportedInterfaceOrientations_iPhone = "UIInterfaceOrientationPortrait UIInterfaceOrientationLandscapeLeft UIInterfaceOrientationLandscapeRight";
				IPHONEOS_DEPLOYMENT_TARGET = 13.0;
				LD_RUNPATH_SEARCH_PATHS = (
					"$(inherited)",
					"@executable_path/Frameworks",
				);
				MARKETING_VERSION = 1.0;
				PRODUCT_BUNDLE_IDENTIFIER = com.egbad.Expense;
				PRODUCT_NAME = "$(TARGET_NAME)";
				SWIFT_EMIT_LOC_STRINGS = YES;
				SWIFT_VERSION = 5.0;
				TARGETED_DEVICE_FAMILY = 1;
			};
			name = Debug;
		};
		F0A9D65827D2AD4200E63CD2 /* Release */ = {
			isa = XCBuildConfiguration;
			buildSettings = {
				ASSETCATALOG_COMPILER_APPICON_NAME = AppIcon;
				ASSETCATALOG_COMPILER_GLOBAL_ACCENT_COLOR_NAME = AccentColor;
				CODE_SIGN_STYLE = Automatic;
				CURRENT_PROJECT_VERSION = 1;
				DEVELOPMENT_TEAM = H8V3Y2JKY7;
				GENERATE_INFOPLIST_FILE = YES;
				INFOPLIST_FILE = Expense/Resources/Info.plist;
				INFOPLIST_KEY_UIApplicationSupportsIndirectInputEvents = YES;
				INFOPLIST_KEY_UILaunchStoryboardName = LaunchScreen;
				INFOPLIST_KEY_UISupportedInterfaceOrientations = "UIInterfaceOrientationPortrait UIInterfaceOrientationPortraitUpsideDown";
				INFOPLIST_KEY_UISupportedInterfaceOrientations_iPad = "UIInterfaceOrientationPortrait UIInterfaceOrientationPortraitUpsideDown UIInterfaceOrientationLandscapeLeft UIInterfaceOrientationLandscapeRight";
				INFOPLIST_KEY_UISupportedInterfaceOrientations_iPhone = "UIInterfaceOrientationPortrait UIInterfaceOrientationLandscapeLeft UIInterfaceOrientationLandscapeRight";
				IPHONEOS_DEPLOYMENT_TARGET = 13.0;
				LD_RUNPATH_SEARCH_PATHS = (
					"$(inherited)",
					"@executable_path/Frameworks",
				);
				MARKETING_VERSION = 1.0;
				PRODUCT_BUNDLE_IDENTIFIER = com.egbad.Expense;
				PRODUCT_NAME = "$(TARGET_NAME)";
				SWIFT_EMIT_LOC_STRINGS = YES;
				SWIFT_VERSION = 5.0;
				TARGETED_DEVICE_FAMILY = 1;
			};
			name = Release;
		};
/* End XCBuildConfiguration section */

/* Begin XCConfigurationList section */
		F09259A82854F9A900C23B1B /* Build configuration list for PBXNativeTarget "ExpenseTests" */ = {
			isa = XCConfigurationList;
			buildConfigurations = (
				F09259A62854F9A900C23B1B /* Debug */,
				F09259A72854F9A900C23B1B /* Release */,
			);
			defaultConfigurationIsVisible = 0;
			defaultConfigurationName = Release;
		};
		F09259B52854F9B400C23B1B /* Build configuration list for PBXNativeTarget "ExpenseUITests" */ = {
			isa = XCConfigurationList;
			buildConfigurations = (
				F09259B62854F9B400C23B1B /* Debug */,
				F09259B72854F9B400C23B1B /* Release */,
			);
			defaultConfigurationIsVisible = 0;
			defaultConfigurationName = Release;
		};
		F0A9D63A27D2AD3E00E63CD2 /* Build configuration list for PBXProject "Expense" */ = {
			isa = XCConfigurationList;
			buildConfigurations = (
				F0A9D65427D2AD4200E63CD2 /* Debug */,
				F0A9D65527D2AD4200E63CD2 /* Release */,
			);
			defaultConfigurationIsVisible = 0;
			defaultConfigurationName = Release;
		};
		F0A9D65627D2AD4200E63CD2 /* Build configuration list for PBXNativeTarget "Expense" */ = {
			isa = XCConfigurationList;
			buildConfigurations = (
				F0A9D65727D2AD4200E63CD2 /* Debug */,
				F0A9D65827D2AD4200E63CD2 /* Release */,
			);
			defaultConfigurationIsVisible = 0;
			defaultConfigurationName = Release;
		};
/* End XCConfigurationList section */

/* Begin XCSwiftPackageProductDependency section */
		F060110E28928308008774AB /* EmojiPicker */ = {
			isa = XCSwiftPackageProductDependency;
			productName = EmojiPicker;
		};
/* End XCSwiftPackageProductDependency section */

/* Begin XCVersionGroup section */
		F0A9D64B27D2AD3E00E63CD2 /* Expense.xcdatamodeld */ = {
			isa = XCVersionGroup;
			children = (
				F0A9D64C27D2AD3E00E63CD2 /* Expense.xcdatamodel */,
			);
			currentVersion = F0A9D64C27D2AD3E00E63CD2 /* Expense.xcdatamodel */;
			path = Expense.xcdatamodeld;
			sourceTree = "<group>";
			versionGroupType = wrapper.xcdatamodel;
		};
/* End XCVersionGroup section */
	};
	rootObject = F0A9D63727D2AD3E00E63CD2 /* Project object */;
}
