// !$*UTF8*$!
{
	archiveVersion = 1;
	classes = {
	};
	objectVersion = 55;
	objects = {

/* Begin PBXBuildFile section */
		4A1E6CB75742E45325C515E3 /* Pods_Expense.framework in Frameworks */ = {isa = PBXBuildFile; fileRef = 35723E1809BBAFF0700B9B48 /* Pods_Expense.framework */; };
		F042C2AE2866EC330002208F /* CoreDataManager.swift in Sources */ = {isa = PBXBuildFile; fileRef = F042C2AD2866EC330002208F /* CoreDataManager.swift */; };
		F042C2B02866EC800002208F /* UserDefaultsContainer.swift in Sources */ = {isa = PBXBuildFile; fileRef = F042C2AF2866EC800002208F /* UserDefaultsContainer.swift */; };
		F042C2B62866EDAA0002208F /* Localizable.strings in Resources */ = {isa = PBXBuildFile; fileRef = F042C2B82866EDAA0002208F /* Localizable.strings */; };
		F042C2BB2866EFAD0002208F /* AppCoordinator.swift in Sources */ = {isa = PBXBuildFile; fileRef = F042C2BA2866EFAD0002208F /* AppCoordinator.swift */; };
		F042C2BD2866F0AA0002208F /* HistoryViewController.swift in Sources */ = {isa = PBXBuildFile; fileRef = F042C2BC2866F0AA0002208F /* HistoryViewController.swift */; };
		F042C2BF2866F0CC0002208F /* AnalyticsViewController.swift in Sources */ = {isa = PBXBuildFile; fileRef = F042C2BE2866F0CC0002208F /* AnalyticsViewController.swift */; };
		F042C2C12866F10C0002208F /* Icons.swift in Sources */ = {isa = PBXBuildFile; fileRef = F042C2C02866F10C0002208F /* Icons.swift */; };
		F09259A32854F9A900C23B1B /* ExpenseTests.swift in Sources */ = {isa = PBXBuildFile; fileRef = F09259A22854F9A900C23B1B /* ExpenseTests.swift */; };
		F09259B02854F9B400C23B1B /* ExpenseUITests.swift in Sources */ = {isa = PBXBuildFile; fileRef = F09259AF2854F9B400C23B1B /* ExpenseUITests.swift */; };
		F09259B22854F9B400C23B1B /* ExpenseUITestsLaunchTests.swift in Sources */ = {isa = PBXBuildFile; fileRef = F09259B12854F9B400C23B1B /* ExpenseUITestsLaunchTests.swift */; };
		F0A452D828670FA0005B5450 /* Settings.swift in Sources */ = {isa = PBXBuildFile; fileRef = F0A452D728670FA0005B5450 /* Settings.swift */; };
		F0A452FC2867133D005B5450 /* Category+CoreDataClass.swift in Sources */ = {isa = PBXBuildFile; fileRef = F0A452F22867133D005B5450 /* Category+CoreDataClass.swift */; };
		F0A452FD2867133D005B5450 /* Category+CoreDataProperties.swift in Sources */ = {isa = PBXBuildFile; fileRef = F0A452F32867133D005B5450 /* Category+CoreDataProperties.swift */; };
		F0A452FE2867133D005B5450 /* Budget+CoreDataClass.swift in Sources */ = {isa = PBXBuildFile; fileRef = F0A452F42867133D005B5450 /* Budget+CoreDataClass.swift */; };
		F0A452FF2867133D005B5450 /* Budget+CoreDataProperties.swift in Sources */ = {isa = PBXBuildFile; fileRef = F0A452F52867133D005B5450 /* Budget+CoreDataProperties.swift */; };
		F0A453002867133D005B5450 /* Transaction+CoreDataClass.swift in Sources */ = {isa = PBXBuildFile; fileRef = F0A452F62867133D005B5450 /* Transaction+CoreDataClass.swift */; };
		F0A453012867133D005B5450 /* Transaction+CoreDataProperties.swift in Sources */ = {isa = PBXBuildFile; fileRef = F0A452F72867133D005B5450 /* Transaction+CoreDataProperties.swift */; };
		F0A453022867133D005B5450 /* Wallet+CoreDataClass.swift in Sources */ = {isa = PBXBuildFile; fileRef = F0A452F82867133D005B5450 /* Wallet+CoreDataClass.swift */; };
		F0A453032867133D005B5450 /* Wallet+CoreDataProperties.swift in Sources */ = {isa = PBXBuildFile; fileRef = F0A452F92867133D005B5450 /* Wallet+CoreDataProperties.swift */; };
		F0A453042867133D005B5450 /* Goal+CoreDataClass.swift in Sources */ = {isa = PBXBuildFile; fileRef = F0A452FA2867133D005B5450 /* Goal+CoreDataClass.swift */; };
		F0A453052867133D005B5450 /* Goal+CoreDataProperties.swift in Sources */ = {isa = PBXBuildFile; fileRef = F0A452FB2867133D005B5450 /* Goal+CoreDataProperties.swift */; };
		F0A9D64327D2AD3E00E63CD2 /* AppDelegate.swift in Sources */ = {isa = PBXBuildFile; fileRef = F0A9D64227D2AD3E00E63CD2 /* AppDelegate.swift */; };
		F0A9D64D27D2AD3E00E63CD2 /* Expense.xcdatamodeld in Sources */ = {isa = PBXBuildFile; fileRef = F0A9D64B27D2AD3E00E63CD2 /* Expense.xcdatamodeld */; };
		F0A9D64F27D2AD4100E63CD2 /* Assets.xcassets in Resources */ = {isa = PBXBuildFile; fileRef = F0A9D64E27D2AD4100E63CD2 /* Assets.xcassets */; };
		F0A9D65227D2AD4200E63CD2 /* LaunchScreen.storyboard in Resources */ = {isa = PBXBuildFile; fileRef = F0A9D65027D2AD4100E63CD2 /* LaunchScreen.storyboard */; };
		F0E89CC1285F11A800036575 /* HomeViewController.swift in Sources */ = {isa = PBXBuildFile; fileRef = F0E89CC0285F11A800036575 /* HomeViewController.swift */; };
		F0F70A202864820000656370 /* Colors.swift in Sources */ = {isa = PBXBuildFile; fileRef = F0F70A1F2864820000656370 /* Colors.swift */; };
		F0F70A222864825700656370 /* Texts.swift in Sources */ = {isa = PBXBuildFile; fileRef = F0F70A212864825700656370 /* Texts.swift */; };
		F0F70A252864826D00656370 /* String.swift in Sources */ = {isa = PBXBuildFile; fileRef = F0F70A242864826D00656370 /* String.swift */; };
/* End PBXBuildFile section */

/* Begin PBXContainerItemProxy section */
		F09259A42854F9A900C23B1B /* PBXContainerItemProxy */ = {
			isa = PBXContainerItemProxy;
			containerPortal = F0A9D63727D2AD3E00E63CD2 /* Project object */;
			proxyType = 1;
			remoteGlobalIDString = F0A9D63E27D2AD3E00E63CD2;
			remoteInfo = Expense;
		};
		F09259B32854F9B400C23B1B /* PBXContainerItemProxy */ = {
			isa = PBXContainerItemProxy;
			containerPortal = F0A9D63727D2AD3E00E63CD2 /* Project object */;
			proxyType = 1;
			remoteGlobalIDString = F0A9D63E27D2AD3E00E63CD2;
			remoteInfo = Expense;
		};
/* End PBXContainerItemProxy section */

/* Begin PBXFileReference section */
		3383092DE6613391D227F52E /* Pods-Expense.release.xcconfig */ = {isa = PBXFileReference; includeInIndex = 1; lastKnownFileType = text.xcconfig; name = "Pods-Expense.release.xcconfig"; path = "Target Support Files/Pods-Expense/Pods-Expense.release.xcconfig"; sourceTree = "<group>"; };
		35723E1809BBAFF0700B9B48 /* Pods_Expense.framework */ = {isa = PBXFileReference; explicitFileType = wrapper.framework; includeInIndex = 0; path = Pods_Expense.framework; sourceTree = BUILT_PRODUCTS_DIR; };
		C431E4C5CE2D124CE97E150C /* Pods-Expense.debug.xcconfig */ = {isa = PBXFileReference; includeInIndex = 1; lastKnownFileType = text.xcconfig; name = "Pods-Expense.debug.xcconfig"; path = "Target Support Files/Pods-Expense/Pods-Expense.debug.xcconfig"; sourceTree = "<group>"; };
		F042C2AD2866EC330002208F /* CoreDataManager.swift */ = {isa = PBXFileReference; lastKnownFileType = sourcecode.swift; path = CoreDataManager.swift; sourceTree = "<group>"; };
		F042C2AF2866EC800002208F /* UserDefaultsContainer.swift */ = {isa = PBXFileReference; lastKnownFileType = sourcecode.swift; path = UserDefaultsContainer.swift; sourceTree = "<group>"; };
		F042C2B12866ED390002208F /* ru */ = {isa = PBXFileReference; lastKnownFileType = text.plist.strings; name = ru; path = ru.lproj/LaunchScreen.strings; sourceTree = "<group>"; };
		F042C2B72866EDAA0002208F /* en */ = {isa = PBXFileReference; lastKnownFileType = text.plist.strings; name = en; path = en.lproj/Localizable.strings; sourceTree = "<group>"; };
		F042C2B92866EDAC0002208F /* ru */ = {isa = PBXFileReference; lastKnownFileType = text.plist.strings; name = ru; path = ru.lproj/Localizable.strings; sourceTree = "<group>"; };
		F042C2BA2866EFAD0002208F /* AppCoordinator.swift */ = {isa = PBXFileReference; lastKnownFileType = sourcecode.swift; path = AppCoordinator.swift; sourceTree = "<group>"; };
		F042C2BC2866F0AA0002208F /* HistoryViewController.swift */ = {isa = PBXFileReference; lastKnownFileType = sourcecode.swift; path = HistoryViewController.swift; sourceTree = "<group>"; };
		F042C2BE2866F0CC0002208F /* AnalyticsViewController.swift */ = {isa = PBXFileReference; lastKnownFileType = sourcecode.swift; path = AnalyticsViewController.swift; sourceTree = "<group>"; };
		F042C2C02866F10C0002208F /* Icons.swift */ = {isa = PBXFileReference; lastKnownFileType = sourcecode.swift; path = Icons.swift; sourceTree = "<group>"; };
		F09259A02854F9A900C23B1B /* ExpenseTests.xctest */ = {isa = PBXFileReference; explicitFileType = wrapper.cfbundle; includeInIndex = 0; path = ExpenseTests.xctest; sourceTree = BUILT_PRODUCTS_DIR; };
		F09259A22854F9A900C23B1B /* ExpenseTests.swift */ = {isa = PBXFileReference; lastKnownFileType = sourcecode.swift; path = ExpenseTests.swift; sourceTree = "<group>"; };
		F09259AD2854F9B400C23B1B /* ExpenseUITests.xctest */ = {isa = PBXFileReference; explicitFileType = wrapper.cfbundle; includeInIndex = 0; path = ExpenseUITests.xctest; sourceTree = BUILT_PRODUCTS_DIR; };
		F09259AF2854F9B400C23B1B /* ExpenseUITests.swift */ = {isa = PBXFileReference; lastKnownFileType = sourcecode.swift; path = ExpenseUITests.swift; sourceTree = "<group>"; };
		F09259B12854F9B400C23B1B /* ExpenseUITestsLaunchTests.swift */ = {isa = PBXFileReference; lastKnownFileType = sourcecode.swift; path = ExpenseUITestsLaunchTests.swift; sourceTree = "<group>"; };
		F0A452D728670FA0005B5450 /* Settings.swift */ = {isa = PBXFileReference; lastKnownFileType = sourcecode.swift; path = Settings.swift; sourceTree = "<group>"; };
		F0A452F22867133D005B5450 /* Category+CoreDataClass.swift */ = {isa = PBXFileReference; lastKnownFileType = sourcecode.swift; path = "Category+CoreDataClass.swift"; sourceTree = SOURCE_ROOT; };
		F0A452F32867133D005B5450 /* Category+CoreDataProperties.swift */ = {isa = PBXFileReference; lastKnownFileType = sourcecode.swift; path = "Category+CoreDataProperties.swift"; sourceTree = SOURCE_ROOT; };
		F0A452F42867133D005B5450 /* Budget+CoreDataClass.swift */ = {isa = PBXFileReference; lastKnownFileType = sourcecode.swift; path = "Budget+CoreDataClass.swift"; sourceTree = SOURCE_ROOT; };
		F0A452F52867133D005B5450 /* Budget+CoreDataProperties.swift */ = {isa = PBXFileReference; lastKnownFileType = sourcecode.swift; path = "Budget+CoreDataProperties.swift"; sourceTree = SOURCE_ROOT; };
		F0A452F62867133D005B5450 /* Transaction+CoreDataClass.swift */ = {isa = PBXFileReference; lastKnownFileType = sourcecode.swift; path = "Transaction+CoreDataClass.swift"; sourceTree = SOURCE_ROOT; };
		F0A452F72867133D005B5450 /* Transaction+CoreDataProperties.swift */ = {isa = PBXFileReference; lastKnownFileType = sourcecode.swift; path = "Transaction+CoreDataProperties.swift"; sourceTree = SOURCE_ROOT; };
		F0A452F82867133D005B5450 /* Wallet+CoreDataClass.swift */ = {isa = PBXFileReference; lastKnownFileType = sourcecode.swift; path = "Wallet+CoreDataClass.swift"; sourceTree = SOURCE_ROOT; };
		F0A452F92867133D005B5450 /* Wallet+CoreDataProperties.swift */ = {isa = PBXFileReference; lastKnownFileType = sourcecode.swift; path = "Wallet+CoreDataProperties.swift"; sourceTree = SOURCE_ROOT; };
		F0A452FA2867133D005B5450 /* Goal+CoreDataClass.swift */ = {isa = PBXFileReference; lastKnownFileType = sourcecode.swift; path = "Goal+CoreDataClass.swift"; sourceTree = SOURCE_ROOT; };
		F0A452FB2867133D005B5450 /* Goal+CoreDataProperties.swift */ = {isa = PBXFileReference; lastKnownFileType = sourcecode.swift; path = "Goal+CoreDataProperties.swift"; sourceTree = SOURCE_ROOT; };
		F0A9D63F27D2AD3E00E63CD2 /* Expense.app */ = {isa = PBXFileReference; explicitFileType = wrapper.application; includeInIndex = 0; path = Expense.app; sourceTree = BUILT_PRODUCTS_DIR; };
		F0A9D64227D2AD3E00E63CD2 /* AppDelegate.swift */ = {isa = PBXFileReference; lastKnownFileType = sourcecode.swift; path = AppDelegate.swift; sourceTree = "<group>"; };
		F0A9D64C27D2AD3E00E63CD2 /* Expense.xcdatamodel */ = {isa = PBXFileReference; lastKnownFileType = wrapper.xcdatamodel; path = Expense.xcdatamodel; sourceTree = "<group>"; };
		F0A9D64E27D2AD4100E63CD2 /* Assets.xcassets */ = {isa = PBXFileReference; lastKnownFileType = folder.assetcatalog; path = Assets.xcassets; sourceTree = "<group>"; };
		F0A9D65127D2AD4100E63CD2 /* Base */ = {isa = PBXFileReference; lastKnownFileType = file.storyboard; name = Base; path = Base.lproj/LaunchScreen.storyboard; sourceTree = "<group>"; };
		F0A9D65327D2AD4200E63CD2 /* Info.plist */ = {isa = PBXFileReference; lastKnownFileType = text.plist.xml; path = Info.plist; sourceTree = "<group>"; };
		F0E89CC0285F11A800036575 /* HomeViewController.swift */ = {isa = PBXFileReference; lastKnownFileType = sourcecode.swift; path = HomeViewController.swift; sourceTree = "<group>"; };
		F0F70A1F2864820000656370 /* Colors.swift */ = {isa = PBXFileReference; lastKnownFileType = sourcecode.swift; path = Colors.swift; sourceTree = "<group>"; };
		F0F70A212864825700656370 /* Texts.swift */ = {isa = PBXFileReference; lastKnownFileType = sourcecode.swift; path = Texts.swift; sourceTree = "<group>"; };
		F0F70A242864826D00656370 /* String.swift */ = {isa = PBXFileReference; lastKnownFileType = sourcecode.swift; path = String.swift; sourceTree = "<group>"; };
		F0FA87172854FA05005964EA /* README.md */ = {isa = PBXFileReference; lastKnownFileType = net.daringfireball.markdown; path = README.md; sourceTree = "<group>"; };
/* End PBXFileReference section */

/* Begin PBXFrameworksBuildPhase section */
		F092599D2854F9A900C23B1B /* Frameworks */ = {
			isa = PBXFrameworksBuildPhase;
			buildActionMask = 2147483647;
			files = (
			);
			runOnlyForDeploymentPostprocessing = 0;
		};
		F09259AA2854F9B400C23B1B /* Frameworks */ = {
			isa = PBXFrameworksBuildPhase;
			buildActionMask = 2147483647;
			files = (
			);
			runOnlyForDeploymentPostprocessing = 0;
		};
		F0A9D63C27D2AD3E00E63CD2 /* Frameworks */ = {
			isa = PBXFrameworksBuildPhase;
			buildActionMask = 2147483647;
			files = (
				4A1E6CB75742E45325C515E3 /* Pods_Expense.framework in Frameworks */,
			);
			runOnlyForDeploymentPostprocessing = 0;
		};
/* End PBXFrameworksBuildPhase section */

/* Begin PBXGroup section */
		34DDDC2FD5A8FFFF8941537E /* Frameworks */ = {
			isa = PBXGroup;
			children = (
				35723E1809BBAFF0700B9B48 /* Pods_Expense.framework */,
			);
			name = Frameworks;
			sourceTree = "<group>";
		};
		F09259A12854F9A900C23B1B /* ExpenseTests */ = {
			isa = PBXGroup;
			children = (
				F09259A22854F9A900C23B1B /* ExpenseTests.swift */,
			);
			path = ExpenseTests;
			sourceTree = "<group>";
		};
		F09259AE2854F9B400C23B1B /* ExpenseUITests */ = {
			isa = PBXGroup;
			children = (
				F09259AF2854F9B400C23B1B /* ExpenseUITests.swift */,
				F09259B12854F9B400C23B1B /* ExpenseUITestsLaunchTests.swift */,
			);
			path = ExpenseUITests;
			sourceTree = "<group>";
		};
		F0A452D528670F81005B5450 /* Models */ = {
			isa = PBXGroup;
			children = (
				F0A452F128671324005B5450 /* CoreData */,
				F0A452D728670FA0005B5450 /* Settings.swift */,
			);
			path = Models;
			sourceTree = "<group>";
		};
		F0A452F128671324005B5450 /* CoreData */ = {
			isa = PBXGroup;
			children = (
				F0A452F22867133D005B5450 /* Category+CoreDataClass.swift */,
				F0A452F32867133D005B5450 /* Category+CoreDataProperties.swift */,
				F0A452F42867133D005B5450 /* Budget+CoreDataClass.swift */,
				F0A452F52867133D005B5450 /* Budget+CoreDataProperties.swift */,
				F0A452F62867133D005B5450 /* Transaction+CoreDataClass.swift */,
				F0A452F72867133D005B5450 /* Transaction+CoreDataProperties.swift */,
				F0A452F82867133D005B5450 /* Wallet+CoreDataClass.swift */,
				F0A452F92867133D005B5450 /* Wallet+CoreDataProperties.swift */,
				F0A452FA2867133D005B5450 /* Goal+CoreDataClass.swift */,
				F0A452FB2867133D005B5450 /* Goal+CoreDataProperties.swift */,
			);
			path = CoreData;
			sourceTree = "<group>";
		};
		F0A9D63627D2AD3E00E63CD2 = {
			isa = PBXGroup;
			children = (
				F0FA87172854FA05005964EA /* README.md */,
				F0A9D64127D2AD3E00E63CD2 /* Expense */,
				F09259A12854F9A900C23B1B /* ExpenseTests */,
				F09259AE2854F9B400C23B1B /* ExpenseUITests */,
				F0A9D64027D2AD3E00E63CD2 /* Products */,
				F6A39DB9D24881DA8336DDC5 /* Pods */,
				34DDDC2FD5A8FFFF8941537E /* Frameworks */,
			);
			sourceTree = "<group>";
		};
		F0A9D64027D2AD3E00E63CD2 /* Products */ = {
			isa = PBXGroup;
			children = (
				F0A9D63F27D2AD3E00E63CD2 /* Expense.app */,
				F09259A02854F9A900C23B1B /* ExpenseTests.xctest */,
				F09259AD2854F9B400C23B1B /* ExpenseUITests.xctest */,
			);
			name = Products;
			sourceTree = "<group>";
		};
		F0A9D64127D2AD3E00E63CD2 /* Expense */ = {
			isa = PBXGroup;
			children = (
				F0A9D65A27D2ADFE00E63CD2 /* Application */,
				F0E89CBD285F116700036575 /* Modules */,
				F0A452D528670F81005B5450 /* Models */,
				F0A9D65E27D2AED800E63CD2 /* Services */,
				F0F70A232864825E00656370 /* Extensions */,
				F0A9D65927D2AD7D00E63CD2 /* Resources */,
			);
			path = Expense;
			sourceTree = "<group>";
		};
		F0A9D65927D2AD7D00E63CD2 /* Resources */ = {
			isa = PBXGroup;
			children = (
				F0F70A1F2864820000656370 /* Colors.swift */,
				F0F70A212864825700656370 /* Texts.swift */,
				F042C2C02866F10C0002208F /* Icons.swift */,
				F0A9D64B27D2AD3E00E63CD2 /* Expense.xcdatamodeld */,
				F0A9D64E27D2AD4100E63CD2 /* Assets.xcassets */,
				F042C2B82866EDAA0002208F /* Localizable.strings */,
				F0A9D65027D2AD4100E63CD2 /* LaunchScreen.storyboard */,
				F0A9D65327D2AD4200E63CD2 /* Info.plist */,
			);
			path = Resources;
			sourceTree = "<group>";
		};
		F0A9D65A27D2ADFE00E63CD2 /* Application */ = {
			isa = PBXGroup;
			children = (
				F0A9D64227D2AD3E00E63CD2 /* AppDelegate.swift */,
				F042C2BA2866EFAD0002208F /* AppCoordinator.swift */,
			);
			path = Application;
			sourceTree = "<group>";
		};
		F0A9D65E27D2AED800E63CD2 /* Services */ = {
			isa = PBXGroup;
			children = (
				F042C2AD2866EC330002208F /* CoreDataManager.swift */,
				F042C2AF2866EC800002208F /* UserDefaultsContainer.swift */,
			);
			path = Services;
			sourceTree = "<group>";
		};
		F0E89CBC285F115700036575 /* Home */ = {
			isa = PBXGroup;
			children = (
				F0E89CC0285F11A800036575 /* HomeViewController.swift */,
			);
			path = Home;
			sourceTree = "<group>";
		};
		F0E89CBD285F116700036575 /* Modules */ = {
			isa = PBXGroup;
			children = (
				F0E89CBC285F115700036575 /* Home */,
				F0E89CBE285F117300036575 /* History */,
				F0E89CBF285F118400036575 /* Analytics */,
			);
			path = Modules;
			sourceTree = "<group>";
		};
		F0E89CBE285F117300036575 /* History */ = {
			isa = PBXGroup;
			children = (
				F042C2BC2866F0AA0002208F /* HistoryViewController.swift */,
			);
			path = History;
			sourceTree = "<group>";
		};
		F0E89CBF285F118400036575 /* Analytics */ = {
			isa = PBXGroup;
			children = (
				F042C2BE2866F0CC0002208F /* AnalyticsViewController.swift */,
			);
			path = Analytics;
			sourceTree = "<group>";
		};
		F0F70A232864825E00656370 /* Extensions */ = {
			isa = PBXGroup;
			children = (
				F0F70A242864826D00656370 /* String.swift */,
			);
			path = Extensions;
			sourceTree = "<group>";
		};
		F6A39DB9D24881DA8336DDC5 /* Pods */ = {
			isa = PBXGroup;
			children = (
				C431E4C5CE2D124CE97E150C /* Pods-Expense.debug.xcconfig */,
				3383092DE6613391D227F52E /* Pods-Expense.release.xcconfig */,
			);
			path = Pods;
			sourceTree = "<group>";
		};
/* End PBXGroup section */

/* Begin PBXNativeTarget section */
		F092599F2854F9A900C23B1B /* ExpenseTests */ = {
			isa = PBXNativeTarget;
			buildConfigurationList = F09259A82854F9A900C23B1B /* Build configuration list for PBXNativeTarget "ExpenseTests" */;
			buildPhases = (
				F092599C2854F9A900C23B1B /* Sources */,
				F092599D2854F9A900C23B1B /* Frameworks */,
				F092599E2854F9A900C23B1B /* Resources */,
			);
			buildRules = (
			);
			dependencies = (
				F09259A52854F9A900C23B1B /* PBXTargetDependency */,
			);
			name = ExpenseTests;
			productName = ExpenseTests;
			productReference = F09259A02854F9A900C23B1B /* ExpenseTests.xctest */;
			productType = "com.apple.product-type.bundle.unit-test";
		};
		F09259AC2854F9B400C23B1B /* ExpenseUITests */ = {
			isa = PBXNativeTarget;
			buildConfigurationList = F09259B52854F9B400C23B1B /* Build configuration list for PBXNativeTarget "ExpenseUITests" */;
			buildPhases = (
				F09259A92854F9B400C23B1B /* Sources */,
				F09259AA2854F9B400C23B1B /* Frameworks */,
				F09259AB2854F9B400C23B1B /* Resources */,
			);
			buildRules = (
			);
			dependencies = (
				F09259B42854F9B400C23B1B /* PBXTargetDependency */,
			);
			name = ExpenseUITests;
			productName = ExpenseUITests;
			productReference = F09259AD2854F9B400C23B1B /* ExpenseUITests.xctest */;
			productType = "com.apple.product-type.bundle.ui-testing";
		};
		F0A9D63E27D2AD3E00E63CD2 /* Expense */ = {
			isa = PBXNativeTarget;
			buildConfigurationList = F0A9D65627D2AD4200E63CD2 /* Build configuration list for PBXNativeTarget "Expense" */;
			buildPhases = (
				678C0CB9B2C81A33521358D8 /* [CP] Check Pods Manifest.lock */,
				F0A9D63B27D2AD3E00E63CD2 /* Sources */,
				F0A9D63C27D2AD3E00E63CD2 /* Frameworks */,
				F0A9D63D27D2AD3E00E63CD2 /* Resources */,
				4AADD4E278259182B03373DE /* [CP] Embed Pods Frameworks */,
			);
			buildRules = (
			);
			dependencies = (
			);
			name = Expense;
			productName = Expense;
			productReference = F0A9D63F27D2AD3E00E63CD2 /* Expense.app */;
			productType = "com.apple.product-type.application";
		};
/* End PBXNativeTarget section */

/* Begin PBXProject section */
		F0A9D63727D2AD3E00E63CD2 /* Project object */ = {
			isa = PBXProject;
			attributes = {
				BuildIndependentTargetsInParallel = 1;
				LastSwiftUpdateCheck = 1340;
				LastUpgradeCheck = 1320;
				TargetAttributes = {
					F092599F2854F9A900C23B1B = {
						CreatedOnToolsVersion = 13.4.1;
						TestTargetID = F0A9D63E27D2AD3E00E63CD2;
					};
					F09259AC2854F9B400C23B1B = {
						CreatedOnToolsVersion = 13.4.1;
						TestTargetID = F0A9D63E27D2AD3E00E63CD2;
					};
					F0A9D63E27D2AD3E00E63CD2 = {
						CreatedOnToolsVersion = 13.2.1;
					};
				};
			};
			buildConfigurationList = F0A9D63A27D2AD3E00E63CD2 /* Build configuration list for PBXProject "Expense" */;
			compatibilityVersion = "Xcode 13.0";
			developmentRegion = en;
			hasScannedForEncodings = 0;
			knownRegions = (
				en,
				Base,
				ru,
			);
			mainGroup = F0A9D63627D2AD3E00E63CD2;
			productRefGroup = F0A9D64027D2AD3E00E63CD2 /* Products */;
			projectDirPath = "";
			projectRoot = "";
			targets = (
				F0A9D63E27D2AD3E00E63CD2 /* Expense */,
				F092599F2854F9A900C23B1B /* ExpenseTests */,
				F09259AC2854F9B400C23B1B /* ExpenseUITests */,
			);
		};
/* End PBXProject section */

/* Begin PBXResourcesBuildPhase section */
		F092599E2854F9A900C23B1B /* Resources */ = {
			isa = PBXResourcesBuildPhase;
			buildActionMask = 2147483647;
			files = (
			);
			runOnlyForDeploymentPostprocessing = 0;
		};
		F09259AB2854F9B400C23B1B /* Resources */ = {
			isa = PBXResourcesBuildPhase;
			buildActionMask = 2147483647;
			files = (
			);
			runOnlyForDeploymentPostprocessing = 0;
		};
		F0A9D63D27D2AD3E00E63CD2 /* Resources */ = {
			isa = PBXResourcesBuildPhase;
			buildActionMask = 2147483647;
			files = (
				F0A9D65227D2AD4200E63CD2 /* LaunchScreen.storyboard in Resources */,
				F042C2B62866EDAA0002208F /* Localizable.strings in Resources */,
				F0A9D64F27D2AD4100E63CD2 /* Assets.xcassets in Resources */,
			);
			runOnlyForDeploymentPostprocessing = 0;
		};
/* End PBXResourcesBuildPhase section */

/* Begin PBXShellScriptBuildPhase section */
		4AADD4E278259182B03373DE /* [CP] Embed Pods Frameworks */ = {
			isa = PBXShellScriptBuildPhase;
			buildActionMask = 2147483647;
			files = (
			);
			inputFileListPaths = (
				"${PODS_ROOT}/Target Support Files/Pods-Expense/Pods-Expense-frameworks-${CONFIGURATION}-input-files.xcfilelist",
			);
			name = "[CP] Embed Pods Frameworks";
			outputFileListPaths = (
				"${PODS_ROOT}/Target Support Files/Pods-Expense/Pods-Expense-frameworks-${CONFIGURATION}-output-files.xcfilelist",
			);
			runOnlyForDeploymentPostprocessing = 0;
			shellPath = /bin/sh;
			shellScript = "\"${PODS_ROOT}/Target Support Files/Pods-Expense/Pods-Expense-frameworks.sh\"\n";
			showEnvVarsInLog = 0;
		};
		678C0CB9B2C81A33521358D8 /* [CP] Check Pods Manifest.lock */ = {
			isa = PBXShellScriptBuildPhase;
			buildActionMask = 2147483647;
			files = (
			);
			inputFileListPaths = (
			);
			inputPaths = (
				"${PODS_PODFILE_DIR_PATH}/Podfile.lock",
				"${PODS_ROOT}/Manifest.lock",
			);
			name = "[CP] Check Pods Manifest.lock";
			outputFileListPaths = (
			);
			outputPaths = (
				"$(DERIVED_FILE_DIR)/Pods-Expense-checkManifestLockResult.txt",
			);
			runOnlyForDeploymentPostprocessing = 0;
			shellPath = /bin/sh;
			shellScript = "diff \"${PODS_PODFILE_DIR_PATH}/Podfile.lock\" \"${PODS_ROOT}/Manifest.lock\" > /dev/null\nif [ $? != 0 ] ; then\n    # print error to STDERR\n    echo \"error: The sandbox is not in sync with the Podfile.lock. Run 'pod install' or update your CocoaPods installation.\" >&2\n    exit 1\nfi\n# This output is used by Xcode 'outputs' to avoid re-running this script phase.\necho \"SUCCESS\" > \"${SCRIPT_OUTPUT_FILE_0}\"\n";
			showEnvVarsInLog = 0;
		};
/* End PBXShellScriptBuildPhase section */

/* Begin PBXSourcesBuildPhase section */
		F092599C2854F9A900C23B1B /* Sources */ = {
			isa = PBXSourcesBuildPhase;
			buildActionMask = 2147483647;
			files = (
				F09259A32854F9A900C23B1B /* ExpenseTests.swift in Sources */,
			);
			runOnlyForDeploymentPostprocessing = 0;
		};
		F09259A92854F9B400C23B1B /* Sources */ = {
			isa = PBXSourcesBuildPhase;
			buildActionMask = 2147483647;
			files = (
				F09259B02854F9B400C23B1B /* ExpenseUITests.swift in Sources */,
				F09259B22854F9B400C23B1B /* ExpenseUITestsLaunchTests.swift in Sources */,
			);
			runOnlyForDeploymentPostprocessing = 0;
		};
		F0A9D63B27D2AD3E00E63CD2 /* Sources */ = {
			isa = PBXSourcesBuildPhase;
			buildActionMask = 2147483647;
			files = (
				F042C2B02866EC800002208F /* UserDefaultsContainer.swift in Sources */,
				F0F70A252864826D00656370 /* String.swift in Sources */,
				F0A453012867133D005B5450 /* Transaction+CoreDataProperties.swift in Sources */,
				F0A452D828670FA0005B5450 /* Settings.swift in Sources */,
				F042C2C12866F10C0002208F /* Icons.swift in Sources */,
				F0A453052867133D005B5450 /* Goal+CoreDataProperties.swift in Sources */,
				F0A453002867133D005B5450 /* Transaction+CoreDataClass.swift in Sources */,
				F0A453022867133D005B5450 /* Wallet+CoreDataClass.swift in Sources */,
				F0A452FE2867133D005B5450 /* Budget+CoreDataClass.swift in Sources */,
				F0A9D64D27D2AD3E00E63CD2 /* Expense.xcdatamodeld in Sources */,
				F042C2BD2866F0AA0002208F /* HistoryViewController.swift in Sources */,
				F0A452FF2867133D005B5450 /* Budget+CoreDataProperties.swift in Sources */,
				F0A453032867133D005B5450 /* Wallet+CoreDataProperties.swift in Sources */,
				F0F70A202864820000656370 /* Colors.swift in Sources */,
				F0A452FD2867133D005B5450 /* Category+CoreDataProperties.swift in Sources */,
				F0A9D64327D2AD3E00E63CD2 /* AppDelegate.swift in Sources */,
				F0F70A222864825700656370 /* Texts.swift in Sources */,
				F0A452FC2867133D005B5450 /* Category+CoreDataClass.swift in Sources */,
				F042C2BF2866F0CC0002208F /* AnalyticsViewController.swift in Sources */,
				F0A453042867133D005B5450 /* Goal+CoreDataClass.swift in Sources */,
				F042C2BB2866EFAD0002208F /* AppCoordinator.swift in Sources */,
				F042C2AE2866EC330002208F /* CoreDataManager.swift in Sources */,
				F0E89CC1285F11A800036575 /* HomeViewController.swift in Sources */,
			);
			runOnlyForDeploymentPostprocessing = 0;
		};
/* End PBXSourcesBuildPhase section */

/* Begin PBXTargetDependency section */
		F09259A52854F9A900C23B1B /* PBXTargetDependency */ = {
			isa = PBXTargetDependency;
			target = F0A9D63E27D2AD3E00E63CD2 /* Expense */;
			targetProxy = F09259A42854F9A900C23B1B /* PBXContainerItemProxy */;
		};
		F09259B42854F9B400C23B1B /* PBXTargetDependency */ = {
			isa = PBXTargetDependency;
			target = F0A9D63E27D2AD3E00E63CD2 /* Expense */;
			targetProxy = F09259B32854F9B400C23B1B /* PBXContainerItemProxy */;
		};
/* End PBXTargetDependency section */

/* Begin PBXVariantGroup section */
		F042C2B82866EDAA0002208F /* Localizable.strings */ = {
			isa = PBXVariantGroup;
			children = (
				F042C2B72866EDAA0002208F /* en */,
				F042C2B92866EDAC0002208F /* ru */,
			);
			name = Localizable.strings;
			sourceTree = "<group>";
		};
		F0A9D65027D2AD4100E63CD2 /* LaunchScreen.storyboard */ = {
			isa = PBXVariantGroup;
			children = (
				F0A9D65127D2AD4100E63CD2 /* Base */,
				F042C2B12866ED390002208F /* ru */,
			);
			name = LaunchScreen.storyboard;
			sourceTree = "<group>";
		};
/* End PBXVariantGroup section */

/* Begin XCBuildConfiguration section */
		F09259A62854F9A900C23B1B /* Debug */ = {
			isa = XCBuildConfiguration;
			buildSettings = {
				BUNDLE_LOADER = "$(TEST_HOST)";
				CODE_SIGN_STYLE = Automatic;
				CURRENT_PROJECT_VERSION = 1;
				DEVELOPMENT_TEAM = H8V3Y2JKY7;
				GENERATE_INFOPLIST_FILE = YES;
				IPHONEOS_DEPLOYMENT_TARGET = 15.5;
				MARKETING_VERSION = 1.0;
				PRODUCT_BUNDLE_IDENTIFIER = com.egbad.ExpenseTests;
				PRODUCT_NAME = "$(TARGET_NAME)";
				SWIFT_EMIT_LOC_STRINGS = NO;
				SWIFT_VERSION = 5.0;
				TARGETED_DEVICE_FAMILY = "1,2";
				TEST_HOST = "$(BUILT_PRODUCTS_DIR)/Expense.app/Expense";
			};
			name = Debug;
		};
		F09259A72854F9A900C23B1B /* Release */ = {
			isa = XCBuildConfiguration;
			buildSettings = {
				BUNDLE_LOADER = "$(TEST_HOST)";
				CODE_SIGN_STYLE = Automatic;
				CURRENT_PROJECT_VERSION = 1;
				DEVELOPMENT_TEAM = H8V3Y2JKY7;
				GENERATE_INFOPLIST_FILE = YES;
				IPHONEOS_DEPLOYMENT_TARGET = 15.5;
				MARKETING_VERSION = 1.0;
				PRODUCT_BUNDLE_IDENTIFIER = com.egbad.ExpenseTests;
				PRODUCT_NAME = "$(TARGET_NAME)";
				SWIFT_EMIT_LOC_STRINGS = NO;
				SWIFT_VERSION = 5.0;
				TARGETED_DEVICE_FAMILY = "1,2";
				TEST_HOST = "$(BUILT_PRODUCTS_DIR)/Expense.app/Expense";
			};
			name = Release;
		};
		F09259B62854F9B400C23B1B /* Debug */ = {
			isa = XCBuildConfiguration;
			buildSettings = {
				CODE_SIGN_STYLE = Automatic;
				CURRENT_PROJECT_VERSION = 1;
				DEVELOPMENT_TEAM = H8V3Y2JKY7;
				GENERATE_INFOPLIST_FILE = YES;
				IPHONEOS_DEPLOYMENT_TARGET = 15.5;
				MARKETING_VERSION = 1.0;
				PRODUCT_BUNDLE_IDENTIFIER = com.egbad.ExpenseUITests;
				PRODUCT_NAME = "$(TARGET_NAME)";
				SWIFT_EMIT_LOC_STRINGS = NO;
				SWIFT_VERSION = 5.0;
				TARGETED_DEVICE_FAMILY = "1,2";
				TEST_TARGET_NAME = Expense;
			};
			name = Debug;
		};
		F09259B72854F9B400C23B1B /* Release */ = {
			isa = XCBuildConfiguration;
			buildSettings = {
				CODE_SIGN_STYLE = Automatic;
				CURRENT_PROJECT_VERSION = 1;
				DEVELOPMENT_TEAM = H8V3Y2JKY7;
				GENERATE_INFOPLIST_FILE = YES;
				IPHONEOS_DEPLOYMENT_TARGET = 15.5;
				MARKETING_VERSION = 1.0;
				PRODUCT_BUNDLE_IDENTIFIER = com.egbad.ExpenseUITests;
				PRODUCT_NAME = "$(TARGET_NAME)";
				SWIFT_EMIT_LOC_STRINGS = NO;
				SWIFT_VERSION = 5.0;
				TARGETED_DEVICE_FAMILY = "1,2";
				TEST_TARGET_NAME = Expense;
			};
			name = Release;
		};
		F0A9D65427D2AD4200E63CD2 /* Debug */ = {
			isa = XCBuildConfiguration;
			buildSettings = {
				ALWAYS_SEARCH_USER_PATHS = NO;
				CLANG_ANALYZER_LOCALIZABILITY_NONLOCALIZED = YES;
				CLANG_ANALYZER_NONNULL = YES;
				CLANG_ANALYZER_NUMBER_OBJECT_CONVERSION = YES_AGGRESSIVE;
				CLANG_CXX_LANGUAGE_STANDARD = "gnu++17";
				CLANG_CXX_LIBRARY = "libc++";
				CLANG_ENABLE_MODULES = YES;
				CLANG_ENABLE_OBJC_ARC = YES;
				CLANG_ENABLE_OBJC_WEAK = YES;
				CLANG_WARN_BLOCK_CAPTURE_AUTORELEASING = YES;
				CLANG_WARN_BOOL_CONVERSION = YES;
				CLANG_WARN_COMMA = YES;
				CLANG_WARN_CONSTANT_CONVERSION = YES;
				CLANG_WARN_DEPRECATED_OBJC_IMPLEMENTATIONS = YES;
				CLANG_WARN_DIRECT_OBJC_ISA_USAGE = YES_ERROR;
				CLANG_WARN_DOCUMENTATION_COMMENTS = YES;
				CLANG_WARN_EMPTY_BODY = YES;
				CLANG_WARN_ENUM_CONVERSION = YES;
				CLANG_WARN_INFINITE_RECURSION = YES;
				CLANG_WARN_INT_CONVERSION = YES;
				CLANG_WARN_NON_LITERAL_NULL_CONVERSION = YES;
				CLANG_WARN_OBJC_IMPLICIT_RETAIN_SELF = YES;
				CLANG_WARN_OBJC_LITERAL_CONVERSION = YES;
				CLANG_WARN_OBJC_ROOT_CLASS = YES_ERROR;
				CLANG_WARN_QUOTED_INCLUDE_IN_FRAMEWORK_HEADER = YES;
				CLANG_WARN_RANGE_LOOP_ANALYSIS = YES;
				CLANG_WARN_STRICT_PROTOTYPES = YES;
				CLANG_WARN_SUSPICIOUS_MOVE = YES;
				CLANG_WARN_UNGUARDED_AVAILABILITY = YES_AGGRESSIVE;
				CLANG_WARN_UNREACHABLE_CODE = YES;
				CLANG_WARN__DUPLICATE_METHOD_MATCH = YES;
				COPY_PHASE_STRIP = NO;
				DEBUG_INFORMATION_FORMAT = dwarf;
				ENABLE_STRICT_OBJC_MSGSEND = YES;
				ENABLE_TESTABILITY = YES;
				GCC_C_LANGUAGE_STANDARD = gnu11;
				GCC_DYNAMIC_NO_PIC = NO;
				GCC_NO_COMMON_BLOCKS = YES;
				GCC_OPTIMIZATION_LEVEL = 0;
				GCC_PREPROCESSOR_DEFINITIONS = (
					"DEBUG=1",
					"$(inherited)",
				);
				GCC_WARN_64_TO_32_BIT_CONVERSION = YES;
				GCC_WARN_ABOUT_RETURN_TYPE = YES_ERROR;
				GCC_WARN_UNDECLARED_SELECTOR = YES;
				GCC_WARN_UNINITIALIZED_AUTOS = YES_AGGRESSIVE;
				GCC_WARN_UNUSED_FUNCTION = YES;
				GCC_WARN_UNUSED_VARIABLE = YES;
				IPHONEOS_DEPLOYMENT_TARGET = 12.0;
				MTL_ENABLE_DEBUG_INFO = INCLUDE_SOURCE;
				MTL_FAST_MATH = YES;
				ONLY_ACTIVE_ARCH = YES;
				SDKROOT = iphoneos;
				SWIFT_ACTIVE_COMPILATION_CONDITIONS = DEBUG;
				SWIFT_OPTIMIZATION_LEVEL = "-Onone";
			};
			name = Debug;
		};
		F0A9D65527D2AD4200E63CD2 /* Release */ = {
			isa = XCBuildConfiguration;
			buildSettings = {
				ALWAYS_SEARCH_USER_PATHS = NO;
				CLANG_ANALYZER_LOCALIZABILITY_NONLOCALIZED = YES;
				CLANG_ANALYZER_NONNULL = YES;
				CLANG_ANALYZER_NUMBER_OBJECT_CONVERSION = YES_AGGRESSIVE;
				CLANG_CXX_LANGUAGE_STANDARD = "gnu++17";
				CLANG_CXX_LIBRARY = "libc++";
				CLANG_ENABLE_MODULES = YES;
				CLANG_ENABLE_OBJC_ARC = YES;
				CLANG_ENABLE_OBJC_WEAK = YES;
				CLANG_WARN_BLOCK_CAPTURE_AUTORELEASING = YES;
				CLANG_WARN_BOOL_CONVERSION = YES;
				CLANG_WARN_COMMA = YES;
				CLANG_WARN_CONSTANT_CONVERSION = YES;
				CLANG_WARN_DEPRECATED_OBJC_IMPLEMENTATIONS = YES;
				CLANG_WARN_DIRECT_OBJC_ISA_USAGE = YES_ERROR;
				CLANG_WARN_DOCUMENTATION_COMMENTS = YES;
				CLANG_WARN_EMPTY_BODY = YES;
				CLANG_WARN_ENUM_CONVERSION = YES;
				CLANG_WARN_INFINITE_RECURSION = YES;
				CLANG_WARN_INT_CONVERSION = YES;
				CLANG_WARN_NON_LITERAL_NULL_CONVERSION = YES;
				CLANG_WARN_OBJC_IMPLICIT_RETAIN_SELF = YES;
				CLANG_WARN_OBJC_LITERAL_CONVERSION = YES;
				CLANG_WARN_OBJC_ROOT_CLASS = YES_ERROR;
				CLANG_WARN_QUOTED_INCLUDE_IN_FRAMEWORK_HEADER = YES;
				CLANG_WARN_RANGE_LOOP_ANALYSIS = YES;
				CLANG_WARN_STRICT_PROTOTYPES = YES;
				CLANG_WARN_SUSPICIOUS_MOVE = YES;
				CLANG_WARN_UNGUARDED_AVAILABILITY = YES_AGGRESSIVE;
				CLANG_WARN_UNREACHABLE_CODE = YES;
				CLANG_WARN__DUPLICATE_METHOD_MATCH = YES;
				COPY_PHASE_STRIP = NO;
				DEBUG_INFORMATION_FORMAT = "dwarf-with-dsym";
				ENABLE_NS_ASSERTIONS = NO;
				ENABLE_STRICT_OBJC_MSGSEND = YES;
				GCC_C_LANGUAGE_STANDARD = gnu11;
				GCC_NO_COMMON_BLOCKS = YES;
				GCC_WARN_64_TO_32_BIT_CONVERSION = YES;
				GCC_WARN_ABOUT_RETURN_TYPE = YES_ERROR;
				GCC_WARN_UNDECLARED_SELECTOR = YES;
				GCC_WARN_UNINITIALIZED_AUTOS = YES_AGGRESSIVE;
				GCC_WARN_UNUSED_FUNCTION = YES;
				GCC_WARN_UNUSED_VARIABLE = YES;
				IPHONEOS_DEPLOYMENT_TARGET = 12.0;
				MTL_ENABLE_DEBUG_INFO = NO;
				MTL_FAST_MATH = YES;
				SDKROOT = iphoneos;
				SWIFT_COMPILATION_MODE = wholemodule;
				SWIFT_OPTIMIZATION_LEVEL = "-O";
				VALIDATE_PRODUCT = YES;
			};
			name = Release;
		};
		F0A9D65727D2AD4200E63CD2 /* Debug */ = {
			isa = XCBuildConfiguration;
			baseConfigurationReference = C431E4C5CE2D124CE97E150C /* Pods-Expense.debug.xcconfig */;
			buildSettings = {
				ASSETCATALOG_COMPILER_APPICON_NAME = AppIcon;
				ASSETCATALOG_COMPILER_GLOBAL_ACCENT_COLOR_NAME = AccentColor;
				CODE_SIGN_STYLE = Automatic;
				CURRENT_PROJECT_VERSION = 1;
				DEVELOPMENT_TEAM = H8V3Y2JKY7;
				GENERATE_INFOPLIST_FILE = YES;
				INFOPLIST_FILE = Expense/Resources/Info.plist;
				INFOPLIST_KEY_UIApplicationSupportsIndirectInputEvents = YES;
				INFOPLIST_KEY_UILaunchStoryboardName = LaunchScreen;
				INFOPLIST_KEY_UISupportedInterfaceOrientations_iPad = "UIInterfaceOrientationPortrait UIInterfaceOrientationPortraitUpsideDown UIInterfaceOrientationLandscapeLeft UIInterfaceOrientationLandscapeRight";
				INFOPLIST_KEY_UISupportedInterfaceOrientations_iPhone = "UIInterfaceOrientationPortrait UIInterfaceOrientationLandscapeLeft UIInterfaceOrientationLandscapeRight";
				IPHONEOS_DEPLOYMENT_TARGET = 12.0;
				LD_RUNPATH_SEARCH_PATHS = (
					"$(inherited)",
					"@executable_path/Frameworks",
				);
				MARKETING_VERSION = 1.0;
				PRODUCT_BUNDLE_IDENTIFIER = com.egbad.Expense;
				PRODUCT_NAME = "$(TARGET_NAME)";
				SWIFT_EMIT_LOC_STRINGS = YES;
				SWIFT_VERSION = 5.0;
				TARGETED_DEVICE_FAMILY = 1;
			};
			name = Debug;
		};
		F0A9D65827D2AD4200E63CD2 /* Release */ = {
			isa = XCBuildConfiguration;
			baseConfigurationReference = 3383092DE6613391D227F52E /* Pods-Expense.release.xcconfig */;
			buildSettings = {
				ASSETCATALOG_COMPILER_APPICON_NAME = AppIcon;
				ASSETCATALOG_COMPILER_GLOBAL_ACCENT_COLOR_NAME = AccentColor;
				CODE_SIGN_STYLE = Automatic;
				CURRENT_PROJECT_VERSION = 1;
				DEVELOPMENT_TEAM = H8V3Y2JKY7;
				GENERATE_INFOPLIST_FILE = YES;
				INFOPLIST_FILE = Expense/Resources/Info.plist;
				INFOPLIST_KEY_UIApplicationSupportsIndirectInputEvents = YES;
				INFOPLIST_KEY_UILaunchStoryboardName = LaunchScreen;
				INFOPLIST_KEY_UISupportedInterfaceOrientations_iPad = "UIInterfaceOrientationPortrait UIInterfaceOrientationPortraitUpsideDown UIInterfaceOrientationLandscapeLeft UIInterfaceOrientationLandscapeRight";
				INFOPLIST_KEY_UISupportedInterfaceOrientations_iPhone = "UIInterfaceOrientationPortrait UIInterfaceOrientationLandscapeLeft UIInterfaceOrientationLandscapeRight";
				IPHONEOS_DEPLOYMENT_TARGET = 12.0;
				LD_RUNPATH_SEARCH_PATHS = (
					"$(inherited)",
					"@executable_path/Frameworks",
				);
				MARKETING_VERSION = 1.0;
				PRODUCT_BUNDLE_IDENTIFIER = com.egbad.Expense;
				PRODUCT_NAME = "$(TARGET_NAME)";
				SWIFT_EMIT_LOC_STRINGS = YES;
				SWIFT_VERSION = 5.0;
				TARGETED_DEVICE_FAMILY = 1;
			};
			name = Release;
		};
/* End XCBuildConfiguration section */

/* Begin XCConfigurationList section */
		F09259A82854F9A900C23B1B /* Build configuration list for PBXNativeTarget "ExpenseTests" */ = {
			isa = XCConfigurationList;
			buildConfigurations = (
				F09259A62854F9A900C23B1B /* Debug */,
				F09259A72854F9A900C23B1B /* Release */,
			);
			defaultConfigurationIsVisible = 0;
			defaultConfigurationName = Release;
		};
		F09259B52854F9B400C23B1B /* Build configuration list for PBXNativeTarget "ExpenseUITests" */ = {
			isa = XCConfigurationList;
			buildConfigurations = (
				F09259B62854F9B400C23B1B /* Debug */,
				F09259B72854F9B400C23B1B /* Release */,
			);
			defaultConfigurationIsVisible = 0;
			defaultConfigurationName = Release;
		};
		F0A9D63A27D2AD3E00E63CD2 /* Build configuration list for PBXProject "Expense" */ = {
			isa = XCConfigurationList;
			buildConfigurations = (
				F0A9D65427D2AD4200E63CD2 /* Debug */,
				F0A9D65527D2AD4200E63CD2 /* Release */,
			);
			defaultConfigurationIsVisible = 0;
			defaultConfigurationName = Release;
		};
		F0A9D65627D2AD4200E63CD2 /* Build configuration list for PBXNativeTarget "Expense" */ = {
			isa = XCConfigurationList;
			buildConfigurations = (
				F0A9D65727D2AD4200E63CD2 /* Debug */,
				F0A9D65827D2AD4200E63CD2 /* Release */,
			);
			defaultConfigurationIsVisible = 0;
			defaultConfigurationName = Release;
		};
/* End XCConfigurationList section */

/* Begin XCVersionGroup section */
		F0A9D64B27D2AD3E00E63CD2 /* Expense.xcdatamodeld */ = {
			isa = XCVersionGroup;
			children = (
				F0A9D64C27D2AD3E00E63CD2 /* Expense.xcdatamodel */,
			);
			currentVersion = F0A9D64C27D2AD3E00E63CD2 /* Expense.xcdatamodel */;
			path = Expense.xcdatamodeld;
			sourceTree = "<group>";
			versionGroupType = wrapper.xcdatamodel;
		};
/* End XCVersionGroup section */
	};
	rootObject = F0A9D63727D2AD3E00E63CD2 /* Project object */;
}
