// !$*UTF8*$!
{
	archiveVersion = 1;
	classes = {
	};
	objectVersion = 55;
	objects = {

/* Begin PBXBuildFile section */
		4A1E6CB75742E45325C515E3 /* Pods_Expense.framework in Frameworks */ = {isa = PBXBuildFile; fileRef = 35723E1809BBAFF0700B9B48 /* Pods_Expense.framework */; };
		F007E563286B7DC50073C74D /* Budget+CoreDataClass.swift in Sources */ = {isa = PBXBuildFile; fileRef = F007E559286B7DC40073C74D /* Budget+CoreDataClass.swift */; };
		F007E564286B7DC50073C74D /* Budget+CoreDataProperties.swift in Sources */ = {isa = PBXBuildFile; fileRef = F007E55A286B7DC40073C74D /* Budget+CoreDataProperties.swift */; };
		F007E565286B7DC50073C74D /* Goal+CoreDataClass.swift in Sources */ = {isa = PBXBuildFile; fileRef = F007E55B286B7DC40073C74D /* Goal+CoreDataClass.swift */; };
		F007E566286B7DC50073C74D /* Goal+CoreDataProperties.swift in Sources */ = {isa = PBXBuildFile; fileRef = F007E55C286B7DC40073C74D /* Goal+CoreDataProperties.swift */; };
		F007E567286B7DC50073C74D /* Transaction+CoreDataClass.swift in Sources */ = {isa = PBXBuildFile; fileRef = F007E55D286B7DC40073C74D /* Transaction+CoreDataClass.swift */; };
		F007E568286B7DC50073C74D /* Transaction+CoreDataProperties.swift in Sources */ = {isa = PBXBuildFile; fileRef = F007E55E286B7DC50073C74D /* Transaction+CoreDataProperties.swift */; };
		F007E569286B7DC50073C74D /* Category+CoreDataClass.swift in Sources */ = {isa = PBXBuildFile; fileRef = F007E55F286B7DC50073C74D /* Category+CoreDataClass.swift */; };
		F007E56A286B7DC50073C74D /* Category+CoreDataProperties.swift in Sources */ = {isa = PBXBuildFile; fileRef = F007E560286B7DC50073C74D /* Category+CoreDataProperties.swift */; };
		F007E56F286B7DFE0073C74D /* Account+CoreDataClass.swift in Sources */ = {isa = PBXBuildFile; fileRef = F007E56D286B7DFE0073C74D /* Account+CoreDataClass.swift */; };
		F007E570286B7DFE0073C74D /* Account+CoreDataProperties.swift in Sources */ = {isa = PBXBuildFile; fileRef = F007E56E286B7DFE0073C74D /* Account+CoreDataProperties.swift */; };
		F007E572286B80010073C74D /* CategoryInfo.swift in Sources */ = {isa = PBXBuildFile; fileRef = F007E571286B80000073C74D /* CategoryInfo.swift */; };
		F010E9C32871972000AFD1D0 /* TitleLabel.swift in Sources */ = {isa = PBXBuildFile; fileRef = F010E9C22871972000AFD1D0 /* TitleLabel.swift */; };
		F01510BF2872E7AC00B858BC /* SettingsViewController.swift in Sources */ = {isa = PBXBuildFile; fileRef = F01510BE2872E7AC00B858BC /* SettingsViewController.swift */; };
		F01510C12872E87E00B858BC /* ProfileTableViewCell.swift in Sources */ = {isa = PBXBuildFile; fileRef = F01510C02872E87E00B858BC /* ProfileTableViewCell.swift */; };
		F015354C286F0721001E1BBD /* HomeViewModel.swift in Sources */ = {isa = PBXBuildFile; fileRef = F015354B286F0721001E1BBD /* HomeViewModel.swift */; };
		F015354E286F0742001E1BBD /* AnalyticsViewModel.swift in Sources */ = {isa = PBXBuildFile; fileRef = F015354D286F0742001E1BBD /* AnalyticsViewModel.swift */; };
		F0205C5A287C2A4300104E2F /* AddTransactionViewController.swift in Sources */ = {isa = PBXBuildFile; fileRef = F0205C59287C2A4300104E2F /* AddTransactionViewController.swift */; };
		F0205C5C287C2A5200104E2F /* AddTransactionViewModel.swift in Sources */ = {isa = PBXBuildFile; fileRef = F0205C5B287C2A5200104E2F /* AddTransactionViewModel.swift */; };
		F035F59628757D660041AF84 /* UIView.swift in Sources */ = {isa = PBXBuildFile; fileRef = F035F59528757D660041AF84 /* UIView.swift */; };
		F035F5BC28757E4A0041AF84 /* EmojiPickerViewModel.swift in Sources */ = {isa = PBXBuildFile; fileRef = F035F59928757E4A0041AF84 /* EmojiPickerViewModel.swift */; };
		F035F5BD28757E4A0041AF84 /* Unicode 5.swift in Sources */ = {isa = PBXBuildFile; fileRef = F035F59C28757E4A0041AF84 /* Unicode 5.swift */; };
		F035F5BE28757E4A0041AF84 /* Unicode 13v1.swift in Sources */ = {isa = PBXBuildFile; fileRef = F035F59D28757E4A0041AF84 /* Unicode 13v1.swift */; };
		F035F5BF28757E4A0041AF84 /* Unicode 14.swift in Sources */ = {isa = PBXBuildFile; fileRef = F035F59E28757E4A0041AF84 /* Unicode 14.swift */; };
		F035F5C028757E4A0041AF84 /* Unicode 12.swift in Sources */ = {isa = PBXBuildFile; fileRef = F035F59F28757E4A0041AF84 /* Unicode 12.swift */; };
		F035F5C128757E4A0041AF84 /* Unicode 13.swift in Sources */ = {isa = PBXBuildFile; fileRef = F035F5A028757E4A0041AF84 /* Unicode 13.swift */; };
		F035F5C228757E4A0041AF84 /* Unicode 11.swift in Sources */ = {isa = PBXBuildFile; fileRef = F035F5A128757E4A0041AF84 /* Unicode 11.swift */; };
		F035F5C328757E4A0041AF84 /* UIColor.swift in Sources */ = {isa = PBXBuildFile; fileRef = F035F5A328757E4A0041AF84 /* UIColor.swift */; };
		F035F5C528757E4A0041AF84 /* Array.swift in Sources */ = {isa = PBXBuildFile; fileRef = F035F5A528757E4A0041AF84 /* Array.swift */; };
		F035F5C728757E4A0041AF84 /* EmojiModel.swift in Sources */ = {isa = PBXBuildFile; fileRef = F035F5AB28757E4A0041AF84 /* EmojiModel.swift */; };
		F035F5C828757E4A0041AF84 /* PickerArrowDirectionMode.swift in Sources */ = {isa = PBXBuildFile; fileRef = F035F5AC28757E4A0041AF84 /* PickerArrowDirectionMode.swift */; };
		F035F5C928757E4A0041AF84 /* Observ.swift in Sources */ = {isa = PBXBuildFile; fileRef = F035F5AE28757E4A0041AF84 /* Observ.swift */; };
		F035F5CA28757E4A0041AF84 /* EmojiPickerViewController.swift in Sources */ = {isa = PBXBuildFile; fileRef = F035F5B028757E4A0041AF84 /* EmojiPickerViewController.swift */; };
		F035F5CB28757E4A0041AF84 /* EmojiCollectionViewCell.swift in Sources */ = {isa = PBXBuildFile; fileRef = F035F5B328757E4A0041AF84 /* EmojiCollectionViewCell.swift */; };
		F035F5CC28757E4A0041AF84 /* EmojiSectionHeader.swift in Sources */ = {isa = PBXBuildFile; fileRef = F035F5B528757E4A0041AF84 /* EmojiSectionHeader.swift */; };
		F035F5CD28757E4A0041AF84 /* EmojiCategoryIconView.swift in Sources */ = {isa = PBXBuildFile; fileRef = F035F5B728757E4A0041AF84 /* EmojiCategoryIconView.swift */; };
		F035F5CE28757E4A0041AF84 /* TouchableEmojiCategoryView.swift in Sources */ = {isa = PBXBuildFile; fileRef = F035F5B828757E4A0041AF84 /* TouchableEmojiCategoryView.swift */; };
		F035F5CF28757E4A0041AF84 /* EmojiPickerView.swift in Sources */ = {isa = PBXBuildFile; fileRef = F035F5B928757E4A0041AF84 /* EmojiPickerView.swift */; };
		F035F5D028757E4A0041AF84 /* UnicodeManager.swift in Sources */ = {isa = PBXBuildFile; fileRef = F035F5BB28757E4A0041AF84 /* UnicodeManager.swift */; };
		F042C2AE2866EC330002208F /* CoreDataManager.swift in Sources */ = {isa = PBXBuildFile; fileRef = F042C2AD2866EC330002208F /* CoreDataManager.swift */; };
		F042C2B02866EC800002208F /* UserDefaultsContainer.swift in Sources */ = {isa = PBXBuildFile; fileRef = F042C2AF2866EC800002208F /* UserDefaultsContainer.swift */; };
		F042C2B62866EDAA0002208F /* Localizable.strings in Resources */ = {isa = PBXBuildFile; fileRef = F042C2B82866EDAA0002208F /* Localizable.strings */; };
		F042C2BB2866EFAD0002208F /* AppCoordinator.swift in Sources */ = {isa = PBXBuildFile; fileRef = F042C2BA2866EFAD0002208F /* AppCoordinator.swift */; };
		F042C2BD2866F0AA0002208F /* HistoryViewController.swift in Sources */ = {isa = PBXBuildFile; fileRef = F042C2BC2866F0AA0002208F /* HistoryViewController.swift */; };
		F042C2BF2866F0CC0002208F /* AnalyticsViewController.swift in Sources */ = {isa = PBXBuildFile; fileRef = F042C2BE2866F0CC0002208F /* AnalyticsViewController.swift */; };
		F042C2C12866F10C0002208F /* Images.swift in Sources */ = {isa = PBXBuildFile; fileRef = F042C2C02866F10C0002208F /* Images.swift */; };
		F044C214287705D30029EA8E /* ProgressCollectionViewCell.swift in Sources */ = {isa = PBXBuildFile; fileRef = F044C213287705D30029EA8E /* ProgressCollectionViewCell.swift */; };
		F044C216287706270029EA8E /* CircularProgressView.swift in Sources */ = {isa = PBXBuildFile; fileRef = F044C215287706270029EA8E /* CircularProgressView.swift */; };
		F0479DB3287CC86D00011374 /* EmptyCollectionViewCell.swift in Sources */ = {isa = PBXBuildFile; fileRef = F0479DB2287CC86D00011374 /* EmptyCollectionViewCell.swift */; };
		F057E9E6286788D40083C003 /* TransactionInfo.swift in Sources */ = {isa = PBXBuildFile; fileRef = F057E9E5286788D40083C003 /* TransactionInfo.swift */; };
		F057E9E82867890E0083C003 /* Period.swift in Sources */ = {isa = PBXBuildFile; fileRef = F057E9E72867890E0083C003 /* Period.swift */; };
		F057E9EA28678B180083C003 /* AccountInfo.swift in Sources */ = {isa = PBXBuildFile; fileRef = F057E9E928678B180083C003 /* AccountInfo.swift */; };
		F057E9EC28678B4E0083C003 /* GoalInfo.swift in Sources */ = {isa = PBXBuildFile; fileRef = F057E9EB28678B4E0083C003 /* GoalInfo.swift */; };
		F057E9EE28678B680083C003 /* BudgetInfo.swift in Sources */ = {isa = PBXBuildFile; fileRef = F057E9ED28678B680083C003 /* BudgetInfo.swift */; };
		F06080F5286EDD3900782D99 /* Date.swift in Sources */ = {isa = PBXBuildFile; fileRef = F06080F4286EDD3900782D99 /* Date.swift */; };
		F06080F7286EE25A00782D99 /* HistoryViewModel.swift in Sources */ = {isa = PBXBuildFile; fileRef = F06080F6286EE25A00782D99 /* HistoryViewModel.swift */; };
		F060E27828762542006A87A9 /* SettingsCollectionViewCell.swift in Sources */ = {isa = PBXBuildFile; fileRef = F060E27728762542006A87A9 /* SettingsCollectionViewCell.swift */; };
		F0612D58286C67F2009B641A /* HistoryTableViewHeader.swift in Sources */ = {isa = PBXBuildFile; fileRef = F0612D57286C67F2009B641A /* HistoryTableViewHeader.swift */; };
		F0612D5A286C691C009B641A /* HistoryTableViewCell.swift in Sources */ = {isa = PBXBuildFile; fileRef = F0612D59286C691C009B641A /* HistoryTableViewCell.swift */; };
		F07286512876C6F700B93224 /* HomeCollectionViewHeader.swift in Sources */ = {isa = PBXBuildFile; fileRef = F07286502876C6F700B93224 /* HomeCollectionViewHeader.swift */; };
		F07286532876C8B200B93224 /* ChartsCollectionViewCell.swift in Sources */ = {isa = PBXBuildFile; fileRef = F07286522876C8B200B93224 /* ChartsCollectionViewCell.swift */; };
		F073DAE0287C930D00907507 /* Tagged.swift in Sources */ = {isa = PBXBuildFile; fileRef = F073DADF287C930D00907507 /* Tagged.swift */; };
		F07C251A2870E3310000021E /* SettingsTableViewCell.swift in Sources */ = {isa = PBXBuildFile; fileRef = F07C25192870E3310000021E /* SettingsTableViewCell.swift */; };
		F09259A32854F9A900C23B1B /* ExpenseTests.swift in Sources */ = {isa = PBXBuildFile; fileRef = F09259A22854F9A900C23B1B /* ExpenseTests.swift */; };
		F09259B02854F9B400C23B1B /* ExpenseUITests.swift in Sources */ = {isa = PBXBuildFile; fileRef = F09259AF2854F9B400C23B1B /* ExpenseUITests.swift */; };
		F09259B22854F9B400C23B1B /* ExpenseUITestsLaunchTests.swift in Sources */ = {isa = PBXBuildFile; fileRef = F09259B12854F9B400C23B1B /* ExpenseUITestsLaunchTests.swift */; };
		F0A12C09287C7CF400FC5CFD /* DailyBudgetViewModel.swift in Sources */ = {isa = PBXBuildFile; fileRef = F0A12C08287C7CF400FC5CFD /* DailyBudgetViewModel.swift */; };
		F0A12C0B287C7D0400FC5CFD /* DailyBudgetViewController.swift in Sources */ = {isa = PBXBuildFile; fileRef = F0A12C0A287C7D0400FC5CFD /* DailyBudgetViewController.swift */; };
		F0A452D828670FA0005B5450 /* Settings.swift in Sources */ = {isa = PBXBuildFile; fileRef = F0A452D728670FA0005B5450 /* Settings.swift */; };
		F0A9D64327D2AD3E00E63CD2 /* AppDelegate.swift in Sources */ = {isa = PBXBuildFile; fileRef = F0A9D64227D2AD3E00E63CD2 /* AppDelegate.swift */; };
		F0A9D64D27D2AD3E00E63CD2 /* Expense.xcdatamodeld in Sources */ = {isa = PBXBuildFile; fileRef = F0A9D64B27D2AD3E00E63CD2 /* Expense.xcdatamodeld */; };
		F0A9D64F27D2AD4100E63CD2 /* Assets.xcassets in Resources */ = {isa = PBXBuildFile; fileRef = F0A9D64E27D2AD4100E63CD2 /* Assets.xcassets */; };
		F0A9D65227D2AD4200E63CD2 /* LaunchScreen.storyboard in Resources */ = {isa = PBXBuildFile; fileRef = F0A9D65027D2AD4100E63CD2 /* LaunchScreen.storyboard */; };
		F0B270EE287D72BB00AC6DAE /* AccountCollectionViewCell.swift in Sources */ = {isa = PBXBuildFile; fileRef = F0B270ED287D72BB00AC6DAE /* AccountCollectionViewCell.swift */; };
		F0B270F0287D780300AC6DAE /* SubtitleLabel.swift in Sources */ = {isa = PBXBuildFile; fileRef = F0B270EF287D780300AC6DAE /* SubtitleLabel.swift */; };
		F0B6ABF2286FB07E00CB88C1 /* UIButton.swift in Sources */ = {isa = PBXBuildFile; fileRef = F0B6ABF1286FB07E00CB88C1 /* UIButton.swift */; };
		F0E35A01287E02070070B3EF /* Section.swift in Sources */ = {isa = PBXBuildFile; fileRef = F0E35A00287E02070070B3EF /* Section.swift */; };
		F0E35A03287E02350070B3EF /* AccountsSection.swift in Sources */ = {isa = PBXBuildFile; fileRef = F0E35A02287E02350070B3EF /* AccountsSection.swift */; };
		F0E35A05287E03380070B3EF /* ProgressSection.swift in Sources */ = {isa = PBXBuildFile; fileRef = F0E35A04287E03380070B3EF /* ProgressSection.swift */; };
		F0E35A07287E04290070B3EF /* MoreSection.swift in Sources */ = {isa = PBXBuildFile; fileRef = F0E35A06287E04290070B3EF /* MoreSection.swift */; };
		F0E35A09287E0A330070B3EF /* HeaderSection.swift in Sources */ = {isa = PBXBuildFile; fileRef = F0E35A08287E0A330070B3EF /* HeaderSection.swift */; };
		F0E89CC1285F11A800036575 /* HomeViewController.swift in Sources */ = {isa = PBXBuildFile; fileRef = F0E89CC0285F11A800036575 /* HomeViewController.swift */; };
		F0F70A222864825700656370 /* Texts.swift in Sources */ = {isa = PBXBuildFile; fileRef = F0F70A212864825700656370 /* Texts.swift */; };
		F0F70A252864826D00656370 /* String.swift in Sources */ = {isa = PBXBuildFile; fileRef = F0F70A242864826D00656370 /* String.swift */; };
/* End PBXBuildFile section */

/* Begin PBXContainerItemProxy section */
		F09259A42854F9A900C23B1B /* PBXContainerItemProxy */ = {
			isa = PBXContainerItemProxy;
			containerPortal = F0A9D63727D2AD3E00E63CD2 /* Project object */;
			proxyType = 1;
			remoteGlobalIDString = F0A9D63E27D2AD3E00E63CD2;
			remoteInfo = Expense;
		};
		F09259B32854F9B400C23B1B /* PBXContainerItemProxy */ = {
			isa = PBXContainerItemProxy;
			containerPortal = F0A9D63727D2AD3E00E63CD2 /* Project object */;
			proxyType = 1;
			remoteGlobalIDString = F0A9D63E27D2AD3E00E63CD2;
			remoteInfo = Expense;
		};
/* End PBXContainerItemProxy section */

/* Begin PBXFileReference section */
		3383092DE6613391D227F52E /* Pods-Expense.release.xcconfig */ = {isa = PBXFileReference; includeInIndex = 1; lastKnownFileType = text.xcconfig; name = "Pods-Expense.release.xcconfig"; path = "Target Support Files/Pods-Expense/Pods-Expense.release.xcconfig"; sourceTree = "<group>"; };
		35723E1809BBAFF0700B9B48 /* Pods_Expense.framework */ = {isa = PBXFileReference; explicitFileType = wrapper.framework; includeInIndex = 0; path = Pods_Expense.framework; sourceTree = BUILT_PRODUCTS_DIR; };
		C431E4C5CE2D124CE97E150C /* Pods-Expense.debug.xcconfig */ = {isa = PBXFileReference; includeInIndex = 1; lastKnownFileType = text.xcconfig; name = "Pods-Expense.debug.xcconfig"; path = "Target Support Files/Pods-Expense/Pods-Expense.debug.xcconfig"; sourceTree = "<group>"; };
		F007E559286B7DC40073C74D /* Budget+CoreDataClass.swift */ = {isa = PBXFileReference; lastKnownFileType = sourcecode.swift; path = "Budget+CoreDataClass.swift"; sourceTree = "<group>"; };
		F007E55A286B7DC40073C74D /* Budget+CoreDataProperties.swift */ = {isa = PBXFileReference; lastKnownFileType = sourcecode.swift; path = "Budget+CoreDataProperties.swift"; sourceTree = "<group>"; };
		F007E55B286B7DC40073C74D /* Goal+CoreDataClass.swift */ = {isa = PBXFileReference; lastKnownFileType = sourcecode.swift; path = "Goal+CoreDataClass.swift"; sourceTree = "<group>"; };
		F007E55C286B7DC40073C74D /* Goal+CoreDataProperties.swift */ = {isa = PBXFileReference; lastKnownFileType = sourcecode.swift; path = "Goal+CoreDataProperties.swift"; sourceTree = "<group>"; };
		F007E55D286B7DC40073C74D /* Transaction+CoreDataClass.swift */ = {isa = PBXFileReference; lastKnownFileType = sourcecode.swift; path = "Transaction+CoreDataClass.swift"; sourceTree = "<group>"; };
		F007E55E286B7DC50073C74D /* Transaction+CoreDataProperties.swift */ = {isa = PBXFileReference; lastKnownFileType = sourcecode.swift; path = "Transaction+CoreDataProperties.swift"; sourceTree = "<group>"; };
		F007E55F286B7DC50073C74D /* Category+CoreDataClass.swift */ = {isa = PBXFileReference; lastKnownFileType = sourcecode.swift; path = "Category+CoreDataClass.swift"; sourceTree = "<group>"; };
		F007E560286B7DC50073C74D /* Category+CoreDataProperties.swift */ = {isa = PBXFileReference; lastKnownFileType = sourcecode.swift; path = "Category+CoreDataProperties.swift"; sourceTree = "<group>"; };
		F007E56D286B7DFE0073C74D /* Account+CoreDataClass.swift */ = {isa = PBXFileReference; lastKnownFileType = sourcecode.swift; path = "Account+CoreDataClass.swift"; sourceTree = "<group>"; };
		F007E56E286B7DFE0073C74D /* Account+CoreDataProperties.swift */ = {isa = PBXFileReference; lastKnownFileType = sourcecode.swift; path = "Account+CoreDataProperties.swift"; sourceTree = "<group>"; };
		F007E571286B80000073C74D /* CategoryInfo.swift */ = {isa = PBXFileReference; lastKnownFileType = sourcecode.swift; path = CategoryInfo.swift; sourceTree = "<group>"; };
		F010E9C22871972000AFD1D0 /* TitleLabel.swift */ = {isa = PBXFileReference; lastKnownFileType = sourcecode.swift; path = TitleLabel.swift; sourceTree = "<group>"; };
		F01510BE2872E7AC00B858BC /* SettingsViewController.swift */ = {isa = PBXFileReference; lastKnownFileType = sourcecode.swift; path = SettingsViewController.swift; sourceTree = "<group>"; };
		F01510C02872E87E00B858BC /* ProfileTableViewCell.swift */ = {isa = PBXFileReference; lastKnownFileType = sourcecode.swift; path = ProfileTableViewCell.swift; sourceTree = "<group>"; };
		F015354B286F0721001E1BBD /* HomeViewModel.swift */ = {isa = PBXFileReference; lastKnownFileType = sourcecode.swift; path = HomeViewModel.swift; sourceTree = "<group>"; };
		F015354D286F0742001E1BBD /* AnalyticsViewModel.swift */ = {isa = PBXFileReference; lastKnownFileType = sourcecode.swift; path = AnalyticsViewModel.swift; sourceTree = "<group>"; };
		F0205C59287C2A4300104E2F /* AddTransactionViewController.swift */ = {isa = PBXFileReference; lastKnownFileType = sourcecode.swift; path = AddTransactionViewController.swift; sourceTree = "<group>"; };
		F0205C5B287C2A5200104E2F /* AddTransactionViewModel.swift */ = {isa = PBXFileReference; lastKnownFileType = sourcecode.swift; path = AddTransactionViewModel.swift; sourceTree = "<group>"; };
		F035F59528757D660041AF84 /* UIView.swift */ = {isa = PBXFileReference; lastKnownFileType = sourcecode.swift; path = UIView.swift; sourceTree = "<group>"; };
		F035F59928757E4A0041AF84 /* EmojiPickerViewModel.swift */ = {isa = PBXFileReference; fileEncoding = 4; lastKnownFileType = sourcecode.swift; path = EmojiPickerViewModel.swift; sourceTree = "<group>"; };
		F035F59C28757E4A0041AF84 /* Unicode 5.swift */ = {isa = PBXFileReference; fileEncoding = 4; lastKnownFileType = sourcecode.swift; path = "Unicode 5.swift"; sourceTree = "<group>"; };
		F035F59D28757E4A0041AF84 /* Unicode 13v1.swift */ = {isa = PBXFileReference; fileEncoding = 4; lastKnownFileType = sourcecode.swift; path = "Unicode 13v1.swift"; sourceTree = "<group>"; };
		F035F59E28757E4A0041AF84 /* Unicode 14.swift */ = {isa = PBXFileReference; fileEncoding = 4; lastKnownFileType = sourcecode.swift; path = "Unicode 14.swift"; sourceTree = "<group>"; };
		F035F59F28757E4A0041AF84 /* Unicode 12.swift */ = {isa = PBXFileReference; fileEncoding = 4; lastKnownFileType = sourcecode.swift; path = "Unicode 12.swift"; sourceTree = "<group>"; };
		F035F5A028757E4A0041AF84 /* Unicode 13.swift */ = {isa = PBXFileReference; fileEncoding = 4; lastKnownFileType = sourcecode.swift; path = "Unicode 13.swift"; sourceTree = "<group>"; };
		F035F5A128757E4A0041AF84 /* Unicode 11.swift */ = {isa = PBXFileReference; fileEncoding = 4; lastKnownFileType = sourcecode.swift; path = "Unicode 11.swift"; sourceTree = "<group>"; };
		F035F5A328757E4A0041AF84 /* UIColor.swift */ = {isa = PBXFileReference; fileEncoding = 4; lastKnownFileType = sourcecode.swift; path = UIColor.swift; sourceTree = "<group>"; };
		F035F5A528757E4A0041AF84 /* Array.swift */ = {isa = PBXFileReference; fileEncoding = 4; lastKnownFileType = sourcecode.swift; path = Array.swift; sourceTree = "<group>"; };
		F035F5AB28757E4A0041AF84 /* EmojiModel.swift */ = {isa = PBXFileReference; fileEncoding = 4; lastKnownFileType = sourcecode.swift; path = EmojiModel.swift; sourceTree = "<group>"; };
		F035F5AC28757E4A0041AF84 /* PickerArrowDirectionMode.swift */ = {isa = PBXFileReference; fileEncoding = 4; lastKnownFileType = sourcecode.swift; path = PickerArrowDirectionMode.swift; sourceTree = "<group>"; };
		F035F5AE28757E4A0041AF84 /* Observ.swift */ = {isa = PBXFileReference; fileEncoding = 4; lastKnownFileType = sourcecode.swift; path = Observ.swift; sourceTree = "<group>"; };
		F035F5B028757E4A0041AF84 /* EmojiPickerViewController.swift */ = {isa = PBXFileReference; fileEncoding = 4; lastKnownFileType = sourcecode.swift; path = EmojiPickerViewController.swift; sourceTree = "<group>"; };
		F035F5B328757E4A0041AF84 /* EmojiCollectionViewCell.swift */ = {isa = PBXFileReference; fileEncoding = 4; lastKnownFileType = sourcecode.swift; path = EmojiCollectionViewCell.swift; sourceTree = "<group>"; };
		F035F5B528757E4A0041AF84 /* EmojiSectionHeader.swift */ = {isa = PBXFileReference; fileEncoding = 4; lastKnownFileType = sourcecode.swift; path = EmojiSectionHeader.swift; sourceTree = "<group>"; };
		F035F5B728757E4A0041AF84 /* EmojiCategoryIconView.swift */ = {isa = PBXFileReference; fileEncoding = 4; lastKnownFileType = sourcecode.swift; path = EmojiCategoryIconView.swift; sourceTree = "<group>"; };
		F035F5B828757E4A0041AF84 /* TouchableEmojiCategoryView.swift */ = {isa = PBXFileReference; fileEncoding = 4; lastKnownFileType = sourcecode.swift; path = TouchableEmojiCategoryView.swift; sourceTree = "<group>"; };
		F035F5B928757E4A0041AF84 /* EmojiPickerView.swift */ = {isa = PBXFileReference; fileEncoding = 4; lastKnownFileType = sourcecode.swift; path = EmojiPickerView.swift; sourceTree = "<group>"; };
		F035F5BB28757E4A0041AF84 /* UnicodeManager.swift */ = {isa = PBXFileReference; fileEncoding = 4; lastKnownFileType = sourcecode.swift; path = UnicodeManager.swift; sourceTree = "<group>"; };
		F042C2AD2866EC330002208F /* CoreDataManager.swift */ = {isa = PBXFileReference; lastKnownFileType = sourcecode.swift; path = CoreDataManager.swift; sourceTree = "<group>"; };
		F042C2AF2866EC800002208F /* UserDefaultsContainer.swift */ = {isa = PBXFileReference; lastKnownFileType = sourcecode.swift; path = UserDefaultsContainer.swift; sourceTree = "<group>"; };
		F042C2B12866ED390002208F /* ru */ = {isa = PBXFileReference; lastKnownFileType = text.plist.strings; name = ru; path = ru.lproj/LaunchScreen.strings; sourceTree = "<group>"; };
		F042C2B72866EDAA0002208F /* en */ = {isa = PBXFileReference; lastKnownFileType = text.plist.strings; name = en; path = en.lproj/Localizable.strings; sourceTree = "<group>"; };
		F042C2B92866EDAC0002208F /* ru */ = {isa = PBXFileReference; lastKnownFileType = text.plist.strings; name = ru; path = ru.lproj/Localizable.strings; sourceTree = "<group>"; };
		F042C2BA2866EFAD0002208F /* AppCoordinator.swift */ = {isa = PBXFileReference; lastKnownFileType = sourcecode.swift; path = AppCoordinator.swift; sourceTree = "<group>"; };
		F042C2BC2866F0AA0002208F /* HistoryViewController.swift */ = {isa = PBXFileReference; lastKnownFileType = sourcecode.swift; path = HistoryViewController.swift; sourceTree = "<group>"; };
		F042C2BE2866F0CC0002208F /* AnalyticsViewController.swift */ = {isa = PBXFileReference; lastKnownFileType = sourcecode.swift; path = AnalyticsViewController.swift; sourceTree = "<group>"; };
		F042C2C02866F10C0002208F /* Images.swift */ = {isa = PBXFileReference; lastKnownFileType = sourcecode.swift; path = Images.swift; sourceTree = "<group>"; };
		F044C213287705D30029EA8E /* ProgressCollectionViewCell.swift */ = {isa = PBXFileReference; lastKnownFileType = sourcecode.swift; path = ProgressCollectionViewCell.swift; sourceTree = "<group>"; };
		F044C215287706270029EA8E /* CircularProgressView.swift */ = {isa = PBXFileReference; lastKnownFileType = sourcecode.swift; path = CircularProgressView.swift; sourceTree = "<group>"; };
		F0479DB2287CC86D00011374 /* EmptyCollectionViewCell.swift */ = {isa = PBXFileReference; lastKnownFileType = sourcecode.swift; path = EmptyCollectionViewCell.swift; sourceTree = "<group>"; };
		F057E9E5286788D40083C003 /* TransactionInfo.swift */ = {isa = PBXFileReference; lastKnownFileType = sourcecode.swift; path = TransactionInfo.swift; sourceTree = "<group>"; };
		F057E9E72867890E0083C003 /* Period.swift */ = {isa = PBXFileReference; lastKnownFileType = sourcecode.swift; path = Period.swift; sourceTree = "<group>"; };
		F057E9E928678B180083C003 /* AccountInfo.swift */ = {isa = PBXFileReference; lastKnownFileType = sourcecode.swift; path = AccountInfo.swift; sourceTree = "<group>"; };
		F057E9EB28678B4E0083C003 /* GoalInfo.swift */ = {isa = PBXFileReference; lastKnownFileType = sourcecode.swift; path = GoalInfo.swift; sourceTree = "<group>"; };
		F057E9ED28678B680083C003 /* BudgetInfo.swift */ = {isa = PBXFileReference; lastKnownFileType = sourcecode.swift; path = BudgetInfo.swift; sourceTree = "<group>"; };
		F06080F4286EDD3900782D99 /* Date.swift */ = {isa = PBXFileReference; lastKnownFileType = sourcecode.swift; path = Date.swift; sourceTree = "<group>"; };
		F06080F6286EE25A00782D99 /* HistoryViewModel.swift */ = {isa = PBXFileReference; lastKnownFileType = sourcecode.swift; path = HistoryViewModel.swift; sourceTree = "<group>"; };
		F060E27728762542006A87A9 /* SettingsCollectionViewCell.swift */ = {isa = PBXFileReference; lastKnownFileType = sourcecode.swift; path = SettingsCollectionViewCell.swift; sourceTree = "<group>"; };
		F0612D57286C67F2009B641A /* HistoryTableViewHeader.swift */ = {isa = PBXFileReference; lastKnownFileType = sourcecode.swift; path = HistoryTableViewHeader.swift; sourceTree = "<group>"; };
		F0612D59286C691C009B641A /* HistoryTableViewCell.swift */ = {isa = PBXFileReference; lastKnownFileType = sourcecode.swift; path = HistoryTableViewCell.swift; sourceTree = "<group>"; };
		F07286502876C6F700B93224 /* HomeCollectionViewHeader.swift */ = {isa = PBXFileReference; lastKnownFileType = sourcecode.swift; path = HomeCollectionViewHeader.swift; sourceTree = "<group>"; };
		F07286522876C8B200B93224 /* ChartsCollectionViewCell.swift */ = {isa = PBXFileReference; lastKnownFileType = sourcecode.swift; path = ChartsCollectionViewCell.swift; sourceTree = "<group>"; };
		F073DADF287C930D00907507 /* Tagged.swift */ = {isa = PBXFileReference; lastKnownFileType = sourcecode.swift; path = Tagged.swift; sourceTree = "<group>"; };
		F07C25192870E3310000021E /* SettingsTableViewCell.swift */ = {isa = PBXFileReference; lastKnownFileType = sourcecode.swift; path = SettingsTableViewCell.swift; sourceTree = "<group>"; };
		F09259A02854F9A900C23B1B /* ExpenseTests.xctest */ = {isa = PBXFileReference; explicitFileType = wrapper.cfbundle; includeInIndex = 0; path = ExpenseTests.xctest; sourceTree = BUILT_PRODUCTS_DIR; };
		F09259A22854F9A900C23B1B /* ExpenseTests.swift */ = {isa = PBXFileReference; lastKnownFileType = sourcecode.swift; path = ExpenseTests.swift; sourceTree = "<group>"; };
		F09259AD2854F9B400C23B1B /* ExpenseUITests.xctest */ = {isa = PBXFileReference; explicitFileType = wrapper.cfbundle; includeInIndex = 0; path = ExpenseUITests.xctest; sourceTree = BUILT_PRODUCTS_DIR; };
		F09259AF2854F9B400C23B1B /* ExpenseUITests.swift */ = {isa = PBXFileReference; lastKnownFileType = sourcecode.swift; path = ExpenseUITests.swift; sourceTree = "<group>"; };
		F09259B12854F9B400C23B1B /* ExpenseUITestsLaunchTests.swift */ = {isa = PBXFileReference; lastKnownFileType = sourcecode.swift; path = ExpenseUITestsLaunchTests.swift; sourceTree = "<group>"; };
		F0A12C08287C7CF400FC5CFD /* DailyBudgetViewModel.swift */ = {isa = PBXFileReference; lastKnownFileType = sourcecode.swift; path = DailyBudgetViewModel.swift; sourceTree = "<group>"; };
		F0A12C0A287C7D0400FC5CFD /* DailyBudgetViewController.swift */ = {isa = PBXFileReference; lastKnownFileType = sourcecode.swift; path = DailyBudgetViewController.swift; sourceTree = "<group>"; };
		F0A452D728670FA0005B5450 /* Settings.swift */ = {isa = PBXFileReference; lastKnownFileType = sourcecode.swift; path = Settings.swift; sourceTree = "<group>"; };
		F0A9D63F27D2AD3E00E63CD2 /* Expense.app */ = {isa = PBXFileReference; explicitFileType = wrapper.application; includeInIndex = 0; path = Expense.app; sourceTree = BUILT_PRODUCTS_DIR; };
		F0A9D64227D2AD3E00E63CD2 /* AppDelegate.swift */ = {isa = PBXFileReference; lastKnownFileType = sourcecode.swift; path = AppDelegate.swift; sourceTree = "<group>"; };
		F0A9D64C27D2AD3E00E63CD2 /* Expense.xcdatamodel */ = {isa = PBXFileReference; lastKnownFileType = wrapper.xcdatamodel; path = Expense.xcdatamodel; sourceTree = "<group>"; };
		F0A9D64E27D2AD4100E63CD2 /* Assets.xcassets */ = {isa = PBXFileReference; lastKnownFileType = folder.assetcatalog; path = Assets.xcassets; sourceTree = "<group>"; };
		F0A9D65127D2AD4100E63CD2 /* Base */ = {isa = PBXFileReference; lastKnownFileType = file.storyboard; name = Base; path = Base.lproj/LaunchScreen.storyboard; sourceTree = "<group>"; };
		F0A9D65327D2AD4200E63CD2 /* Info.plist */ = {isa = PBXFileReference; lastKnownFileType = text.plist.xml; path = Info.plist; sourceTree = "<group>"; };
		F0B270ED287D72BB00AC6DAE /* AccountCollectionViewCell.swift */ = {isa = PBXFileReference; lastKnownFileType = sourcecode.swift; path = AccountCollectionViewCell.swift; sourceTree = "<group>"; };
		F0B270EF287D780300AC6DAE /* SubtitleLabel.swift */ = {isa = PBXFileReference; lastKnownFileType = sourcecode.swift; path = SubtitleLabel.swift; sourceTree = "<group>"; };
		F0B6ABF1286FB07E00CB88C1 /* UIButton.swift */ = {isa = PBXFileReference; lastKnownFileType = sourcecode.swift; path = UIButton.swift; sourceTree = "<group>"; };
		F0E35A00287E02070070B3EF /* Section.swift */ = {isa = PBXFileReference; lastKnownFileType = sourcecode.swift; path = Section.swift; sourceTree = "<group>"; };
		F0E35A02287E02350070B3EF /* AccountsSection.swift */ = {isa = PBXFileReference; lastKnownFileType = sourcecode.swift; path = AccountsSection.swift; sourceTree = "<group>"; };
		F0E35A04287E03380070B3EF /* ProgressSection.swift */ = {isa = PBXFileReference; lastKnownFileType = sourcecode.swift; path = ProgressSection.swift; sourceTree = "<group>"; };
		F0E35A06287E04290070B3EF /* MoreSection.swift */ = {isa = PBXFileReference; lastKnownFileType = sourcecode.swift; path = MoreSection.swift; sourceTree = "<group>"; };
		F0E35A08287E0A330070B3EF /* HeaderSection.swift */ = {isa = PBXFileReference; lastKnownFileType = sourcecode.swift; path = HeaderSection.swift; sourceTree = "<group>"; };
		F0E89CC0285F11A800036575 /* HomeViewController.swift */ = {isa = PBXFileReference; lastKnownFileType = sourcecode.swift; path = HomeViewController.swift; sourceTree = "<group>"; };
		F0F70A212864825700656370 /* Texts.swift */ = {isa = PBXFileReference; lastKnownFileType = sourcecode.swift; path = Texts.swift; sourceTree = "<group>"; };
		F0F70A242864826D00656370 /* String.swift */ = {isa = PBXFileReference; lastKnownFileType = sourcecode.swift; path = String.swift; sourceTree = "<group>"; };
		F0FA87172854FA05005964EA /* README.md */ = {isa = PBXFileReference; lastKnownFileType = net.daringfireball.markdown; path = README.md; sourceTree = "<group>"; };
/* End PBXFileReference section */

/* Begin PBXFrameworksBuildPhase section */
		F092599D2854F9A900C23B1B /* Frameworks */ = {
			isa = PBXFrameworksBuildPhase;
			buildActionMask = 2147483647;
			files = (
			);
			runOnlyForDeploymentPostprocessing = 0;
		};
		F09259AA2854F9B400C23B1B /* Frameworks */ = {
			isa = PBXFrameworksBuildPhase;
			buildActionMask = 2147483647;
			files = (
			);
			runOnlyForDeploymentPostprocessing = 0;
		};
		F0A9D63C27D2AD3E00E63CD2 /* Frameworks */ = {
			isa = PBXFrameworksBuildPhase;
			buildActionMask = 2147483647;
			files = (
				4A1E6CB75742E45325C515E3 /* Pods_Expense.framework in Frameworks */,
			);
			runOnlyForDeploymentPostprocessing = 0;
		};
/* End PBXFrameworksBuildPhase section */

/* Begin PBXGroup section */
		34DDDC2FD5A8FFFF8941537E /* Frameworks */ = {
			isa = PBXGroup;
			children = (
				35723E1809BBAFF0700B9B48 /* Pods_Expense.framework */,
			);
			name = Frameworks;
			sourceTree = "<group>";
		};
		F007E558286B7DAD0073C74D /* CoreData */ = {
			isa = PBXGroup;
			children = (
				F007E56D286B7DFE0073C74D /* Account+CoreDataClass.swift */,
				F007E56E286B7DFE0073C74D /* Account+CoreDataProperties.swift */,
				F007E559286B7DC40073C74D /* Budget+CoreDataClass.swift */,
				F007E55A286B7DC40073C74D /* Budget+CoreDataProperties.swift */,
				F007E55B286B7DC40073C74D /* Goal+CoreDataClass.swift */,
				F007E55C286B7DC40073C74D /* Goal+CoreDataProperties.swift */,
				F007E55D286B7DC40073C74D /* Transaction+CoreDataClass.swift */,
				F007E55E286B7DC50073C74D /* Transaction+CoreDataProperties.swift */,
				F007E55F286B7DC50073C74D /* Category+CoreDataClass.swift */,
				F007E560286B7DC50073C74D /* Category+CoreDataProperties.swift */,
			);
			path = CoreData;
			sourceTree = "<group>";
		};
		F01510C22872EF5E00B858BC /* Submodules */ = {
			isa = PBXGroup;
			children = (
			);
			path = Submodules;
			sourceTree = "<group>";
		};
		F0205C58287C2A3100104E2F /* AddTransaction */ = {
			isa = PBXGroup;
			children = (
				F0205C5B287C2A5200104E2F /* AddTransactionViewModel.swift */,
				F0205C59287C2A4300104E2F /* AddTransactionViewController.swift */,
			);
			path = AddTransaction;
			sourceTree = "<group>";
		};
		F02BC8F7286A5F15009D2415 /* Data */ = {
			isa = PBXGroup;
			children = (
				F02BC8F8286A5F46009D2415 /* CoreData */,
				F02BC8F9286A5F4B009D2415 /* UserDefaults */,
			);
			path = Data;
			sourceTree = "<group>";
		};
		F02BC8F8286A5F46009D2415 /* CoreData */ = {
			isa = PBXGroup;
			children = (
				F042C2AD2866EC330002208F /* CoreDataManager.swift */,
				F0A9D64B27D2AD3E00E63CD2 /* Expense.xcdatamodeld */,
			);
			path = CoreData;
			sourceTree = "<group>";
		};
		F02BC8F9286A5F4B009D2415 /* UserDefaults */ = {
			isa = PBXGroup;
			children = (
				F042C2AF2866EC800002208F /* UserDefaultsContainer.swift */,
			);
			path = UserDefaults;
			sourceTree = "<group>";
		};
		F035F59728757E4A0041AF84 /* EmojiPicker */ = {
			isa = PBXGroup;
			children = (
				F035F59928757E4A0041AF84 /* EmojiPickerViewModel.swift */,
				F035F5AF28757E4A0041AF84 /* Views */,
				F035F5AA28757E4A0041AF84 /* Models */,
			);
			path = EmojiPicker;
			sourceTree = "<group>";
		};
		F035F59B28757E4A0041AF84 /* Unicode */ = {
			isa = PBXGroup;
			children = (
				F035F5A128757E4A0041AF84 /* Unicode 11.swift */,
				F035F59F28757E4A0041AF84 /* Unicode 12.swift */,
				F035F5A028757E4A0041AF84 /* Unicode 13.swift */,
				F035F59D28757E4A0041AF84 /* Unicode 13v1.swift */,
				F035F59E28757E4A0041AF84 /* Unicode 14.swift */,
				F035F59C28757E4A0041AF84 /* Unicode 5.swift */,
			);
			path = Unicode;
			sourceTree = "<group>";
		};
		F035F5AA28757E4A0041AF84 /* Models */ = {
			isa = PBXGroup;
			children = (
				F035F5AB28757E4A0041AF84 /* EmojiModel.swift */,
				F035F5AC28757E4A0041AF84 /* PickerArrowDirectionMode.swift */,
			);
			path = Models;
			sourceTree = "<group>";
		};
		F035F5AF28757E4A0041AF84 /* Views */ = {
			isa = PBXGroup;
			children = (
				F035F5B028757E4A0041AF84 /* EmojiPickerViewController.swift */,
				F035F5B928757E4A0041AF84 /* EmojiPickerView.swift */,
				F035F5B328757E4A0041AF84 /* EmojiCollectionViewCell.swift */,
				F035F5B528757E4A0041AF84 /* EmojiSectionHeader.swift */,
				F035F5B628757E4A0041AF84 /* EmojiCategoryView */,
			);
			path = Views;
			sourceTree = "<group>";
		};
		F035F5B628757E4A0041AF84 /* EmojiCategoryView */ = {
			isa = PBXGroup;
			children = (
				F035F5B728757E4A0041AF84 /* EmojiCategoryIconView.swift */,
				F035F5B828757E4A0041AF84 /* TouchableEmojiCategoryView.swift */,
			);
			path = EmojiCategoryView;
			sourceTree = "<group>";
		};
		F035F5BA28757E4A0041AF84 /* Services */ = {
			isa = PBXGroup;
			children = (
				F035F5BB28757E4A0041AF84 /* UnicodeManager.swift */,
			);
			path = Services;
			sourceTree = "<group>";
		};
		F0409B63286845D2006F2AFE /* Localization */ = {
			isa = PBXGroup;
			children = (
				F0F70A212864825700656370 /* Texts.swift */,
				F042C2B82866EDAA0002208F /* Localizable.strings */,
			);
			path = Localization;
			sourceTree = "<group>";
		};
		F0409B64286845DF006F2AFE /* Images */ = {
			isa = PBXGroup;
			children = (
				F042C2C02866F10C0002208F /* Images.swift */,
				F0A9D64E27D2AD4100E63CD2 /* Assets.xcassets */,
			);
			path = Images;
			sourceTree = "<group>";
		};
		F0479DB4287CC95A00011374 /* TransactionDetails */ = {
			isa = PBXGroup;
			children = (
			);
			path = TransactionDetails;
			sourceTree = "<group>";
		};
		F0612D50286C6463009B641A /* Foundation */ = {
			isa = PBXGroup;
			children = (
				F0F70A242864826D00656370 /* String.swift */,
				F06080F4286EDD3900782D99 /* Date.swift */,
				F035F5A528757E4A0041AF84 /* Array.swift */,
				F073DADF287C930D00907507 /* Tagged.swift */,
				F035F5AE28757E4A0041AF84 /* Observ.swift */,
			);
			path = Foundation;
			sourceTree = "<group>";
		};
		F0612D51286C6469009B641A /* UIKit */ = {
			isa = PBXGroup;
			children = (
				F035F59528757D660041AF84 /* UIView.swift */,
				F035F5A328757E4A0041AF84 /* UIColor.swift */,
				F0B6ABF1286FB07E00CB88C1 /* UIButton.swift */,
				F010E9C22871972000AFD1D0 /* TitleLabel.swift */,
				F0B270EF287D780300AC6DAE /* SubtitleLabel.swift */,
				F07286522876C8B200B93224 /* ChartsCollectionViewCell.swift */,
				F044C215287706270029EA8E /* CircularProgressView.swift */,
				F0E35A00287E02070070B3EF /* Section.swift */,
			);
			path = UIKit;
			sourceTree = "<group>";
		};
		F0612D52286C646F009B641A /* Rx */ = {
			isa = PBXGroup;
			children = (
			);
			path = Rx;
			sourceTree = "<group>";
		};
		F0612D53286C648A009B641A /* UseCases */ = {
			isa = PBXGroup;
			children = (
			);
			path = UseCases;
			sourceTree = "<group>";
		};
		F0612D54286C649A009B641A /* Domain */ = {
			isa = PBXGroup;
			children = (
				F0A452D528670F81005B5450 /* Entities */,
				F0612D53286C648A009B641A /* UseCases */,
			);
			path = Domain;
			sourceTree = "<group>";
		};
		F0612D56286C67A9009B641A /* Views */ = {
			isa = PBXGroup;
			children = (
				F042C2BC2866F0AA0002208F /* HistoryViewController.swift */,
				F0612D57286C67F2009B641A /* HistoryTableViewHeader.swift */,
				F0612D59286C691C009B641A /* HistoryTableViewCell.swift */,
			);
			path = Views;
			sourceTree = "<group>";
		};
		F07C25142870E1500000021E /* Views */ = {
			isa = PBXGroup;
			children = (
				F0E89CC0285F11A800036575 /* HomeViewController.swift */,
				F0E35A08287E0A330070B3EF /* HeaderSection.swift */,
				F07286502876C6F700B93224 /* HomeCollectionViewHeader.swift */,
				F0E35A02287E02350070B3EF /* AccountsSection.swift */,
				F0B270ED287D72BB00AC6DAE /* AccountCollectionViewCell.swift */,
				F0E35A04287E03380070B3EF /* ProgressSection.swift */,
				F044C213287705D30029EA8E /* ProgressCollectionViewCell.swift */,
				F0E35A06287E04290070B3EF /* MoreSection.swift */,
				F060E27728762542006A87A9 /* SettingsCollectionViewCell.swift */,
				F0479DB2287CC86D00011374 /* EmptyCollectionViewCell.swift */,
			);
			path = Views;
			sourceTree = "<group>";
		};
		F07C25172870E3050000021E /* Settings */ = {
			isa = PBXGroup;
			children = (
				F07C25182870E3170000021E /* Views */,
				F0A452D728670FA0005B5450 /* Settings.swift */,
				F01510C22872EF5E00B858BC /* Submodules */,
			);
			path = Settings;
			sourceTree = "<group>";
		};
		F07C25182870E3170000021E /* Views */ = {
			isa = PBXGroup;
			children = (
				F01510BE2872E7AC00B858BC /* SettingsViewController.swift */,
				F07C25192870E3310000021E /* SettingsTableViewCell.swift */,
				F01510C02872E87E00B858BC /* ProfileTableViewCell.swift */,
			);
			path = Views;
			sourceTree = "<group>";
		};
		F09259A12854F9A900C23B1B /* ExpenseTests */ = {
			isa = PBXGroup;
			children = (
				F09259A22854F9A900C23B1B /* ExpenseTests.swift */,
			);
			path = ExpenseTests;
			sourceTree = "<group>";
		};
		F09259AE2854F9B400C23B1B /* ExpenseUITests */ = {
			isa = PBXGroup;
			children = (
				F09259AF2854F9B400C23B1B /* ExpenseUITests.swift */,
				F09259B12854F9B400C23B1B /* ExpenseUITestsLaunchTests.swift */,
			);
			path = ExpenseUITests;
			sourceTree = "<group>";
		};
		F0A12C07287C7CDA00FC5CFD /* DailyBudget */ = {
			isa = PBXGroup;
			children = (
				F0A12C08287C7CF400FC5CFD /* DailyBudgetViewModel.swift */,
				F0A12C0A287C7D0400FC5CFD /* DailyBudgetViewController.swift */,
			);
			path = DailyBudget;
			sourceTree = "<group>";
		};
		F0A452D528670F81005B5450 /* Entities */ = {
			isa = PBXGroup;
			children = (
				F007E558286B7DAD0073C74D /* CoreData */,
				F057E9E72867890E0083C003 /* Period.swift */,
				F057E9E928678B180083C003 /* AccountInfo.swift */,
				F007E571286B80000073C74D /* CategoryInfo.swift */,
				F057E9E5286788D40083C003 /* TransactionInfo.swift */,
				F057E9EB28678B4E0083C003 /* GoalInfo.swift */,
				F057E9ED28678B680083C003 /* BudgetInfo.swift */,
			);
			path = Entities;
			sourceTree = "<group>";
		};
		F0A9D63627D2AD3E00E63CD2 = {
			isa = PBXGroup;
			children = (
				F0FA87172854FA05005964EA /* README.md */,
				F0A9D64127D2AD3E00E63CD2 /* Expense */,
				F09259A12854F9A900C23B1B /* ExpenseTests */,
				F09259AE2854F9B400C23B1B /* ExpenseUITests */,
				F0A9D64027D2AD3E00E63CD2 /* Products */,
				F6A39DB9D24881DA8336DDC5 /* Pods */,
				34DDDC2FD5A8FFFF8941537E /* Frameworks */,
			);
			sourceTree = "<group>";
		};
		F0A9D64027D2AD3E00E63CD2 /* Products */ = {
			isa = PBXGroup;
			children = (
				F0A9D63F27D2AD3E00E63CD2 /* Expense.app */,
				F09259A02854F9A900C23B1B /* ExpenseTests.xctest */,
				F09259AD2854F9B400C23B1B /* ExpenseUITests.xctest */,
			);
			name = Products;
			sourceTree = "<group>";
		};
		F0A9D64127D2AD3E00E63CD2 /* Expense */ = {
			isa = PBXGroup;
			children = (
				F0A9D65A27D2ADFE00E63CD2 /* Application */,
				F0F70A232864825E00656370 /* Common */,
				F02BC8F7286A5F15009D2415 /* Data */,
				F0612D54286C649A009B641A /* Domain */,
				F0E89CBD285F116700036575 /* Presentation */,
				F035F5BA28757E4A0041AF84 /* Services */,
				F0A9D65927D2AD7D00E63CD2 /* Resources */,
			);
			path = Expense;
			sourceTree = "<group>";
		};
		F0A9D65927D2AD7D00E63CD2 /* Resources */ = {
			isa = PBXGroup;
			children = (
				F0409B64286845DF006F2AFE /* Images */,
				F0409B63286845D2006F2AFE /* Localization */,
				F035F59B28757E4A0041AF84 /* Unicode */,
				F0A9D65027D2AD4100E63CD2 /* LaunchScreen.storyboard */,
				F0A9D65327D2AD4200E63CD2 /* Info.plist */,
			);
			path = Resources;
			sourceTree = "<group>";
		};
		F0A9D65A27D2ADFE00E63CD2 /* Application */ = {
			isa = PBXGroup;
			children = (
				F0A9D64227D2AD3E00E63CD2 /* AppDelegate.swift */,
				F042C2BA2866EFAD0002208F /* AppCoordinator.swift */,
			);
			path = Application;
			sourceTree = "<group>";
		};
		F0E89CBC285F115700036575 /* Home */ = {
			isa = PBXGroup;
			children = (
				F015354B286F0721001E1BBD /* HomeViewModel.swift */,
				F07C25142870E1500000021E /* Views */,
			);
			path = Home;
			sourceTree = "<group>";
		};
		F0E89CBD285F116700036575 /* Presentation */ = {
			isa = PBXGroup;
			children = (
				F0E89CBC285F115700036575 /* Home */,
				F0205C58287C2A3100104E2F /* AddTransaction */,
				F0A12C07287C7CDA00FC5CFD /* DailyBudget */,
				F0E89CBE285F117300036575 /* History */,
				F0479DB4287CC95A00011374 /* TransactionDetails */,
				F0E89CBF285F118400036575 /* Analytics */,
				F07C25172870E3050000021E /* Settings */,
				F035F59728757E4A0041AF84 /* EmojiPicker */,
			);
			path = Presentation;
			sourceTree = "<group>";
		};
		F0E89CBE285F117300036575 /* History */ = {
			isa = PBXGroup;
			children = (
				F06080F6286EE25A00782D99 /* HistoryViewModel.swift */,
				F0612D56286C67A9009B641A /* Views */,
			);
			path = History;
			sourceTree = "<group>";
		};
		F0E89CBF285F118400036575 /* Analytics */ = {
			isa = PBXGroup;
			children = (
				F015354D286F0742001E1BBD /* AnalyticsViewModel.swift */,
				F042C2BE2866F0CC0002208F /* AnalyticsViewController.swift */,
			);
			path = Analytics;
			sourceTree = "<group>";
		};
		F0F70A232864825E00656370 /* Common */ = {
			isa = PBXGroup;
			children = (
				F0612D50286C6463009B641A /* Foundation */,
				F0612D51286C6469009B641A /* UIKit */,
				F0612D52286C646F009B641A /* Rx */,
			);
			path = Common;
			sourceTree = "<group>";
		};
		F6A39DB9D24881DA8336DDC5 /* Pods */ = {
			isa = PBXGroup;
			children = (
				C431E4C5CE2D124CE97E150C /* Pods-Expense.debug.xcconfig */,
				3383092DE6613391D227F52E /* Pods-Expense.release.xcconfig */,
			);
			path = Pods;
			sourceTree = "<group>";
		};
/* End PBXGroup section */

/* Begin PBXNativeTarget section */
		F092599F2854F9A900C23B1B /* ExpenseTests */ = {
			isa = PBXNativeTarget;
			buildConfigurationList = F09259A82854F9A900C23B1B /* Build configuration list for PBXNativeTarget "ExpenseTests" */;
			buildPhases = (
				F092599C2854F9A900C23B1B /* Sources */,
				F092599D2854F9A900C23B1B /* Frameworks */,
				F092599E2854F9A900C23B1B /* Resources */,
			);
			buildRules = (
			);
			dependencies = (
				F09259A52854F9A900C23B1B /* PBXTargetDependency */,
			);
			name = ExpenseTests;
			productName = ExpenseTests;
			productReference = F09259A02854F9A900C23B1B /* ExpenseTests.xctest */;
			productType = "com.apple.product-type.bundle.unit-test";
		};
		F09259AC2854F9B400C23B1B /* ExpenseUITests */ = {
			isa = PBXNativeTarget;
			buildConfigurationList = F09259B52854F9B400C23B1B /* Build configuration list for PBXNativeTarget "ExpenseUITests" */;
			buildPhases = (
				F09259A92854F9B400C23B1B /* Sources */,
				F09259AA2854F9B400C23B1B /* Frameworks */,
				F09259AB2854F9B400C23B1B /* Resources */,
			);
			buildRules = (
			);
			dependencies = (
				F09259B42854F9B400C23B1B /* PBXTargetDependency */,
			);
			name = ExpenseUITests;
			productName = ExpenseUITests;
			productReference = F09259AD2854F9B400C23B1B /* ExpenseUITests.xctest */;
			productType = "com.apple.product-type.bundle.ui-testing";
		};
		F0A9D63E27D2AD3E00E63CD2 /* Expense */ = {
			isa = PBXNativeTarget;
			buildConfigurationList = F0A9D65627D2AD4200E63CD2 /* Build configuration list for PBXNativeTarget "Expense" */;
			buildPhases = (
				678C0CB9B2C81A33521358D8 /* [CP] Check Pods Manifest.lock */,
				F0A9D63B27D2AD3E00E63CD2 /* Sources */,
				F0A9D63C27D2AD3E00E63CD2 /* Frameworks */,
				F0A9D63D27D2AD3E00E63CD2 /* Resources */,
				4AADD4E278259182B03373DE /* [CP] Embed Pods Frameworks */,
			);
			buildRules = (
			);
			dependencies = (
			);
			name = Expense;
			productName = Expense;
			productReference = F0A9D63F27D2AD3E00E63CD2 /* Expense.app */;
			productType = "com.apple.product-type.application";
		};
/* End PBXNativeTarget section */

/* Begin PBXProject section */
		F0A9D63727D2AD3E00E63CD2 /* Project object */ = {
			isa = PBXProject;
			attributes = {
				BuildIndependentTargetsInParallel = 1;
				LastSwiftUpdateCheck = 1340;
				LastUpgradeCheck = 1320;
				TargetAttributes = {
					F092599F2854F9A900C23B1B = {
						CreatedOnToolsVersion = 13.4.1;
						TestTargetID = F0A9D63E27D2AD3E00E63CD2;
					};
					F09259AC2854F9B400C23B1B = {
						CreatedOnToolsVersion = 13.4.1;
						TestTargetID = F0A9D63E27D2AD3E00E63CD2;
					};
					F0A9D63E27D2AD3E00E63CD2 = {
						CreatedOnToolsVersion = 13.2.1;
					};
				};
			};
			buildConfigurationList = F0A9D63A27D2AD3E00E63CD2 /* Build configuration list for PBXProject "Expense" */;
			compatibilityVersion = "Xcode 13.0";
			developmentRegion = en;
			hasScannedForEncodings = 0;
			knownRegions = (
				en,
				Base,
				ru,
			);
			mainGroup = F0A9D63627D2AD3E00E63CD2;
			productRefGroup = F0A9D64027D2AD3E00E63CD2 /* Products */;
			projectDirPath = "";
			projectRoot = "";
			targets = (
				F0A9D63E27D2AD3E00E63CD2 /* Expense */,
				F092599F2854F9A900C23B1B /* ExpenseTests */,
				F09259AC2854F9B400C23B1B /* ExpenseUITests */,
			);
		};
/* End PBXProject section */

/* Begin PBXResourcesBuildPhase section */
		F092599E2854F9A900C23B1B /* Resources */ = {
			isa = PBXResourcesBuildPhase;
			buildActionMask = 2147483647;
			files = (
			);
			runOnlyForDeploymentPostprocessing = 0;
		};
		F09259AB2854F9B400C23B1B /* Resources */ = {
			isa = PBXResourcesBuildPhase;
			buildActionMask = 2147483647;
			files = (
			);
			runOnlyForDeploymentPostprocessing = 0;
		};
		F0A9D63D27D2AD3E00E63CD2 /* Resources */ = {
			isa = PBXResourcesBuildPhase;
			buildActionMask = 2147483647;
			files = (
				F0A9D65227D2AD4200E63CD2 /* LaunchScreen.storyboard in Resources */,
				F042C2B62866EDAA0002208F /* Localizable.strings in Resources */,
				F0A9D64F27D2AD4100E63CD2 /* Assets.xcassets in Resources */,
			);
			runOnlyForDeploymentPostprocessing = 0;
		};
/* End PBXResourcesBuildPhase section */

/* Begin PBXShellScriptBuildPhase section */
		4AADD4E278259182B03373DE /* [CP] Embed Pods Frameworks */ = {
			isa = PBXShellScriptBuildPhase;
			buildActionMask = 2147483647;
			files = (
			);
			inputFileListPaths = (
				"${PODS_ROOT}/Target Support Files/Pods-Expense/Pods-Expense-frameworks-${CONFIGURATION}-input-files.xcfilelist",
			);
			name = "[CP] Embed Pods Frameworks";
			outputFileListPaths = (
				"${PODS_ROOT}/Target Support Files/Pods-Expense/Pods-Expense-frameworks-${CONFIGURATION}-output-files.xcfilelist",
			);
			runOnlyForDeploymentPostprocessing = 0;
			shellPath = /bin/sh;
			shellScript = "\"${PODS_ROOT}/Target Support Files/Pods-Expense/Pods-Expense-frameworks.sh\"\n";
			showEnvVarsInLog = 0;
		};
		678C0CB9B2C81A33521358D8 /* [CP] Check Pods Manifest.lock */ = {
			isa = PBXShellScriptBuildPhase;
			buildActionMask = 2147483647;
			files = (
			);
			inputFileListPaths = (
			);
			inputPaths = (
				"${PODS_PODFILE_DIR_PATH}/Podfile.lock",
				"${PODS_ROOT}/Manifest.lock",
			);
			name = "[CP] Check Pods Manifest.lock";
			outputFileListPaths = (
			);
			outputPaths = (
				"$(DERIVED_FILE_DIR)/Pods-Expense-checkManifestLockResult.txt",
			);
			runOnlyForDeploymentPostprocessing = 0;
			shellPath = /bin/sh;
			shellScript = "diff \"${PODS_PODFILE_DIR_PATH}/Podfile.lock\" \"${PODS_ROOT}/Manifest.lock\" > /dev/null\nif [ $? != 0 ] ; then\n    # print error to STDERR\n    echo \"error: The sandbox is not in sync with the Podfile.lock. Run 'pod install' or update your CocoaPods installation.\" >&2\n    exit 1\nfi\n# This output is used by Xcode 'outputs' to avoid re-running this script phase.\necho \"SUCCESS\" > \"${SCRIPT_OUTPUT_FILE_0}\"\n";
			showEnvVarsInLog = 0;
		};
/* End PBXShellScriptBuildPhase section */

/* Begin PBXSourcesBuildPhase section */
		F092599C2854F9A900C23B1B /* Sources */ = {
			isa = PBXSourcesBuildPhase;
			buildActionMask = 2147483647;
			files = (
				F09259A32854F9A900C23B1B /* ExpenseTests.swift in Sources */,
			);
			runOnlyForDeploymentPostprocessing = 0;
		};
		F09259A92854F9B400C23B1B /* Sources */ = {
			isa = PBXSourcesBuildPhase;
			buildActionMask = 2147483647;
			files = (
				F09259B02854F9B400C23B1B /* ExpenseUITests.swift in Sources */,
				F09259B22854F9B400C23B1B /* ExpenseUITestsLaunchTests.swift in Sources */,
			);
			runOnlyForDeploymentPostprocessing = 0;
		};
		F0A9D63B27D2AD3E00E63CD2 /* Sources */ = {
			isa = PBXSourcesBuildPhase;
			buildActionMask = 2147483647;
			files = (
				F0479DB3287CC86D00011374 /* EmptyCollectionViewCell.swift in Sources */,
				F007E56F286B7DFE0073C74D /* Account+CoreDataClass.swift in Sources */,
				F015354C286F0721001E1BBD /* HomeViewModel.swift in Sources */,
				F042C2B02866EC800002208F /* UserDefaultsContainer.swift in Sources */,
				F0205C5A287C2A4300104E2F /* AddTransactionViewController.swift in Sources */,
				F015354E286F0742001E1BBD /* AnalyticsViewModel.swift in Sources */,
				F007E569286B7DC50073C74D /* Category+CoreDataClass.swift in Sources */,
				F035F5CC28757E4A0041AF84 /* EmojiSectionHeader.swift in Sources */,
				F0A12C09287C7CF400FC5CFD /* DailyBudgetViewModel.swift in Sources */,
				F035F5BE28757E4A0041AF84 /* Unicode 13v1.swift in Sources */,
				F057E9E6286788D40083C003 /* TransactionInfo.swift in Sources */,
				F007E567286B7DC50073C74D /* Transaction+CoreDataClass.swift in Sources */,
				F0F70A252864826D00656370 /* String.swift in Sources */,
				F035F5C328757E4A0041AF84 /* UIColor.swift in Sources */,
				F07C251A2870E3310000021E /* SettingsTableViewCell.swift in Sources */,
				F035F5C928757E4A0041AF84 /* Observ.swift in Sources */,
				F035F5C528757E4A0041AF84 /* Array.swift in Sources */,
				F0A12C0B287C7D0400FC5CFD /* DailyBudgetViewController.swift in Sources */,
				F035F59628757D660041AF84 /* UIView.swift in Sources */,
				F0612D5A286C691C009B641A /* HistoryTableViewCell.swift in Sources */,
				F0205C5C287C2A5200104E2F /* AddTransactionViewModel.swift in Sources */,
				F035F5CF28757E4A0041AF84 /* EmojiPickerView.swift in Sources */,
				F0612D58286C67F2009B641A /* HistoryTableViewHeader.swift in Sources */,
				F035F5BC28757E4A0041AF84 /* EmojiPickerViewModel.swift in Sources */,
				F0A452D828670FA0005B5450 /* Settings.swift in Sources */,
				F0E35A09287E0A330070B3EF /* HeaderSection.swift in Sources */,
				F035F5CA28757E4A0041AF84 /* EmojiPickerViewController.swift in Sources */,
				F007E563286B7DC50073C74D /* Budget+CoreDataClass.swift in Sources */,
				F035F5BF28757E4A0041AF84 /* Unicode 14.swift in Sources */,
				F007E566286B7DC50073C74D /* Goal+CoreDataProperties.swift in Sources */,
				F010E9C32871972000AFD1D0 /* TitleLabel.swift in Sources */,
				F035F5C728757E4A0041AF84 /* EmojiModel.swift in Sources */,
				F042C2C12866F10C0002208F /* Images.swift in Sources */,
				F035F5C028757E4A0041AF84 /* Unicode 12.swift in Sources */,
				F057E9EA28678B180083C003 /* AccountInfo.swift in Sources */,
				F060E27828762542006A87A9 /* SettingsCollectionViewCell.swift in Sources */,
				F035F5CE28757E4A0041AF84 /* TouchableEmojiCategoryView.swift in Sources */,
				F0B270F0287D780300AC6DAE /* SubtitleLabel.swift in Sources */,
				F007E570286B7DFE0073C74D /* Account+CoreDataProperties.swift in Sources */,
				F0B270EE287D72BB00AC6DAE /* AccountCollectionViewCell.swift in Sources */,
				F057E9EC28678B4E0083C003 /* GoalInfo.swift in Sources */,
				F0E35A01287E02070070B3EF /* Section.swift in Sources */,
				F035F5CD28757E4A0041AF84 /* EmojiCategoryIconView.swift in Sources */,
				F07286532876C8B200B93224 /* ChartsCollectionViewCell.swift in Sources */,
				F0E35A03287E02350070B3EF /* AccountsSection.swift in Sources */,
				F0E35A07287E04290070B3EF /* MoreSection.swift in Sources */,
				F06080F7286EE25A00782D99 /* HistoryViewModel.swift in Sources */,
				F035F5C828757E4A0041AF84 /* PickerArrowDirectionMode.swift in Sources */,
				F0A9D64D27D2AD3E00E63CD2 /* Expense.xcdatamodeld in Sources */,
				F057E9E82867890E0083C003 /* Period.swift in Sources */,
				F035F5C228757E4A0041AF84 /* Unicode 11.swift in Sources */,
				F073DAE0287C930D00907507 /* Tagged.swift in Sources */,
				F01510BF2872E7AC00B858BC /* SettingsViewController.swift in Sources */,
				F007E565286B7DC50073C74D /* Goal+CoreDataClass.swift in Sources */,
				F042C2BD2866F0AA0002208F /* HistoryViewController.swift in Sources */,
				F057E9EE28678B680083C003 /* BudgetInfo.swift in Sources */,
				F035F5D028757E4A0041AF84 /* UnicodeManager.swift in Sources */,
				F0A9D64327D2AD3E00E63CD2 /* AppDelegate.swift in Sources */,
				F044C214287705D30029EA8E /* ProgressCollectionViewCell.swift in Sources */,
				F007E572286B80010073C74D /* CategoryInfo.swift in Sources */,
				F0B6ABF2286FB07E00CB88C1 /* UIButton.swift in Sources */,
				F007E56A286B7DC50073C74D /* Category+CoreDataProperties.swift in Sources */,
				F0F70A222864825700656370 /* Texts.swift in Sources */,
				F07286512876C6F700B93224 /* HomeCollectionViewHeader.swift in Sources */,
				F035F5C128757E4A0041AF84 /* Unicode 13.swift in Sources */,
				F042C2BF2866F0CC0002208F /* AnalyticsViewController.swift in Sources */,
				F007E564286B7DC50073C74D /* Budget+CoreDataProperties.swift in Sources */,
				F042C2BB2866EFAD0002208F /* AppCoordinator.swift in Sources */,
				F035F5BD28757E4A0041AF84 /* Unicode 5.swift in Sources */,
				F06080F5286EDD3900782D99 /* Date.swift in Sources */,
				F007E568286B7DC50073C74D /* Transaction+CoreDataProperties.swift in Sources */,
				F0E35A05287E03380070B3EF /* ProgressSection.swift in Sources */,
				F042C2AE2866EC330002208F /* CoreDataManager.swift in Sources */,
				F01510C12872E87E00B858BC /* ProfileTableViewCell.swift in Sources */,
				F035F5CB28757E4A0041AF84 /* EmojiCollectionViewCell.swift in Sources */,
				F044C216287706270029EA8E /* CircularProgressView.swift in Sources */,
				F0E89CC1285F11A800036575 /* HomeViewController.swift in Sources */,
			);
			runOnlyForDeploymentPostprocessing = 0;
		};
/* End PBXSourcesBuildPhase section */

/* Begin PBXTargetDependency section */
		F09259A52854F9A900C23B1B /* PBXTargetDependency */ = {
			isa = PBXTargetDependency;
			target = F0A9D63E27D2AD3E00E63CD2 /* Expense */;
			targetProxy = F09259A42854F9A900C23B1B /* PBXContainerItemProxy */;
		};
		F09259B42854F9B400C23B1B /* PBXTargetDependency */ = {
			isa = PBXTargetDependency;
			target = F0A9D63E27D2AD3E00E63CD2 /* Expense */;
			targetProxy = F09259B32854F9B400C23B1B /* PBXContainerItemProxy */;
		};
/* End PBXTargetDependency section */

/* Begin PBXVariantGroup section */
		F042C2B82866EDAA0002208F /* Localizable.strings */ = {
			isa = PBXVariantGroup;
			children = (
				F042C2B72866EDAA0002208F /* en */,
				F042C2B92866EDAC0002208F /* ru */,
			);
			name = Localizable.strings;
			sourceTree = "<group>";
		};
		F0A9D65027D2AD4100E63CD2 /* LaunchScreen.storyboard */ = {
			isa = PBXVariantGroup;
			children = (
				F0A9D65127D2AD4100E63CD2 /* Base */,
				F042C2B12866ED390002208F /* ru */,
			);
			name = LaunchScreen.storyboard;
			sourceTree = "<group>";
		};
/* End PBXVariantGroup section */

/* Begin XCBuildConfiguration section */
		F09259A62854F9A900C23B1B /* Debug */ = {
			isa = XCBuildConfiguration;
			buildSettings = {
				BUNDLE_LOADER = "$(TEST_HOST)";
				CODE_SIGN_STYLE = Automatic;
				CURRENT_PROJECT_VERSION = 1;
				DEVELOPMENT_TEAM = H8V3Y2JKY7;
				GENERATE_INFOPLIST_FILE = YES;
				IPHONEOS_DEPLOYMENT_TARGET = 15.5;
				MARKETING_VERSION = 1.0;
				PRODUCT_BUNDLE_IDENTIFIER = com.egbad.ExpenseTests;
				PRODUCT_NAME = "$(TARGET_NAME)";
				SWIFT_EMIT_LOC_STRINGS = NO;
				SWIFT_VERSION = 5.0;
				TARGETED_DEVICE_FAMILY = "1,2";
				TEST_HOST = "$(BUILT_PRODUCTS_DIR)/Expense.app/Expense";
			};
			name = Debug;
		};
		F09259A72854F9A900C23B1B /* Release */ = {
			isa = XCBuildConfiguration;
			buildSettings = {
				BUNDLE_LOADER = "$(TEST_HOST)";
				CODE_SIGN_STYLE = Automatic;
				CURRENT_PROJECT_VERSION = 1;
				DEVELOPMENT_TEAM = H8V3Y2JKY7;
				GENERATE_INFOPLIST_FILE = YES;
				IPHONEOS_DEPLOYMENT_TARGET = 15.5;
				MARKETING_VERSION = 1.0;
				PRODUCT_BUNDLE_IDENTIFIER = com.egbad.ExpenseTests;
				PRODUCT_NAME = "$(TARGET_NAME)";
				SWIFT_EMIT_LOC_STRINGS = NO;
				SWIFT_VERSION = 5.0;
				TARGETED_DEVICE_FAMILY = "1,2";
				TEST_HOST = "$(BUILT_PRODUCTS_DIR)/Expense.app/Expense";
			};
			name = Release;
		};
		F09259B62854F9B400C23B1B /* Debug */ = {
			isa = XCBuildConfiguration;
			buildSettings = {
				CODE_SIGN_STYLE = Automatic;
				CURRENT_PROJECT_VERSION = 1;
				DEVELOPMENT_TEAM = H8V3Y2JKY7;
				GENERATE_INFOPLIST_FILE = YES;
				IPHONEOS_DEPLOYMENT_TARGET = 15.5;
				MARKETING_VERSION = 1.0;
				PRODUCT_BUNDLE_IDENTIFIER = com.egbad.ExpenseUITests;
				PRODUCT_NAME = "$(TARGET_NAME)";
				SWIFT_EMIT_LOC_STRINGS = NO;
				SWIFT_VERSION = 5.0;
				TARGETED_DEVICE_FAMILY = "1,2";
				TEST_TARGET_NAME = Expense;
			};
			name = Debug;
		};
		F09259B72854F9B400C23B1B /* Release */ = {
			isa = XCBuildConfiguration;
			buildSettings = {
				CODE_SIGN_STYLE = Automatic;
				CURRENT_PROJECT_VERSION = 1;
				DEVELOPMENT_TEAM = H8V3Y2JKY7;
				GENERATE_INFOPLIST_FILE = YES;
				IPHONEOS_DEPLOYMENT_TARGET = 15.5;
				MARKETING_VERSION = 1.0;
				PRODUCT_BUNDLE_IDENTIFIER = com.egbad.ExpenseUITests;
				PRODUCT_NAME = "$(TARGET_NAME)";
				SWIFT_EMIT_LOC_STRINGS = NO;
				SWIFT_VERSION = 5.0;
				TARGETED_DEVICE_FAMILY = "1,2";
				TEST_TARGET_NAME = Expense;
			};
			name = Release;
		};
		F0A9D65427D2AD4200E63CD2 /* Debug */ = {
			isa = XCBuildConfiguration;
			buildSettings = {
				ALWAYS_SEARCH_USER_PATHS = NO;
				CLANG_ANALYZER_LOCALIZABILITY_NONLOCALIZED = YES;
				CLANG_ANALYZER_NONNULL = YES;
				CLANG_ANALYZER_NUMBER_OBJECT_CONVERSION = YES_AGGRESSIVE;
				CLANG_CXX_LANGUAGE_STANDARD = "gnu++17";
				CLANG_CXX_LIBRARY = "libc++";
				CLANG_ENABLE_MODULES = YES;
				CLANG_ENABLE_OBJC_ARC = YES;
				CLANG_ENABLE_OBJC_WEAK = YES;
				CLANG_WARN_BLOCK_CAPTURE_AUTORELEASING = YES;
				CLANG_WARN_BOOL_CONVERSION = YES;
				CLANG_WARN_COMMA = YES;
				CLANG_WARN_CONSTANT_CONVERSION = YES;
				CLANG_WARN_DEPRECATED_OBJC_IMPLEMENTATIONS = YES;
				CLANG_WARN_DIRECT_OBJC_ISA_USAGE = YES_ERROR;
				CLANG_WARN_DOCUMENTATION_COMMENTS = YES;
				CLANG_WARN_EMPTY_BODY = YES;
				CLANG_WARN_ENUM_CONVERSION = YES;
				CLANG_WARN_INFINITE_RECURSION = YES;
				CLANG_WARN_INT_CONVERSION = YES;
				CLANG_WARN_NON_LITERAL_NULL_CONVERSION = YES;
				CLANG_WARN_OBJC_IMPLICIT_RETAIN_SELF = YES;
				CLANG_WARN_OBJC_LITERAL_CONVERSION = YES;
				CLANG_WARN_OBJC_ROOT_CLASS = YES_ERROR;
				CLANG_WARN_QUOTED_INCLUDE_IN_FRAMEWORK_HEADER = YES;
				CLANG_WARN_RANGE_LOOP_ANALYSIS = YES;
				CLANG_WARN_STRICT_PROTOTYPES = YES;
				CLANG_WARN_SUSPICIOUS_MOVE = YES;
				CLANG_WARN_UNGUARDED_AVAILABILITY = YES_AGGRESSIVE;
				CLANG_WARN_UNREACHABLE_CODE = YES;
				CLANG_WARN__DUPLICATE_METHOD_MATCH = YES;
				COPY_PHASE_STRIP = NO;
				DEBUG_INFORMATION_FORMAT = dwarf;
				ENABLE_STRICT_OBJC_MSGSEND = YES;
				ENABLE_TESTABILITY = YES;
				GCC_C_LANGUAGE_STANDARD = gnu11;
				GCC_DYNAMIC_NO_PIC = NO;
				GCC_NO_COMMON_BLOCKS = YES;
				GCC_OPTIMIZATION_LEVEL = 0;
				GCC_PREPROCESSOR_DEFINITIONS = (
					"DEBUG=1",
					"$(inherited)",
				);
				GCC_WARN_64_TO_32_BIT_CONVERSION = YES;
				GCC_WARN_ABOUT_RETURN_TYPE = YES_ERROR;
				GCC_WARN_UNDECLARED_SELECTOR = YES;
				GCC_WARN_UNINITIALIZED_AUTOS = YES_AGGRESSIVE;
				GCC_WARN_UNUSED_FUNCTION = YES;
				GCC_WARN_UNUSED_VARIABLE = YES;
				IPHONEOS_DEPLOYMENT_TARGET = 15.0;
				MTL_ENABLE_DEBUG_INFO = INCLUDE_SOURCE;
				MTL_FAST_MATH = YES;
				ONLY_ACTIVE_ARCH = YES;
				SDKROOT = iphoneos;
				SWIFT_ACTIVE_COMPILATION_CONDITIONS = DEBUG;
				SWIFT_OPTIMIZATION_LEVEL = "-Onone";
			};
			name = Debug;
		};
		F0A9D65527D2AD4200E63CD2 /* Release */ = {
			isa = XCBuildConfiguration;
			buildSettings = {
				ALWAYS_SEARCH_USER_PATHS = NO;
				CLANG_ANALYZER_LOCALIZABILITY_NONLOCALIZED = YES;
				CLANG_ANALYZER_NONNULL = YES;
				CLANG_ANALYZER_NUMBER_OBJECT_CONVERSION = YES_AGGRESSIVE;
				CLANG_CXX_LANGUAGE_STANDARD = "gnu++17";
				CLANG_CXX_LIBRARY = "libc++";
				CLANG_ENABLE_MODULES = YES;
				CLANG_ENABLE_OBJC_ARC = YES;
				CLANG_ENABLE_OBJC_WEAK = YES;
				CLANG_WARN_BLOCK_CAPTURE_AUTORELEASING = YES;
				CLANG_WARN_BOOL_CONVERSION = YES;
				CLANG_WARN_COMMA = YES;
				CLANG_WARN_CONSTANT_CONVERSION = YES;
				CLANG_WARN_DEPRECATED_OBJC_IMPLEMENTATIONS = YES;
				CLANG_WARN_DIRECT_OBJC_ISA_USAGE = YES_ERROR;
				CLANG_WARN_DOCUMENTATION_COMMENTS = YES;
				CLANG_WARN_EMPTY_BODY = YES;
				CLANG_WARN_ENUM_CONVERSION = YES;
				CLANG_WARN_INFINITE_RECURSION = YES;
				CLANG_WARN_INT_CONVERSION = YES;
				CLANG_WARN_NON_LITERAL_NULL_CONVERSION = YES;
				CLANG_WARN_OBJC_IMPLICIT_RETAIN_SELF = YES;
				CLANG_WARN_OBJC_LITERAL_CONVERSION = YES;
				CLANG_WARN_OBJC_ROOT_CLASS = YES_ERROR;
				CLANG_WARN_QUOTED_INCLUDE_IN_FRAMEWORK_HEADER = YES;
				CLANG_WARN_RANGE_LOOP_ANALYSIS = YES;
				CLANG_WARN_STRICT_PROTOTYPES = YES;
				CLANG_WARN_SUSPICIOUS_MOVE = YES;
				CLANG_WARN_UNGUARDED_AVAILABILITY = YES_AGGRESSIVE;
				CLANG_WARN_UNREACHABLE_CODE = YES;
				CLANG_WARN__DUPLICATE_METHOD_MATCH = YES;
				COPY_PHASE_STRIP = NO;
				DEBUG_INFORMATION_FORMAT = "dwarf-with-dsym";
				ENABLE_NS_ASSERTIONS = NO;
				ENABLE_STRICT_OBJC_MSGSEND = YES;
				GCC_C_LANGUAGE_STANDARD = gnu11;
				GCC_NO_COMMON_BLOCKS = YES;
				GCC_WARN_64_TO_32_BIT_CONVERSION = YES;
				GCC_WARN_ABOUT_RETURN_TYPE = YES_ERROR;
				GCC_WARN_UNDECLARED_SELECTOR = YES;
				GCC_WARN_UNINITIALIZED_AUTOS = YES_AGGRESSIVE;
				GCC_WARN_UNUSED_FUNCTION = YES;
				GCC_WARN_UNUSED_VARIABLE = YES;
				IPHONEOS_DEPLOYMENT_TARGET = 15.0;
				MTL_ENABLE_DEBUG_INFO = NO;
				MTL_FAST_MATH = YES;
				SDKROOT = iphoneos;
				SWIFT_COMPILATION_MODE = wholemodule;
				SWIFT_OPTIMIZATION_LEVEL = "-O";
				VALIDATE_PRODUCT = YES;
			};
			name = Release;
		};
		F0A9D65727D2AD4200E63CD2 /* Debug */ = {
			isa = XCBuildConfiguration;
			baseConfigurationReference = C431E4C5CE2D124CE97E150C /* Pods-Expense.debug.xcconfig */;
			buildSettings = {
				ASSETCATALOG_COMPILER_APPICON_NAME = AppIcon;
				ASSETCATALOG_COMPILER_GLOBAL_ACCENT_COLOR_NAME = AccentColor;
				CODE_SIGN_STYLE = Automatic;
				CURRENT_PROJECT_VERSION = 1;
				DEVELOPMENT_TEAM = H8V3Y2JKY7;
				GENERATE_INFOPLIST_FILE = YES;
				INFOPLIST_FILE = Expense/Resources/Info.plist;
				INFOPLIST_KEY_UIApplicationSupportsIndirectInputEvents = YES;
				INFOPLIST_KEY_UILaunchStoryboardName = LaunchScreen;
				INFOPLIST_KEY_UISupportedInterfaceOrientations = "UIInterfaceOrientationPortrait UIInterfaceOrientationPortraitUpsideDown";
				INFOPLIST_KEY_UISupportedInterfaceOrientations_iPad = "UIInterfaceOrientationPortrait UIInterfaceOrientationPortraitUpsideDown UIInterfaceOrientationLandscapeLeft UIInterfaceOrientationLandscapeRight";
				INFOPLIST_KEY_UISupportedInterfaceOrientations_iPhone = "UIInterfaceOrientationPortrait UIInterfaceOrientationLandscapeLeft UIInterfaceOrientationLandscapeRight";
				IPHONEOS_DEPLOYMENT_TARGET = 15.0;
				LD_RUNPATH_SEARCH_PATHS = (
					"$(inherited)",
					"@executable_path/Frameworks",
				);
				MARKETING_VERSION = 1.0;
				PRODUCT_BUNDLE_IDENTIFIER = com.egbad.Expense;
				PRODUCT_NAME = "$(TARGET_NAME)";
				SWIFT_EMIT_LOC_STRINGS = YES;
				SWIFT_VERSION = 5.0;
				TARGETED_DEVICE_FAMILY = 1;
			};
			name = Debug;
		};
		F0A9D65827D2AD4200E63CD2 /* Release */ = {
			isa = XCBuildConfiguration;
			baseConfigurationReference = 3383092DE6613391D227F52E /* Pods-Expense.release.xcconfig */;
			buildSettings = {
				ASSETCATALOG_COMPILER_APPICON_NAME = AppIcon;
				ASSETCATALOG_COMPILER_GLOBAL_ACCENT_COLOR_NAME = AccentColor;
				CODE_SIGN_STYLE = Automatic;
				CURRENT_PROJECT_VERSION = 1;
				DEVELOPMENT_TEAM = H8V3Y2JKY7;
				GENERATE_INFOPLIST_FILE = YES;
				INFOPLIST_FILE = Expense/Resources/Info.plist;
				INFOPLIST_KEY_UIApplicationSupportsIndirectInputEvents = YES;
				INFOPLIST_KEY_UILaunchStoryboardName = LaunchScreen;
				INFOPLIST_KEY_UISupportedInterfaceOrientations = "UIInterfaceOrientationPortrait UIInterfaceOrientationPortraitUpsideDown";
				INFOPLIST_KEY_UISupportedInterfaceOrientations_iPad = "UIInterfaceOrientationPortrait UIInterfaceOrientationPortraitUpsideDown UIInterfaceOrientationLandscapeLeft UIInterfaceOrientationLandscapeRight";
				INFOPLIST_KEY_UISupportedInterfaceOrientations_iPhone = "UIInterfaceOrientationPortrait UIInterfaceOrientationLandscapeLeft UIInterfaceOrientationLandscapeRight";
				IPHONEOS_DEPLOYMENT_TARGET = 15.0;
				LD_RUNPATH_SEARCH_PATHS = (
					"$(inherited)",
					"@executable_path/Frameworks",
				);
				MARKETING_VERSION = 1.0;
				PRODUCT_BUNDLE_IDENTIFIER = com.egbad.Expense;
				PRODUCT_NAME = "$(TARGET_NAME)";
				SWIFT_EMIT_LOC_STRINGS = YES;
				SWIFT_VERSION = 5.0;
				TARGETED_DEVICE_FAMILY = 1;
			};
			name = Release;
		};
/* End XCBuildConfiguration section */

/* Begin XCConfigurationList section */
		F09259A82854F9A900C23B1B /* Build configuration list for PBXNativeTarget "ExpenseTests" */ = {
			isa = XCConfigurationList;
			buildConfigurations = (
				F09259A62854F9A900C23B1B /* Debug */,
				F09259A72854F9A900C23B1B /* Release */,
			);
			defaultConfigurationIsVisible = 0;
			defaultConfigurationName = Release;
		};
		F09259B52854F9B400C23B1B /* Build configuration list for PBXNativeTarget "ExpenseUITests" */ = {
			isa = XCConfigurationList;
			buildConfigurations = (
				F09259B62854F9B400C23B1B /* Debug */,
				F09259B72854F9B400C23B1B /* Release */,
			);
			defaultConfigurationIsVisible = 0;
			defaultConfigurationName = Release;
		};
		F0A9D63A27D2AD3E00E63CD2 /* Build configuration list for PBXProject "Expense" */ = {
			isa = XCConfigurationList;
			buildConfigurations = (
				F0A9D65427D2AD4200E63CD2 /* Debug */,
				F0A9D65527D2AD4200E63CD2 /* Release */,
			);
			defaultConfigurationIsVisible = 0;
			defaultConfigurationName = Release;
		};
		F0A9D65627D2AD4200E63CD2 /* Build configuration list for PBXNativeTarget "Expense" */ = {
			isa = XCConfigurationList;
			buildConfigurations = (
				F0A9D65727D2AD4200E63CD2 /* Debug */,
				F0A9D65827D2AD4200E63CD2 /* Release */,
			);
			defaultConfigurationIsVisible = 0;
			defaultConfigurationName = Release;
		};
/* End XCConfigurationList section */

/* Begin XCVersionGroup section */
		F0A9D64B27D2AD3E00E63CD2 /* Expense.xcdatamodeld */ = {
			isa = XCVersionGroup;
			children = (
				F0A9D64C27D2AD3E00E63CD2 /* Expense.xcdatamodel */,
			);
			currentVersion = F0A9D64C27D2AD3E00E63CD2 /* Expense.xcdatamodel */;
			path = Expense.xcdatamodeld;
			sourceTree = "<group>";
			versionGroupType = wrapper.xcdatamodel;
		};
/* End XCVersionGroup section */
	};
	rootObject = F0A9D63727D2AD3E00E63CD2 /* Project object */;
}
